Microsoft Visual Studio Solution File, Format Version 10.00
# Visual Studio 2008
Project("{2150E333-8FDC-42A3-9474-1A3956D46DE8}") = "Definitions", "Definitions", "{01F3ED56-C896-409C-8464-DB82B3AF1364}"
	ProjectSection(SolutionItems) = preProject
		BUILD.txt = BUILD.txt
		CHANGES.txt = CHANGES.txt
		CONTRIBUTORS.txt = CONTRIBUTORS.txt
		LICENSE.rtf = LICENSE.rtf
		NOTICE.txt = NOTICE.txt
		..\README.txt = ..\README.txt
	EndProjectSection
EndProject
Project("{2150E333-8FDC-42A3-9474-1A3956D46DE8}") = "Implementation", "Implementation", "{9B380404-6594-4737-8518-291DEDEF3496}"
EndProject
Project("{2150E333-8FDC-42A3-9474-1A3956D46DE8}") = "Package", "Package", "{08FF496A-CD90-4B17-8FA0-F4CA88AB49D3}"
EndProject
Project("{FAE04EC0-301F-11D3-BF4B-00C04F79EFBC}") = "Ankh", "Ankh\Ankh.csproj", "{CE58AAC8-2271-4223-882F-0CD1A7105A52}"
	ProjectSection(ProjectDependencies) = postProject
		{A3248E1E-8272-4227-AF02-BB86040FBED9} = {A3248E1E-8272-4227-AF02-BB86040FBED9}
		{AC32DD7A-4FC3-42C5-AFA7-ADE81F13A6DE} = {AC32DD7A-4FC3-42C5-AFA7-ADE81F13A6DE}
	EndProjectSection
EndProject
Project("{FAE04EC0-301F-11D3-BF4B-00C04F79EFBC}") = "Utils", "Utils\Utils.csproj", "{A3248E1E-8272-4227-AF02-BB86040FBED9}"
EndProject
Project("{FAE04EC0-301F-11D3-BF4B-00C04F79EFBC}") = "Ankh.Tests", "Ankh.Tests\Ankh.Tests.csproj", "{1686CB0A-A3C2-4E39-9543-01B7D9CCD747}"
EndProject
Project("{FAE04EC0-301F-11D3-BF4B-00C04F79EFBC}") = "TestUtils", "TestUtils\TestUtils.csproj", "{874C0358-E7DD-42DA-BF07-58198B41FD25}"
EndProject
Project("{FAE04EC0-301F-11D3-BF4B-00C04F79EFBC}") = "Ankh.Ids", "Ankh.Ids\Ankh.Ids.csproj", "{61D343CF-77BA-4EF2-96F5-E0D4EFD04844}"
EndProject
Project("{930C7802-8A8C-48F9-8165-68863BCCD9DD}") = "Ankh.Votive", "Ankh.Votive.wixproj", "{94F8E63F-0ADE-40C1-BA57-2F50FE88ECD2}"
EndProject
Project("{FAE04EC0-301F-11D3-BF4B-00C04F79EFBC}") = "Ankh.UI", "Ankh.UI\Ankh.UI.csproj", "{AC32DD7A-4FC3-42C5-AFA7-ADE81F13A6DE}"
EndProject
Project("{FAE04EC0-301F-11D3-BF4B-00C04F79EFBC}") = "Ankh.Services", "Ankh.Services\Ankh.Services.csproj", "{D90A8E89-66B2-451E-8B31-3D86F0CD4AFB}"
EndProject
Project("{2150E333-8FDC-42A3-9474-1A3956D46DE8}") = "Tests", "Tests", "{BEAF04B7-B1BB-4ABA-BF6F-00495274C725}"
EndProject
Project("{2150E333-8FDC-42A3-9474-1A3956D46DE8}") = "Utilities", "Utilities", "{E7D88D59-A87F-4939-AB58-315F8C41E20B}"
	ProjectSection(SolutionItems) = preProject
		..\www\daily\daily.css = ..\www\daily\daily.css
		..\www\daily\generate-daily-report.xsl = ..\www\daily\generate-daily-report.xsl
		..\www\daily\index.html = ..\www\daily\index.html
	EndProjectSection
EndProject
Project("{FAE04EC0-301F-11D3-BF4B-00C04F79EFBC}") = "Ankh.Scc", "Ankh.Scc\Ankh.Scc.csproj", "{ECE36A69-DD85-4AAB-B329-12BAE4675056}"
EndProject
Project("{FAE04EC0-301F-11D3-BF4B-00C04F79EFBC}") = "Ankh.VS", "Ankh.VS\Ankh.VS.csproj", "{906E3F01-CD79-4F80-BCA7-1105224328C4}"
EndProject
Project("{FAE04EC0-301F-11D3-BF4B-00C04F79EFBC}") = "Ankh.Package", "Ankh.Package\Ankh.Package.csproj", "{FA90174C-5763-46E8-9C95-328CA8451072}"
	ProjectSection(ProjectDependencies) = postProject
		{D81A44B8-57A9-4296-832C-7D29019D989B} = {D81A44B8-57A9-4296-832C-7D29019D989B}
	EndProjectSection
EndProject
Project("{FAE04EC0-301F-11D3-BF4B-00C04F79EFBC}") = "Ankh.VS.IntegrationTest", "Ankh.VS.IntegrationTest\Ankh.VS.IntegrationTest.csproj", "{CBFDB179-ED5D-4E35-AA58-114EC7C022DD}"
EndProject
Project("{FAE04EC0-301F-11D3-BF4B-00C04F79EFBC}") = "Ankh.VS.UnitTest", "Ankh.VS.UnitTest\Ankh.VS.UnitTest.csproj", "{CBE396C6-F315-4DA4-BB3B-2FBDE5969BD2}"
EndProject
Project("{2150E333-8FDC-42A3-9474-1A3956D46DE8}") = "Solution Items", "Solution Items", "{BED3AA50-17ED-4A23-9104-72E31091B216}"
	ProjectSection(SolutionItems) = preProject
		AllTests.testrunconfig = AllTests.testrunconfig
		AnkhSvn.2008.vsmdi = AnkhSvn.2008.vsmdi
	EndProjectSection
EndProject
Project("{FAE04EC0-301F-11D3-BF4B-00C04F79EFBC}") = "Ankh.Trigger", "Ankh.Trigger\Ankh.Trigger.csproj", "{D81A44B8-57A9-4296-832C-7D29019D989B}"
EndProject
Project("{FAE04EC0-301F-11D3-BF4B-00C04F79EFBC}") = "Ankh.Migrate", "Ankh.Migrate\Ankh.Migrate.csproj", "{1AD899A2-9283-4AB6-9426-E251E5772196}"
EndProject
Project("{FAE04EC0-301F-11D3-BF4B-00C04F79EFBC}") = "Ankh.Diff", "Ankh.Diff\Ankh.Diff.csproj", "{62F97060-6A9E-477D-B15B-E1A1F5320039}"
EndProject
Global
	GlobalSection(SubversionScc) = preSolution
		Svn-Managed = True
		Manager = AnkhSVN - Subversion Support for Visual Studio
	EndGlobalSection
	GlobalSection(SolutionConfigurationPlatforms) = preSolution
		Debug|Any CPU = Debug|Any CPU
		Release (With MSI)|Any CPU = Release (With MSI)|Any CPU
		Release|Any CPU = Release|Any CPU
	EndGlobalSection
	GlobalSection(ProjectConfigurationPlatforms) = postSolution
		{CE58AAC8-2271-4223-882F-0CD1A7105A52}.Debug|Any CPU.ActiveCfg = Debug|Any CPU
		{CE58AAC8-2271-4223-882F-0CD1A7105A52}.Debug|Any CPU.Build.0 = Debug|Any CPU
		{CE58AAC8-2271-4223-882F-0CD1A7105A52}.Release (With MSI)|Any CPU.ActiveCfg = Release|Any CPU
		{CE58AAC8-2271-4223-882F-0CD1A7105A52}.Release (With MSI)|Any CPU.Build.0 = Release|Any CPU
		{CE58AAC8-2271-4223-882F-0CD1A7105A52}.Release|Any CPU.ActiveCfg = Release|Any CPU
		{CE58AAC8-2271-4223-882F-0CD1A7105A52}.Release|Any CPU.Build.0 = Release|Any CPU
		{A3248E1E-8272-4227-AF02-BB86040FBED9}.Debug|Any CPU.ActiveCfg = Debug|Any CPU
		{A3248E1E-8272-4227-AF02-BB86040FBED9}.Debug|Any CPU.Build.0 = Debug|Any CPU
		{A3248E1E-8272-4227-AF02-BB86040FBED9}.Release (With MSI)|Any CPU.ActiveCfg = Release|Any CPU
		{A3248E1E-8272-4227-AF02-BB86040FBED9}.Release (With MSI)|Any CPU.Build.0 = Release|Any CPU
		{A3248E1E-8272-4227-AF02-BB86040FBED9}.Release|Any CPU.ActiveCfg = Release|Any CPU
		{A3248E1E-8272-4227-AF02-BB86040FBED9}.Release|Any CPU.Build.0 = Release|Any CPU
		{1686CB0A-A3C2-4E39-9543-01B7D9CCD747}.Debug|Any CPU.ActiveCfg = Debug|Any CPU
		{1686CB0A-A3C2-4E39-9543-01B7D9CCD747}.Debug|Any CPU.Build.0 = Debug|Any CPU
		{1686CB0A-A3C2-4E39-9543-01B7D9CCD747}.Release (With MSI)|Any CPU.ActiveCfg = Release|Any CPU
		{1686CB0A-A3C2-4E39-9543-01B7D9CCD747}.Release (With MSI)|Any CPU.Build.0 = Release|Any CPU
		{1686CB0A-A3C2-4E39-9543-01B7D9CCD747}.Release|Any CPU.ActiveCfg = Release|Any CPU
		{1686CB0A-A3C2-4E39-9543-01B7D9CCD747}.Release|Any CPU.Build.0 = Release|Any CPU
		{874C0358-E7DD-42DA-BF07-58198B41FD25}.Debug|Any CPU.ActiveCfg = Debug|Any CPU
		{874C0358-E7DD-42DA-BF07-58198B41FD25}.Debug|Any CPU.Build.0 = Debug|Any CPU
		{874C0358-E7DD-42DA-BF07-58198B41FD25}.Release (With MSI)|Any CPU.ActiveCfg = Release|Any CPU
		{874C0358-E7DD-42DA-BF07-58198B41FD25}.Release (With MSI)|Any CPU.Build.0 = Release|Any CPU
		{874C0358-E7DD-42DA-BF07-58198B41FD25}.Release|Any CPU.ActiveCfg = Release|Any CPU
		{874C0358-E7DD-42DA-BF07-58198B41FD25}.Release|Any CPU.Build.0 = Release|Any CPU
		{61D343CF-77BA-4EF2-96F5-E0D4EFD04844}.Debug|Any CPU.ActiveCfg = Debug|Any CPU
		{61D343CF-77BA-4EF2-96F5-E0D4EFD04844}.Debug|Any CPU.Build.0 = Debug|Any CPU
		{61D343CF-77BA-4EF2-96F5-E0D4EFD04844}.Release (With MSI)|Any CPU.ActiveCfg = Release|Any CPU
		{61D343CF-77BA-4EF2-96F5-E0D4EFD04844}.Release (With MSI)|Any CPU.Build.0 = Release|Any CPU
		{61D343CF-77BA-4EF2-96F5-E0D4EFD04844}.Release|Any CPU.ActiveCfg = Release|Any CPU
		{61D343CF-77BA-4EF2-96F5-E0D4EFD04844}.Release|Any CPU.Build.0 = Release|Any CPU
		{94F8E63F-0ADE-40C1-BA57-2F50FE88ECD2}.Debug|Any CPU.ActiveCfg = Debug|x86
		{94F8E63F-0ADE-40C1-BA57-2F50FE88ECD2}.Release (With MSI)|Any CPU.ActiveCfg = Release|x86
		{94F8E63F-0ADE-40C1-BA57-2F50FE88ECD2}.Release (With MSI)|Any CPU.Build.0 = Release|x86
		{94F8E63F-0ADE-40C1-BA57-2F50FE88ECD2}.Release|Any CPU.ActiveCfg = Release|x86
		{AC32DD7A-4FC3-42C5-AFA7-ADE81F13A6DE}.Debug|Any CPU.ActiveCfg = Debug|Any CPU
		{AC32DD7A-4FC3-42C5-AFA7-ADE81F13A6DE}.Debug|Any CPU.Build.0 = Debug|Any CPU
		{AC32DD7A-4FC3-42C5-AFA7-ADE81F13A6DE}.Release (With MSI)|Any CPU.ActiveCfg = Release|Any CPU
		{AC32DD7A-4FC3-42C5-AFA7-ADE81F13A6DE}.Release (With MSI)|Any CPU.Build.0 = Release|Any CPU
		{AC32DD7A-4FC3-42C5-AFA7-ADE81F13A6DE}.Release|Any CPU.ActiveCfg = Release|Any CPU
		{AC32DD7A-4FC3-42C5-AFA7-ADE81F13A6DE}.Release|Any CPU.Build.0 = Release|Any CPU
		{D90A8E89-66B2-451E-8B31-3D86F0CD4AFB}.Debug|Any CPU.ActiveCfg = Debug|Any CPU
		{D90A8E89-66B2-451E-8B31-3D86F0CD4AFB}.Debug|Any CPU.Build.0 = Debug|Any CPU
		{D90A8E89-66B2-451E-8B31-3D86F0CD4AFB}.Release (With MSI)|Any CPU.ActiveCfg = Release|Any CPU
		{D90A8E89-66B2-451E-8B31-3D86F0CD4AFB}.Release (With MSI)|Any CPU.Build.0 = Release|Any CPU
		{D90A8E89-66B2-451E-8B31-3D86F0CD4AFB}.Release|Any CPU.ActiveCfg = Release|Any CPU
		{D90A8E89-66B2-451E-8B31-3D86F0CD4AFB}.Release|Any CPU.Build.0 = Release|Any CPU
		{ECE36A69-DD85-4AAB-B329-12BAE4675056}.Debug|Any CPU.ActiveCfg = Debug|Any CPU
		{ECE36A69-DD85-4AAB-B329-12BAE4675056}.Debug|Any CPU.Build.0 = Debug|Any CPU
		{ECE36A69-DD85-4AAB-B329-12BAE4675056}.Release (With MSI)|Any CPU.ActiveCfg = Release|Any CPU
		{ECE36A69-DD85-4AAB-B329-12BAE4675056}.Release (With MSI)|Any CPU.Build.0 = Release|Any CPU
		{ECE36A69-DD85-4AAB-B329-12BAE4675056}.Release|Any CPU.ActiveCfg = Release|Any CPU
		{ECE36A69-DD85-4AAB-B329-12BAE4675056}.Release|Any CPU.Build.0 = Release|Any CPU
		{906E3F01-CD79-4F80-BCA7-1105224328C4}.Debug|Any CPU.ActiveCfg = Debug|Any CPU
		{906E3F01-CD79-4F80-BCA7-1105224328C4}.Debug|Any CPU.Build.0 = Debug|Any CPU
		{906E3F01-CD79-4F80-BCA7-1105224328C4}.Release (With MSI)|Any CPU.ActiveCfg = Release|Any CPU
		{906E3F01-CD79-4F80-BCA7-1105224328C4}.Release (With MSI)|Any CPU.Build.0 = Release|Any CPU
		{906E3F01-CD79-4F80-BCA7-1105224328C4}.Release|Any CPU.ActiveCfg = Release|Any CPU
		{906E3F01-CD79-4F80-BCA7-1105224328C4}.Release|Any CPU.Build.0 = Release|Any CPU
		{FA90174C-5763-46E8-9C95-328CA8451072}.Debug|Any CPU.ActiveCfg = Debug|Any CPU
		{FA90174C-5763-46E8-9C95-328CA8451072}.Debug|Any CPU.Build.0 = Debug|Any CPU
		{FA90174C-5763-46E8-9C95-328CA8451072}.Release (With MSI)|Any CPU.ActiveCfg = Release|Any CPU
		{FA90174C-5763-46E8-9C95-328CA8451072}.Release (With MSI)|Any CPU.Build.0 = Release|Any CPU
		{FA90174C-5763-46E8-9C95-328CA8451072}.Release|Any CPU.ActiveCfg = Release|Any CPU
		{FA90174C-5763-46E8-9C95-328CA8451072}.Release|Any CPU.Build.0 = Release|Any CPU
		{CBFDB179-ED5D-4E35-AA58-114EC7C022DD}.Debug|Any CPU.ActiveCfg = Debug|Any CPU
		{CBFDB179-ED5D-4E35-AA58-114EC7C022DD}.Debug|Any CPU.Build.0 = Debug|Any CPU
		{CBFDB179-ED5D-4E35-AA58-114EC7C022DD}.Release (With MSI)|Any CPU.ActiveCfg = Release|Any CPU
		{CBFDB179-ED5D-4E35-AA58-114EC7C022DD}.Release|Any CPU.ActiveCfg = Release|Any CPU
		{CBFDB179-ED5D-4E35-AA58-114EC7C022DD}.Release|Any CPU.Build.0 = Release|Any CPU
		{CBE396C6-F315-4DA4-BB3B-2FBDE5969BD2}.Debug|Any CPU.ActiveCfg = Debug|Any CPU
		{CBE396C6-F315-4DA4-BB3B-2FBDE5969BD2}.Debug|Any CPU.Build.0 = Debug|Any CPU
		{CBE396C6-F315-4DA4-BB3B-2FBDE5969BD2}.Release (With MSI)|Any CPU.ActiveCfg = Release|Any CPU
		{CBE396C6-F315-4DA4-BB3B-2FBDE5969BD2}.Release|Any CPU.ActiveCfg = Release|Any CPU
		{CBE396C6-F315-4DA4-BB3B-2FBDE5969BD2}.Release|Any CPU.Build.0 = Release|Any CPU
		{D81A44B8-57A9-4296-832C-7D29019D989B}.Debug|Any CPU.ActiveCfg = Debug|Any CPU
		{D81A44B8-57A9-4296-832C-7D29019D989B}.Debug|Any CPU.Build.0 = Debug|Any CPU
		{D81A44B8-57A9-4296-832C-7D29019D989B}.Release (With MSI)|Any CPU.ActiveCfg = Release|Any CPU
		{D81A44B8-57A9-4296-832C-7D29019D989B}.Release (With MSI)|Any CPU.Build.0 = Release|Any CPU
		{D81A44B8-57A9-4296-832C-7D29019D989B}.Release|Any CPU.ActiveCfg = Release|Any CPU
		{D81A44B8-57A9-4296-832C-7D29019D989B}.Release|Any CPU.Build.0 = Release|Any CPU
		{1AD899A2-9283-4AB6-9426-E251E5772196}.Debug|Any CPU.ActiveCfg = Debug|Any CPU
		{1AD899A2-9283-4AB6-9426-E251E5772196}.Debug|Any CPU.Build.0 = Debug|Any CPU
		{1AD899A2-9283-4AB6-9426-E251E5772196}.Release (With MSI)|Any CPU.ActiveCfg = Release|Any CPU
		{1AD899A2-9283-4AB6-9426-E251E5772196}.Release (With MSI)|Any CPU.Build.0 = Release|Any CPU
		{1AD899A2-9283-4AB6-9426-E251E5772196}.Release|Any CPU.ActiveCfg = Release|Any CPU
		{1AD899A2-9283-4AB6-9426-E251E5772196}.Release|Any CPU.Build.0 = Release|Any CPU
		{62F97060-6A9E-477D-B15B-E1A1F5320039}.Debug|Any CPU.ActiveCfg = Debug|Any CPU
		{62F97060-6A9E-477D-B15B-E1A1F5320039}.Debug|Any CPU.Build.0 = Debug|Any CPU
		{62F97060-6A9E-477D-B15B-E1A1F5320039}.Release (With MSI)|Any CPU.ActiveCfg = Release|Any CPU
		{62F97060-6A9E-477D-B15B-E1A1F5320039}.Release (With MSI)|Any CPU.Build.0 = Release|Any CPU
		{62F97060-6A9E-477D-B15B-E1A1F5320039}.Release|Any CPU.ActiveCfg = Release|Any CPU
		{62F97060-6A9E-477D-B15B-E1A1F5320039}.Release|Any CPU.Build.0 = Release|Any CPU
	EndGlobalSection
	GlobalSection(SolutionProperties) = preSolution
		HideSolutionNode = FALSE
	EndGlobalSection
	GlobalSection(NestedProjects) = preSolution
		{61D343CF-77BA-4EF2-96F5-E0D4EFD04844} = {01F3ED56-C896-409C-8464-DB82B3AF1364}
		{D90A8E89-66B2-451E-8B31-3D86F0CD4AFB} = {01F3ED56-C896-409C-8464-DB82B3AF1364}
		{CE58AAC8-2271-4223-882F-0CD1A7105A52} = {9B380404-6594-4737-8518-291DEDEF3496}
		{AC32DD7A-4FC3-42C5-AFA7-ADE81F13A6DE} = {9B380404-6594-4737-8518-291DEDEF3496}
		{ECE36A69-DD85-4AAB-B329-12BAE4675056} = {9B380404-6594-4737-8518-291DEDEF3496}
		{906E3F01-CD79-4F80-BCA7-1105224328C4} = {9B380404-6594-4737-8518-291DEDEF3496}
		{62F97060-6A9E-477D-B15B-E1A1F5320039} = {9B380404-6594-4737-8518-291DEDEF3496}
		{FA90174C-5763-46E8-9C95-328CA8451072} = {08FF496A-CD90-4B17-8FA0-F4CA88AB49D3}
		{D81A44B8-57A9-4296-832C-7D29019D989B} = {08FF496A-CD90-4B17-8FA0-F4CA88AB49D3}
		{874C0358-E7DD-42DA-BF07-58198B41FD25} = {E7D88D59-A87F-4939-AB58-315F8C41E20B}
		{A3248E1E-8272-4227-AF02-BB86040FBED9} = {E7D88D59-A87F-4939-AB58-315F8C41E20B}
		{1AD899A2-9283-4AB6-9426-E251E5772196} = {E7D88D59-A87F-4939-AB58-315F8C41E20B}
		{1686CB0A-A3C2-4E39-9543-01B7D9CCD747} = {BEAF04B7-B1BB-4ABA-BF6F-00495274C725}
		{CBFDB179-ED5D-4E35-AA58-114EC7C022DD} = {BEAF04B7-B1BB-4ABA-BF6F-00495274C725}
		{CBE396C6-F315-4DA4-BB3B-2FBDE5969BD2} = {BEAF04B7-B1BB-4ABA-BF6F-00495274C725}
	EndGlobalSection
	GlobalSection(ExtensibilityGlobals) = postSolution
		DPBuild = 5
	EndGlobalSection
EndGlobal
