
Microsoft Visual Studio Solution File, Format Version 9.00
# Visual Studio 2005
Project("{FAE04EC0-301F-11D3-BF4B-00C04F79EFBC}") = "TreeList", "TreeList\TreeList.csproj", "{CCE2A76F-CE85-4F90-BB8B-8D9CC525B200}"
EndProject
Project("{FAE04EC0-301F-11D3-BF4B-00C04F79EFBC}") = "TreeListTest", "TreeListTest\TreeListTest.csproj", "{F736929D-185C-44E5-B63A-F56E2CD1ADC0}"
EndProject
Global
	GlobalSection(SolutionConfigurationPlatforms) = preSolution
		Debug|Any CPU = Debug|Any CPU
		Release|Any CPU = Release|Any CPU
	EndGlobalSection
	GlobalSection(ProjectConfigurationPlatforms) = postSolution
		{CCE2A76F-CE85-4F90-BB8B-8D9CC525B200}.Debug|Any CPU.ActiveCfg = Debug|Any CPU
		{CCE2A76F-CE85-4F90-BB8B-8D9CC525B200}.Debug|Any CPU.Build.0 = Debug|Any CPU
		{CCE2A76F-CE85-4F90-BB8B-8D9CC525B200}.Release|Any CPU.ActiveCfg = Release|Any CPU
		{CCE2A76F-CE85-4F90-BB8B-8D9CC525B200}.Release|Any CPU.Build.0 = Release|Any CPU
		{F736929D-185C-44E5-B63A-F56E2CD1ADC0}.Debug|Any CPU.ActiveCfg = Debug|Any CPU
		{F736929D-185C-44E5-B63A-F56E2CD1ADC0}.Debug|Any CPU.Build.0 = Debug|Any CPU
		{F736929D-185C-44E5-B63A-F56E2CD1ADC0}.Release|Any CPU.ActiveCfg = Release|Any CPU
		{F736929D-185C-44E5-B63A-F56E2CD1ADC0}.Release|Any CPU.Build.0 = Release|Any CPU
	EndGlobalSection
	GlobalSection(SolutionProperties) = preSolution
		HideSolutionNode = FALSE
	EndGlobalSection
EndGlobal
