Microsoft Visual Studio Solution File, Format Version 9.00
# Visual Studio 2005
Project("{FAE04EC0-301F-11D3-BF4B-00C04F79EFBC}") = "Ankh.UI.2005", "Ankh.UI\Ankh.UI.2005.csproj", "{AC32DD7A-4FC3-42C5-AFA7-ADE81F13A6DE}"
	ProjectSection(ProjectDependencies) = postProject
		{A3248E1E-8272-4227-AF02-BB86040FBED9} = {A3248E1E-8272-4227-AF02-BB86040FBED9}
		{3A8DF134-05F1-4357-9682-AB14CDDA48A9} = {3A8DF134-05F1-4357-9682-AB14CDDA48A9}
		{E31A3F36-D1C5-4FC2-8530-D24B9E01B09E} = {E31A3F36-D1C5-4FC2-8530-D24B9E01B09E}
	EndProjectSection
EndProject
Project("{FAE04EC0-301F-11D3-BF4B-00C04F79EFBC}") = "Ankh.2005", "Ankh\Ankh.2005.csproj", "{CE58AAC8-2271-4223-882F-0CD1A7105A52}"
	ProjectSection(ProjectDependencies) = postProject
		{A3248E1E-8272-4227-AF02-BB86040FBED9} = {A3248E1E-8272-4227-AF02-BB86040FBED9}
		{3A8DF134-05F1-4357-9682-AB14CDDA48A9} = {3A8DF134-05F1-4357-9682-AB14CDDA48A9}
		{E31A3F36-D1C5-4FC2-8530-D24B9E01B09E} = {E31A3F36-D1C5-4FC2-8530-D24B9E01B09E}
		{AC32DD7A-4FC3-42C5-AFA7-ADE81F13A6DE} = {AC32DD7A-4FC3-42C5-AFA7-ADE81F13A6DE}
	EndProjectSection
EndProject
Project("{8BC9CEB8-8B4A-11D0-8D11-00A0C91BC942}") = "NSvn.Core", "NSvn.Core\NSvn.Core.2005.vcproj", "{E31A3F36-D1C5-4FC2-8530-D24B9E01B09E}"
	ProjectSection(ProjectDependencies) = postProject
		{A3248E1E-8272-4227-AF02-BB86040FBED9} = {A3248E1E-8272-4227-AF02-BB86040FBED9}
		{3A8DF134-05F1-4357-9682-AB14CDDA48A9} = {3A8DF134-05F1-4357-9682-AB14CDDA48A9}
	EndProjectSection
EndProject
Project("{FAE04EC0-301F-11D3-BF4B-00C04F79EFBC}") = "NSvn.Core.Tests.2005", "NSvn.Core.Tests\NSvn.Core.Tests.2005.csproj", "{1882FE23-6EE3-46AF-82B2-929E371E6218}"
	ProjectSection(ProjectDependencies) = postProject
		{3A8DF134-05F1-4357-9682-AB14CDDA48A9} = {3A8DF134-05F1-4357-9682-AB14CDDA48A9}
		{E31A3F36-D1C5-4FC2-8530-D24B9E01B09E} = {E31A3F36-D1C5-4FC2-8530-D24B9E01B09E}
		{E31A3F36-D1C5-4FC2-8530-D24B9E01B09E} = {E31A3F36-D1C5-4FC2-8530-D24B9E01B09E}
		{E31A3F36-D1C5-4FC2-8530-D24B9E01B09E} = {E31A3F36-D1C5-4FC2-8530-D24B9E01B09E}
	EndProjectSection
EndProject
Project("{FAE04EC0-301F-11D3-BF4B-00C04F79EFBC}") = "NSvn.Common.2005", "NSvn.Common\NSvn.Common.2005.csproj", "{3A8DF134-05F1-4357-9682-AB14CDDA48A9}"
EndProject
Project("{8BC9CEB8-8B4A-11D0-8D11-00A0C91BC942}") = "NSvn.Core.Tests.MCpp", "NSvn.Core.Tests.MCpp\NSvn.Core.Tests.MCpp.2005.vcproj", "{05E011D8-54B5-4558-80BF-A8AD64DDAC97}"
	ProjectSection(ProjectDependencies) = postProject
		{3A8DF134-05F1-4357-9682-AB14CDDA48A9} = {3A8DF134-05F1-4357-9682-AB14CDDA48A9}
		{E31A3F36-D1C5-4FC2-8530-D24B9E01B09E} = {E31A3F36-D1C5-4FC2-8530-D24B9E01B09E}
	EndProjectSection
EndProject
Project("{FAE04EC0-301F-11D3-BF4B-00C04F79EFBC}") = "Utils.2005", "Utils\Utils.2005.csproj", "{A3248E1E-8272-4227-AF02-BB86040FBED9}"
EndProject
Project("{FAE04EC0-301F-11D3-BF4B-00C04F79EFBC}") = "ReposInstaller.2005", "ReposInstaller\ReposInstaller.2005.csproj", "{6D2A5456-0DB3-4795-8005-7E591AB2A221}"
EndProject
Project("{FAE04EC0-301F-11D3-BF4B-00C04F79EFBC}") = "Utils.Tests.2005", "Utils.Tests\Utils.Tests.2005.csproj", "{D07135AF-9397-4EAB-BD75-2410DC1F6F4E}"
EndProject
Project("{FAE04EC0-301F-11D3-BF4B-00C04F79EFBC}") = "Ankh.Tests.2005", "Ankh.Tests\Ankh.Tests.2005.csproj", "{1686CB0A-A3C2-4E39-9543-01B7D9CCD747}"
EndProject
Project("{8BC9CEB8-8B4A-11D0-8D11-00A0C91BC942}") = "InstallLib", "InstallLib\InstallLib.2005.vcproj", "{2A753B40-AB06-4D27-A093-D1D351BC9522}"
EndProject
Project("{2150E333-8FDC-42A3-9474-1A3956D46DE8}") = "Solution Items", "Solution Items", "{B093CEC2-73C7-4DF4-B8C2-E144BE37DB19}"
	ProjectSection(SolutionItems) = preProject
		WiX\Ankh-UI.wxs = WiX\Ankh-UI.wxs
		WiX\Ankh.msi.wxs = WiX\Ankh.msi.wxs
		ankh.reg = ankh.reg
		WiX\apr-iconv.wxs = WiX\apr-iconv.wxs
		Ankh\1033\BitmapDll.dll = Ankh\1033\BitmapDll.dll
		CHANGES = CHANGES
		CONTRIBUTERS = CONTRIBUTERS
		..\deploy.build = ..\deploy.build
		lib\lib.build = lib\lib.build
		lib\lib.wxs = lib\lib.wxs
		Ankh\AnkhSetup\LICENCE.rtf = Ankh\AnkhSetup\LICENCE.rtf
		master.build = master.build
		WiX\NSvn.msm.build = WiX\NSvn.msm.build
		WiX\NSvn.msm.wxs = WiX\NSvn.msm.wxs
		Ankh\AnkhSetup\README.rtf = Ankh\AnkhSetup\README.rtf
		readme.txt = readme.txt
		register.bat = register.bat
		removeankh.reg = removeankh.reg
	EndProjectSection
EndProject
Project("{FAE04EC0-301F-11D3-BF4B-00C04F79EFBC}") = "TestUtils.2005", "TestUtils\TestUtils.2005.csproj", "{874C0358-E7DD-42DA-BF07-58198B41FD25}"
EndProject
Project("{2150E333-8FDC-42A3-9474-1A3956D46DE8}") = "Ankh", "Ankh", "{48E3C46A-B9D8-42BE-B077-683B60E34AE3}"
EndProject
Project("{2150E333-8FDC-42A3-9474-1A3956D46DE8}") = "NSvn", "NSvn", "{4BDD8B32-3696-46D8-B900-BBA1D140144B}"
EndProject
Global
	GlobalSection(SolutionConfigurationPlatforms) = preSolution
		(svnlib) Debug run|Any CPU = (svnlib) Debug run|Any CPU
		(svnlib) Debug run|Mixed Platforms = (svnlib) Debug run|Mixed Platforms
		(svnlib) Debug run|Win32 = (svnlib) Debug run|Win32
		(svnlib) Debug|Any CPU = (svnlib) Debug|Any CPU
		(svnlib) Debug|Mixed Platforms = (svnlib) Debug|Mixed Platforms
		(svnlib) Debug|Win32 = (svnlib) Debug|Win32
		(svnlib) NSvn.Tests|Any CPU = (svnlib) NSvn.Tests|Any CPU
		(svnlib) NSvn.Tests|Mixed Platforms = (svnlib) NSvn.Tests|Mixed Platforms
		(svnlib) NSvn.Tests|Win32 = (svnlib) NSvn.Tests|Win32
		(svnlib) Release|Any CPU = (svnlib) Release|Any CPU
		(svnlib) Release|Mixed Platforms = (svnlib) Release|Mixed Platforms
		(svnlib) Release|Win32 = (svnlib) Release|Win32
		Debug run|Any CPU = Debug run|Any CPU
		Debug run|Mixed Platforms = Debug run|Mixed Platforms
		Debug run|Win32 = Debug run|Win32
		Debug|Any CPU = Debug|Any CPU
		Debug|Mixed Platforms = Debug|Mixed Platforms
		Debug|Win32 = Debug|Win32
		NSvn.Tests|Any CPU = NSvn.Tests|Any CPU
		NSvn.Tests|Mixed Platforms = NSvn.Tests|Mixed Platforms
		NSvn.Tests|Win32 = NSvn.Tests|Win32
		Release|Any CPU = Release|Any CPU
		Release|Mixed Platforms = Release|Mixed Platforms
		Release|Win32 = Release|Win32
		Run|Any CPU = Run|Any CPU
		Run|Mixed Platforms = Run|Mixed Platforms
		Run|Win32 = Run|Win32
	EndGlobalSection
	GlobalSection(ProjectConfigurationPlatforms) = postSolution
		{AC32DD7A-4FC3-42C5-AFA7-ADE81F13A6DE}.(svnlib) Debug run|Any CPU.ActiveCfg = Debug|Any CPU
		{AC32DD7A-4FC3-42C5-AFA7-ADE81F13A6DE}.(svnlib) Debug run|Any CPU.Build.0 = Debug|Any CPU
		{AC32DD7A-4FC3-42C5-AFA7-ADE81F13A6DE}.(svnlib) Debug run|Mixed Platforms.ActiveCfg = Debug|Any CPU
		{AC32DD7A-4FC3-42C5-AFA7-ADE81F13A6DE}.(svnlib) Debug run|Mixed Platforms.Build.0 = Debug|Any CPU
		{AC32DD7A-4FC3-42C5-AFA7-ADE81F13A6DE}.(svnlib) Debug run|Win32.ActiveCfg = Debug|Any CPU
		{AC32DD7A-4FC3-42C5-AFA7-ADE81F13A6DE}.(svnlib) Debug run|Win32.Build.0 = Debug|Any CPU
		{AC32DD7A-4FC3-42C5-AFA7-ADE81F13A6DE}.(svnlib) Debug|Any CPU.ActiveCfg = Debug|Any CPU
		{AC32DD7A-4FC3-42C5-AFA7-ADE81F13A6DE}.(svnlib) Debug|Any CPU.Build.0 = Debug|Any CPU
		{AC32DD7A-4FC3-42C5-AFA7-ADE81F13A6DE}.(svnlib) Debug|Mixed Platforms.ActiveCfg = Debug|Any CPU
		{AC32DD7A-4FC3-42C5-AFA7-ADE81F13A6DE}.(svnlib) Debug|Mixed Platforms.Build.0 = Debug|Any CPU
		{AC32DD7A-4FC3-42C5-AFA7-ADE81F13A6DE}.(svnlib) Debug|Win32.ActiveCfg = Debug|Any CPU
		{AC32DD7A-4FC3-42C5-AFA7-ADE81F13A6DE}.(svnlib) Debug|Win32.Build.0 = Debug|Any CPU
		{AC32DD7A-4FC3-42C5-AFA7-ADE81F13A6DE}.(svnlib) NSvn.Tests|Any CPU.ActiveCfg = Debug|Any CPU
		{AC32DD7A-4FC3-42C5-AFA7-ADE81F13A6DE}.(svnlib) NSvn.Tests|Mixed Platforms.ActiveCfg = Release|Any CPU
		{AC32DD7A-4FC3-42C5-AFA7-ADE81F13A6DE}.(svnlib) NSvn.Tests|Mixed Platforms.Build.0 = Release|Any CPU
		{AC32DD7A-4FC3-42C5-AFA7-ADE81F13A6DE}.(svnlib) NSvn.Tests|Win32.ActiveCfg = Debug|Any CPU
		{AC32DD7A-4FC3-42C5-AFA7-ADE81F13A6DE}.(svnlib) Release|Any CPU.ActiveCfg = Release|Any CPU
		{AC32DD7A-4FC3-42C5-AFA7-ADE81F13A6DE}.(svnlib) Release|Any CPU.Build.0 = Release|Any CPU
		{AC32DD7A-4FC3-42C5-AFA7-ADE81F13A6DE}.(svnlib) Release|Mixed Platforms.ActiveCfg = Release|Any CPU
		{AC32DD7A-4FC3-42C5-AFA7-ADE81F13A6DE}.(svnlib) Release|Mixed Platforms.Build.0 = Release|Any CPU
		{AC32DD7A-4FC3-42C5-AFA7-ADE81F13A6DE}.(svnlib) Release|Win32.ActiveCfg = Release|Any CPU
		{AC32DD7A-4FC3-42C5-AFA7-ADE81F13A6DE}.(svnlib) Release|Win32.Build.0 = Release|Any CPU
		{AC32DD7A-4FC3-42C5-AFA7-ADE81F13A6DE}.Debug run|Any CPU.ActiveCfg = Debug|Any CPU
		{AC32DD7A-4FC3-42C5-AFA7-ADE81F13A6DE}.Debug run|Any CPU.Build.0 = Debug|Any CPU
		{AC32DD7A-4FC3-42C5-AFA7-ADE81F13A6DE}.Debug run|Mixed Platforms.ActiveCfg = Debug|Any CPU
		{AC32DD7A-4FC3-42C5-AFA7-ADE81F13A6DE}.Debug run|Mixed Platforms.Build.0 = Debug|Any CPU
		{AC32DD7A-4FC3-42C5-AFA7-ADE81F13A6DE}.Debug run|Win32.ActiveCfg = Debug|Any CPU
		{AC32DD7A-4FC3-42C5-AFA7-ADE81F13A6DE}.Debug run|Win32.Build.0 = Debug|Any CPU
		{AC32DD7A-4FC3-42C5-AFA7-ADE81F13A6DE}.Debug|Any CPU.ActiveCfg = Debug|Any CPU
		{AC32DD7A-4FC3-42C5-AFA7-ADE81F13A6DE}.Debug|Any CPU.Build.0 = Debug|Any CPU
		{AC32DD7A-4FC3-42C5-AFA7-ADE81F13A6DE}.Debug|Mixed Platforms.ActiveCfg = Debug|Any CPU
		{AC32DD7A-4FC3-42C5-AFA7-ADE81F13A6DE}.Debug|Mixed Platforms.Build.0 = Debug|Any CPU
		{AC32DD7A-4FC3-42C5-AFA7-ADE81F13A6DE}.Debug|Win32.ActiveCfg = Debug|Any CPU
		{AC32DD7A-4FC3-42C5-AFA7-ADE81F13A6DE}.Debug|Win32.Build.0 = Debug|Any CPU
		{AC32DD7A-4FC3-42C5-AFA7-ADE81F13A6DE}.NSvn.Tests|Any CPU.ActiveCfg = Debug|Any CPU
		{AC32DD7A-4FC3-42C5-AFA7-ADE81F13A6DE}.NSvn.Tests|Mixed Platforms.ActiveCfg = Release|Any CPU
		{AC32DD7A-4FC3-42C5-AFA7-ADE81F13A6DE}.NSvn.Tests|Mixed Platforms.Build.0 = Release|Any CPU
		{AC32DD7A-4FC3-42C5-AFA7-ADE81F13A6DE}.NSvn.Tests|Win32.ActiveCfg = Debug|Any CPU
		{AC32DD7A-4FC3-42C5-AFA7-ADE81F13A6DE}.Release|Any CPU.ActiveCfg = Release|Any CPU
		{AC32DD7A-4FC3-42C5-AFA7-ADE81F13A6DE}.Release|Any CPU.Build.0 = Release|Any CPU
		{AC32DD7A-4FC3-42C5-AFA7-ADE81F13A6DE}.Release|Mixed Platforms.ActiveCfg = Release|Any CPU
		{AC32DD7A-4FC3-42C5-AFA7-ADE81F13A6DE}.Release|Mixed Platforms.Build.0 = Release|Any CPU
		{AC32DD7A-4FC3-42C5-AFA7-ADE81F13A6DE}.Release|Win32.ActiveCfg = Release|Any CPU
		{AC32DD7A-4FC3-42C5-AFA7-ADE81F13A6DE}.Release|Win32.Build.0 = Release|Any CPU
		{AC32DD7A-4FC3-42C5-AFA7-ADE81F13A6DE}.Run|Any CPU.ActiveCfg = Run|Any CPU
		{AC32DD7A-4FC3-42C5-AFA7-ADE81F13A6DE}.Run|Mixed Platforms.ActiveCfg = Run|Any CPU
		{AC32DD7A-4FC3-42C5-AFA7-ADE81F13A6DE}.Run|Mixed Platforms.Build.0 = Run|Any CPU
		{AC32DD7A-4FC3-42C5-AFA7-ADE81F13A6DE}.Run|Win32.ActiveCfg = Run|Any CPU
		{CE58AAC8-2271-4223-882F-0CD1A7105A52}.(svnlib) Debug run|Any CPU.ActiveCfg = (svnlib) Debug|Any CPU
		{CE58AAC8-2271-4223-882F-0CD1A7105A52}.(svnlib) Debug run|Any CPU.Build.0 = (svnlib) Debug|Any CPU
		{CE58AAC8-2271-4223-882F-0CD1A7105A52}.(svnlib) Debug run|Mixed Platforms.ActiveCfg = (svnlib) Debug|Any CPU
		{CE58AAC8-2271-4223-882F-0CD1A7105A52}.(svnlib) Debug run|Mixed Platforms.Build.0 = (svnlib) Debug|Any CPU
		{CE58AAC8-2271-4223-882F-0CD1A7105A52}.(svnlib) Debug run|Win32.ActiveCfg = (svnlib) Debug|Any CPU
		{CE58AAC8-2271-4223-882F-0CD1A7105A52}.(svnlib) Debug run|Win32.Build.0 = (svnlib) Debug|Any CPU
		{CE58AAC8-2271-4223-882F-0CD1A7105A52}.(svnlib) Debug|Any CPU.ActiveCfg = (svnlib) Debug|Any CPU
		{CE58AAC8-2271-4223-882F-0CD1A7105A52}.(svnlib) Debug|Any CPU.Build.0 = (svnlib) Debug|Any CPU
		{CE58AAC8-2271-4223-882F-0CD1A7105A52}.(svnlib) Debug|Mixed Platforms.ActiveCfg = (svnlib) Debug|Any CPU
		{CE58AAC8-2271-4223-882F-0CD1A7105A52}.(svnlib) Debug|Mixed Platforms.Build.0 = (svnlib) Debug|Any CPU
		{CE58AAC8-2271-4223-882F-0CD1A7105A52}.(svnlib) Debug|Win32.ActiveCfg = (svnlib) Debug|Any CPU
		{CE58AAC8-2271-4223-882F-0CD1A7105A52}.(svnlib) Debug|Win32.Build.0 = (svnlib) Debug|Any CPU
		{CE58AAC8-2271-4223-882F-0CD1A7105A52}.(svnlib) NSvn.Tests|Any CPU.ActiveCfg = (svnlib) Debug|Any CPU
		{CE58AAC8-2271-4223-882F-0CD1A7105A52}.(svnlib) NSvn.Tests|Mixed Platforms.ActiveCfg = (svnlib) Debug|Any CPU
		{CE58AAC8-2271-4223-882F-0CD1A7105A52}.(svnlib) NSvn.Tests|Mixed Platforms.Build.0 = (svnlib) Debug|Any CPU
		{CE58AAC8-2271-4223-882F-0CD1A7105A52}.(svnlib) NSvn.Tests|Win32.ActiveCfg = (svnlib) Debug|Any CPU
		{CE58AAC8-2271-4223-882F-0CD1A7105A52}.(svnlib) Release|Any CPU.ActiveCfg = (svnlib) Release|Any CPU
		{CE58AAC8-2271-4223-882F-0CD1A7105A52}.(svnlib) Release|Any CPU.Build.0 = (svnlib) Release|Any CPU
		{CE58AAC8-2271-4223-882F-0CD1A7105A52}.(svnlib) Release|Mixed Platforms.ActiveCfg = (svnlib) Release|Any CPU
		{CE58AAC8-2271-4223-882F-0CD1A7105A52}.(svnlib) Release|Mixed Platforms.Build.0 = (svnlib) Release|Any CPU
		{CE58AAC8-2271-4223-882F-0CD1A7105A52}.(svnlib) Release|Win32.ActiveCfg = (svnlib) Release|Any CPU
		{CE58AAC8-2271-4223-882F-0CD1A7105A52}.(svnlib) Release|Win32.Build.0 = (svnlib) Release|Any CPU
		{CE58AAC8-2271-4223-882F-0CD1A7105A52}.Debug run|Any CPU.ActiveCfg = Debug|Any CPU
		{CE58AAC8-2271-4223-882F-0CD1A7105A52}.Debug run|Any CPU.Build.0 = Debug|Any CPU
		{CE58AAC8-2271-4223-882F-0CD1A7105A52}.Debug run|Mixed Platforms.ActiveCfg = Debug|Any CPU
		{CE58AAC8-2271-4223-882F-0CD1A7105A52}.Debug run|Mixed Platforms.Build.0 = Debug|Any CPU
		{CE58AAC8-2271-4223-882F-0CD1A7105A52}.Debug run|Win32.ActiveCfg = Debug|Any CPU
		{CE58AAC8-2271-4223-882F-0CD1A7105A52}.Debug run|Win32.Build.0 = Debug|Any CPU
		{CE58AAC8-2271-4223-882F-0CD1A7105A52}.Debug|Any CPU.ActiveCfg = Debug|Any CPU
		{CE58AAC8-2271-4223-882F-0CD1A7105A52}.Debug|Any CPU.Build.0 = Debug|Any CPU
		{CE58AAC8-2271-4223-882F-0CD1A7105A52}.Debug|Mixed Platforms.ActiveCfg = Debug|Any CPU
		{CE58AAC8-2271-4223-882F-0CD1A7105A52}.Debug|Mixed Platforms.Build.0 = Debug|Any CPU
		{CE58AAC8-2271-4223-882F-0CD1A7105A52}.Debug|Win32.ActiveCfg = Debug|Any CPU
		{CE58AAC8-2271-4223-882F-0CD1A7105A52}.Debug|Win32.Build.0 = Debug|Any CPU
		{CE58AAC8-2271-4223-882F-0CD1A7105A52}.NSvn.Tests|Any CPU.ActiveCfg = Debug|Any CPU
		{CE58AAC8-2271-4223-882F-0CD1A7105A52}.NSvn.Tests|Mixed Platforms.ActiveCfg = (svnlib) Debug|Any CPU
		{CE58AAC8-2271-4223-882F-0CD1A7105A52}.NSvn.Tests|Mixed Platforms.Build.0 = (svnlib) Debug|Any CPU
		{CE58AAC8-2271-4223-882F-0CD1A7105A52}.NSvn.Tests|Win32.ActiveCfg = Debug|Any CPU
		{CE58AAC8-2271-4223-882F-0CD1A7105A52}.Release|Any CPU.ActiveCfg = Release|Any CPU
		{CE58AAC8-2271-4223-882F-0CD1A7105A52}.Release|Any CPU.Build.0 = Release|Any CPU
		{CE58AAC8-2271-4223-882F-0CD1A7105A52}.Release|Mixed Platforms.ActiveCfg = Release|Any CPU
		{CE58AAC8-2271-4223-882F-0CD1A7105A52}.Release|Mixed Platforms.Build.0 = Release|Any CPU
		{CE58AAC8-2271-4223-882F-0CD1A7105A52}.Release|Win32.ActiveCfg = Release|Any CPU
		{CE58AAC8-2271-4223-882F-0CD1A7105A52}.Release|Win32.Build.0 = Release|Any CPU
		{CE58AAC8-2271-4223-882F-0CD1A7105A52}.Run|Any CPU.ActiveCfg = Run|Any CPU
		{CE58AAC8-2271-4223-882F-0CD1A7105A52}.Run|Mixed Platforms.ActiveCfg = Run|Any CPU
		{CE58AAC8-2271-4223-882F-0CD1A7105A52}.Run|Mixed Platforms.Build.0 = Run|Any CPU
		{CE58AAC8-2271-4223-882F-0CD1A7105A52}.Run|Win32.ActiveCfg = Run|Any CPU
		{E31A3F36-D1C5-4FC2-8530-D24B9E01B09E}.(svnlib) Debug run|Any CPU.ActiveCfg = (svnlib) Debug|Win32
		{E31A3F36-D1C5-4FC2-8530-D24B9E01B09E}.(svnlib) Debug run|Any CPU.Build.0 = (svnlib) Debug|Win32
		{E31A3F36-D1C5-4FC2-8530-D24B9E01B09E}.(svnlib) Debug run|Mixed Platforms.ActiveCfg = (svnlib) Debug|Win32
		{E31A3F36-D1C5-4FC2-8530-D24B9E01B09E}.(svnlib) Debug run|Mixed Platforms.Build.0 = (svnlib) Debug|Win32
		{E31A3F36-D1C5-4FC2-8530-D24B9E01B09E}.(svnlib) Debug run|Win32.ActiveCfg = (svnlib) Debug|Win32
		{E31A3F36-D1C5-4FC2-8530-D24B9E01B09E}.(svnlib) Debug run|Win32.Build.0 = (svnlib) Debug|Win32
		{E31A3F36-D1C5-4FC2-8530-D24B9E01B09E}.(svnlib) Debug|Any CPU.ActiveCfg = (svnlib) Debug|Win32
		{E31A3F36-D1C5-4FC2-8530-D24B9E01B09E}.(svnlib) Debug|Any CPU.Build.0 = (svnlib) Debug|Win32
		{E31A3F36-D1C5-4FC2-8530-D24B9E01B09E}.(svnlib) Debug|Mixed Platforms.ActiveCfg = (svnlib) Debug|Win32
		{E31A3F36-D1C5-4FC2-8530-D24B9E01B09E}.(svnlib) Debug|Mixed Platforms.Build.0 = (svnlib) Debug|Win32
		{E31A3F36-D1C5-4FC2-8530-D24B9E01B09E}.(svnlib) Debug|Win32.ActiveCfg = (svnlib) Debug|Win32
		{E31A3F36-D1C5-4FC2-8530-D24B9E01B09E}.(svnlib) Debug|Win32.Build.0 = (svnlib) Debug|Win32
		{E31A3F36-D1C5-4FC2-8530-D24B9E01B09E}.(svnlib) NSvn.Tests|Any CPU.ActiveCfg = (svnlib) Debug|Win32
		{E31A3F36-D1C5-4FC2-8530-D24B9E01B09E}.(svnlib) NSvn.Tests|Any CPU.Build.0 = (svnlib) Debug|Win32
		{E31A3F36-D1C5-4FC2-8530-D24B9E01B09E}.(svnlib) NSvn.Tests|Mixed Platforms.ActiveCfg = (svnlib) Release|Win32
		{E31A3F36-D1C5-4FC2-8530-D24B9E01B09E}.(svnlib) NSvn.Tests|Mixed Platforms.Build.0 = (svnlib) Release|Win32
		{E31A3F36-D1C5-4FC2-8530-D24B9E01B09E}.(svnlib) NSvn.Tests|Win32.ActiveCfg = (svnlib) Debug|Win32
		{E31A3F36-D1C5-4FC2-8530-D24B9E01B09E}.(svnlib) NSvn.Tests|Win32.Build.0 = (svnlib) Debug|Win32
		{E31A3F36-D1C5-4FC2-8530-D24B9E01B09E}.(svnlib) Release|Any CPU.ActiveCfg = (svnlib) Release|Win32
		{E31A3F36-D1C5-4FC2-8530-D24B9E01B09E}.(svnlib) Release|Any CPU.Build.0 = (svnlib) Release|Win32
		{E31A3F36-D1C5-4FC2-8530-D24B9E01B09E}.(svnlib) Release|Mixed Platforms.ActiveCfg = (svnlib) Release|Win32
		{E31A3F36-D1C5-4FC2-8530-D24B9E01B09E}.(svnlib) Release|Mixed Platforms.Build.0 = (svnlib) Release|Win32
		{E31A3F36-D1C5-4FC2-8530-D24B9E01B09E}.(svnlib) Release|Win32.ActiveCfg = (svnlib) Release|Win32
		{E31A3F36-D1C5-4FC2-8530-D24B9E01B09E}.(svnlib) Release|Win32.Build.0 = (svnlib) Release|Win32
		{E31A3F36-D1C5-4FC2-8530-D24B9E01B09E}.Debug run|Any CPU.ActiveCfg = Debug|Win32
		{E31A3F36-D1C5-4FC2-8530-D24B9E01B09E}.Debug run|Any CPU.Build.0 = Debug|Win32
		{E31A3F36-D1C5-4FC2-8530-D24B9E01B09E}.Debug run|Mixed Platforms.ActiveCfg = Debug|Win32
		{E31A3F36-D1C5-4FC2-8530-D24B9E01B09E}.Debug run|Mixed Platforms.Build.0 = Debug|Win32
		{E31A3F36-D1C5-4FC2-8530-D24B9E01B09E}.Debug run|Win32.ActiveCfg = Debug|Win32
		{E31A3F36-D1C5-4FC2-8530-D24B9E01B09E}.Debug run|Win32.Build.0 = Debug|Win32
		{E31A3F36-D1C5-4FC2-8530-D24B9E01B09E}.Debug|Any CPU.ActiveCfg = Debug|Win32
		{E31A3F36-D1C5-4FC2-8530-D24B9E01B09E}.Debug|Any CPU.Build.0 = Debug|Win32
		{E31A3F36-D1C5-4FC2-8530-D24B9E01B09E}.Debug|Mixed Platforms.ActiveCfg = Debug|Win32
		{E31A3F36-D1C5-4FC2-8530-D24B9E01B09E}.Debug|Mixed Platforms.Build.0 = Debug|Win32
		{E31A3F36-D1C5-4FC2-8530-D24B9E01B09E}.Debug|Win32.ActiveCfg = Debug|Win32
		{E31A3F36-D1C5-4FC2-8530-D24B9E01B09E}.Debug|Win32.Build.0 = Debug|Win32
		{E31A3F36-D1C5-4FC2-8530-D24B9E01B09E}.NSvn.Tests|Any CPU.ActiveCfg = Debug|Win32
		{E31A3F36-D1C5-4FC2-8530-D24B9E01B09E}.NSvn.Tests|Any CPU.Build.0 = Debug|Win32
		{E31A3F36-D1C5-4FC2-8530-D24B9E01B09E}.NSvn.Tests|Mixed Platforms.ActiveCfg = (svnlib) Release|Win32
		{E31A3F36-D1C5-4FC2-8530-D24B9E01B09E}.NSvn.Tests|Mixed Platforms.Build.0 = (svnlib) Release|Win32
		{E31A3F36-D1C5-4FC2-8530-D24B9E01B09E}.NSvn.Tests|Win32.ActiveCfg = Debug|Win32
		{E31A3F36-D1C5-4FC2-8530-D24B9E01B09E}.NSvn.Tests|Win32.Build.0 = Debug|Win32
		{E31A3F36-D1C5-4FC2-8530-D24B9E01B09E}.Release|Any CPU.ActiveCfg = Release|Win32
		{E31A3F36-D1C5-4FC2-8530-D24B9E01B09E}.Release|Any CPU.Build.0 = Release|Win32
		{E31A3F36-D1C5-4FC2-8530-D24B9E01B09E}.Release|Mixed Platforms.ActiveCfg = Release|Win32
		{E31A3F36-D1C5-4FC2-8530-D24B9E01B09E}.Release|Mixed Platforms.Build.0 = Release|Win32
		{E31A3F36-D1C5-4FC2-8530-D24B9E01B09E}.Release|Win32.ActiveCfg = Release|Win32
		{E31A3F36-D1C5-4FC2-8530-D24B9E01B09E}.Release|Win32.Build.0 = Release|Win32
		{E31A3F36-D1C5-4FC2-8530-D24B9E01B09E}.Run|Any CPU.ActiveCfg = Run|Win32
		{E31A3F36-D1C5-4FC2-8530-D24B9E01B09E}.Run|Mixed Platforms.ActiveCfg = Run|Win32
		{E31A3F36-D1C5-4FC2-8530-D24B9E01B09E}.Run|Mixed Platforms.Build.0 = Run|Win32
		{E31A3F36-D1C5-4FC2-8530-D24B9E01B09E}.Run|Win32.ActiveCfg = Run|Win32
		{E31A3F36-D1C5-4FC2-8530-D24B9E01B09E}.Run|Win32.Build.0 = Run|Win32
		{1882FE23-6EE3-46AF-82B2-929E371E6218}.(svnlib) Debug run|Any CPU.ActiveCfg = (svnlib) Debug|Any CPU
		{1882FE23-6EE3-46AF-82B2-929E371E6218}.(svnlib) Debug run|Mixed Platforms.ActiveCfg = (svnlib) Debug|Any CPU
		{1882FE23-6EE3-46AF-82B2-929E371E6218}.(svnlib) Debug run|Mixed Platforms.Build.0 = (svnlib) Debug|Any CPU
		{1882FE23-6EE3-46AF-82B2-929E371E6218}.(svnlib) Debug run|Win32.ActiveCfg = (svnlib) Debug|Any CPU
		{1882FE23-6EE3-46AF-82B2-929E371E6218}.(svnlib) Debug|Any CPU.ActiveCfg = (svnlib) Debug|Any CPU
		{1882FE23-6EE3-46AF-82B2-929E371E6218}.(svnlib) Debug|Any CPU.Build.0 = (svnlib) Debug|Any CPU
		{1882FE23-6EE3-46AF-82B2-929E371E6218}.(svnlib) Debug|Mixed Platforms.ActiveCfg = (svnlib) Debug|Any CPU
		{1882FE23-6EE3-46AF-82B2-929E371E6218}.(svnlib) Debug|Mixed Platforms.Build.0 = (svnlib) Debug|Any CPU
		{1882FE23-6EE3-46AF-82B2-929E371E6218}.(svnlib) Debug|Win32.ActiveCfg = (svnlib) Debug|Any CPU
		{1882FE23-6EE3-46AF-82B2-929E371E6218}.(svnlib) Debug|Win32.Build.0 = (svnlib) Debug|Any CPU
		{1882FE23-6EE3-46AF-82B2-929E371E6218}.(svnlib) NSvn.Tests|Any CPU.ActiveCfg = (svnlib) Debug|Any CPU
		{1882FE23-6EE3-46AF-82B2-929E371E6218}.(svnlib) NSvn.Tests|Any CPU.Build.0 = (svnlib) Debug|Any CPU
		{1882FE23-6EE3-46AF-82B2-929E371E6218}.(svnlib) NSvn.Tests|Mixed Platforms.ActiveCfg = (svnlib) Debug|Any CPU
		{1882FE23-6EE3-46AF-82B2-929E371E6218}.(svnlib) NSvn.Tests|Mixed Platforms.Build.0 = (svnlib) Debug|Any CPU
		{1882FE23-6EE3-46AF-82B2-929E371E6218}.(svnlib) NSvn.Tests|Win32.ActiveCfg = (svnlib) Debug|Any CPU
		{1882FE23-6EE3-46AF-82B2-929E371E6218}.(svnlib) NSvn.Tests|Win32.Build.0 = (svnlib) Debug|Any CPU
		{1882FE23-6EE3-46AF-82B2-929E371E6218}.(svnlib) Release|Any CPU.ActiveCfg = (svnlib) Release|Any CPU
		{1882FE23-6EE3-46AF-82B2-929E371E6218}.(svnlib) Release|Any CPU.Build.0 = (svnlib) Release|Any CPU
		{1882FE23-6EE3-46AF-82B2-929E371E6218}.(svnlib) Release|Mixed Platforms.ActiveCfg = (svnlib) Release|Any CPU
		{1882FE23-6EE3-46AF-82B2-929E371E6218}.(svnlib) Release|Mixed Platforms.Build.0 = (svnlib) Release|Any CPU
		{1882FE23-6EE3-46AF-82B2-929E371E6218}.(svnlib) Release|Win32.ActiveCfg = (svnlib) Release|Any CPU
		{1882FE23-6EE3-46AF-82B2-929E371E6218}.(svnlib) Release|Win32.Build.0 = (svnlib) Release|Any CPU
		{1882FE23-6EE3-46AF-82B2-929E371E6218}.Debug run|Any CPU.ActiveCfg = Debug|Any CPU
		{1882FE23-6EE3-46AF-82B2-929E371E6218}.Debug run|Mixed Platforms.ActiveCfg = Debug|Any CPU
		{1882FE23-6EE3-46AF-82B2-929E371E6218}.Debug run|Win32.ActiveCfg = Debug|Any CPU
		{1882FE23-6EE3-46AF-82B2-929E371E6218}.Debug|Any CPU.ActiveCfg = Debug|Any CPU
		{1882FE23-6EE3-46AF-82B2-929E371E6218}.Debug|Any CPU.Build.0 = Debug|Any CPU
		{1882FE23-6EE3-46AF-82B2-929E371E6218}.Debug|Mixed Platforms.ActiveCfg = Debug|Any CPU
		{1882FE23-6EE3-46AF-82B2-929E371E6218}.Debug|Mixed Platforms.Build.0 = Debug|Any CPU
		{1882FE23-6EE3-46AF-82B2-929E371E6218}.Debug|Win32.ActiveCfg = Debug|Any CPU
		{1882FE23-6EE3-46AF-82B2-929E371E6218}.Debug|Win32.Build.0 = Debug|Any CPU
		{1882FE23-6EE3-46AF-82B2-929E371E6218}.NSvn.Tests|Any CPU.ActiveCfg = Debug|Any CPU
		{1882FE23-6EE3-46AF-82B2-929E371E6218}.NSvn.Tests|Any CPU.Build.0 = Debug|Any CPU
		{1882FE23-6EE3-46AF-82B2-929E371E6218}.NSvn.Tests|Mixed Platforms.ActiveCfg = (svnlib) Debug|Any CPU
		{1882FE23-6EE3-46AF-82B2-929E371E6218}.NSvn.Tests|Mixed Platforms.Build.0 = (svnlib) Debug|Any CPU
		{1882FE23-6EE3-46AF-82B2-929E371E6218}.NSvn.Tests|Win32.ActiveCfg = Debug|Any CPU
		{1882FE23-6EE3-46AF-82B2-929E371E6218}.NSvn.Tests|Win32.Build.0 = Debug|Any CPU
		{1882FE23-6EE3-46AF-82B2-929E371E6218}.Release|Any CPU.ActiveCfg = Release|Any CPU
		{1882FE23-6EE3-46AF-82B2-929E371E6218}.Release|Any CPU.Build.0 = Release|Any CPU
		{1882FE23-6EE3-46AF-82B2-929E371E6218}.Release|Mixed Platforms.ActiveCfg = Release|Any CPU
		{1882FE23-6EE3-46AF-82B2-929E371E6218}.Release|Mixed Platforms.Build.0 = Release|Any CPU
		{1882FE23-6EE3-46AF-82B2-929E371E6218}.Release|Win32.ActiveCfg = Release|Any CPU
		{1882FE23-6EE3-46AF-82B2-929E371E6218}.Release|Win32.Build.0 = Release|Any CPU
		{1882FE23-6EE3-46AF-82B2-929E371E6218}.Run|Any CPU.ActiveCfg = Run|Any CPU
		{1882FE23-6EE3-46AF-82B2-929E371E6218}.Run|Mixed Platforms.ActiveCfg = Run|Any CPU
		{1882FE23-6EE3-46AF-82B2-929E371E6218}.Run|Mixed Platforms.Build.0 = Run|Any CPU
		{1882FE23-6EE3-46AF-82B2-929E371E6218}.Run|Win32.ActiveCfg = Run|Any CPU
		{3A8DF134-05F1-4357-9682-AB14CDDA48A9}.(svnlib) Debug run|Any CPU.ActiveCfg = (svnlib) Debug|Any CPU
		{3A8DF134-05F1-4357-9682-AB14CDDA48A9}.(svnlib) Debug run|Any CPU.Build.0 = (svnlib) Debug|Any CPU
		{3A8DF134-05F1-4357-9682-AB14CDDA48A9}.(svnlib) Debug run|Mixed Platforms.ActiveCfg = (svnlib) Debug|Any CPU
		{3A8DF134-05F1-4357-9682-AB14CDDA48A9}.(svnlib) Debug run|Mixed Platforms.Build.0 = (svnlib) Debug|Any CPU
		{3A8DF134-05F1-4357-9682-AB14CDDA48A9}.(svnlib) Debug run|Win32.ActiveCfg = (svnlib) Debug|Any CPU
		{3A8DF134-05F1-4357-9682-AB14CDDA48A9}.(svnlib) Debug run|Win32.Build.0 = (svnlib) Debug|Any CPU
		{3A8DF134-05F1-4357-9682-AB14CDDA48A9}.(svnlib) Debug|Any CPU.ActiveCfg = (svnlib) Debug|Any CPU
		{3A8DF134-05F1-4357-9682-AB14CDDA48A9}.(svnlib) Debug|Any CPU.Build.0 = (svnlib) Debug|Any CPU
		{3A8DF134-05F1-4357-9682-AB14CDDA48A9}.(svnlib) Debug|Mixed Platforms.ActiveCfg = (svnlib) Debug|Any CPU
		{3A8DF134-05F1-4357-9682-AB14CDDA48A9}.(svnlib) Debug|Mixed Platforms.Build.0 = (svnlib) Debug|Any CPU
		{3A8DF134-05F1-4357-9682-AB14CDDA48A9}.(svnlib) Debug|Win32.ActiveCfg = (svnlib) Debug|Any CPU
		{3A8DF134-05F1-4357-9682-AB14CDDA48A9}.(svnlib) Debug|Win32.Build.0 = (svnlib) Debug|Any CPU
		{3A8DF134-05F1-4357-9682-AB14CDDA48A9}.(svnlib) NSvn.Tests|Any CPU.ActiveCfg = (svnlib) Debug|Any CPU
		{3A8DF134-05F1-4357-9682-AB14CDDA48A9}.(svnlib) NSvn.Tests|Any CPU.Build.0 = (svnlib) Debug|Any CPU
		{3A8DF134-05F1-4357-9682-AB14CDDA48A9}.(svnlib) NSvn.Tests|Mixed Platforms.ActiveCfg = (svnlib) Release|Any CPU
		{3A8DF134-05F1-4357-9682-AB14CDDA48A9}.(svnlib) NSvn.Tests|Mixed Platforms.Build.0 = (svnlib) Release|Any CPU
		{3A8DF134-05F1-4357-9682-AB14CDDA48A9}.(svnlib) NSvn.Tests|Win32.ActiveCfg = (svnlib) Debug|Any CPU
		{3A8DF134-05F1-4357-9682-AB14CDDA48A9}.(svnlib) NSvn.Tests|Win32.Build.0 = (svnlib) Debug|Any CPU
		{3A8DF134-05F1-4357-9682-AB14CDDA48A9}.(svnlib) Release|Any CPU.ActiveCfg = (svnlib) Release|Any CPU
		{3A8DF134-05F1-4357-9682-AB14CDDA48A9}.(svnlib) Release|Any CPU.Build.0 = (svnlib) Release|Any CPU
		{3A8DF134-05F1-4357-9682-AB14CDDA48A9}.(svnlib) Release|Mixed Platforms.ActiveCfg = (svnlib) Release|Any CPU
		{3A8DF134-05F1-4357-9682-AB14CDDA48A9}.(svnlib) Release|Mixed Platforms.Build.0 = (svnlib) Release|Any CPU
		{3A8DF134-05F1-4357-9682-AB14CDDA48A9}.(svnlib) Release|Win32.ActiveCfg = (svnlib) Release|Any CPU
		{3A8DF134-05F1-4357-9682-AB14CDDA48A9}.(svnlib) Release|Win32.Build.0 = (svnlib) Release|Any CPU
		{3A8DF134-05F1-4357-9682-AB14CDDA48A9}.Debug run|Any CPU.ActiveCfg = Debug|Any CPU
		{3A8DF134-05F1-4357-9682-AB14CDDA48A9}.Debug run|Any CPU.Build.0 = Debug|Any CPU
		{3A8DF134-05F1-4357-9682-AB14CDDA48A9}.Debug run|Mixed Platforms.ActiveCfg = Debug|Any CPU
		{3A8DF134-05F1-4357-9682-AB14CDDA48A9}.Debug run|Mixed Platforms.Build.0 = Debug|Any CPU
		{3A8DF134-05F1-4357-9682-AB14CDDA48A9}.Debug run|Win32.ActiveCfg = Debug|Any CPU
		{3A8DF134-05F1-4357-9682-AB14CDDA48A9}.Debug run|Win32.Build.0 = Debug|Any CPU
		{3A8DF134-05F1-4357-9682-AB14CDDA48A9}.Debug|Any CPU.ActiveCfg = Debug|Any CPU
		{3A8DF134-05F1-4357-9682-AB14CDDA48A9}.Debug|Any CPU.Build.0 = Debug|Any CPU
		{3A8DF134-05F1-4357-9682-AB14CDDA48A9}.Debug|Mixed Platforms.ActiveCfg = Debug|Any CPU
		{3A8DF134-05F1-4357-9682-AB14CDDA48A9}.Debug|Mixed Platforms.Build.0 = Debug|Any CPU
		{3A8DF134-05F1-4357-9682-AB14CDDA48A9}.Debug|Win32.ActiveCfg = Debug|Any CPU
		{3A8DF134-05F1-4357-9682-AB14CDDA48A9}.Debug|Win32.Build.0 = Debug|Any CPU
		{3A8DF134-05F1-4357-9682-AB14CDDA48A9}.NSvn.Tests|Any CPU.ActiveCfg = Debug|Any CPU
		{3A8DF134-05F1-4357-9682-AB14CDDA48A9}.NSvn.Tests|Any CPU.Build.0 = Debug|Any CPU
		{3A8DF134-05F1-4357-9682-AB14CDDA48A9}.NSvn.Tests|Mixed Platforms.ActiveCfg = (svnlib) Release|Any CPU
		{3A8DF134-05F1-4357-9682-AB14CDDA48A9}.NSvn.Tests|Mixed Platforms.Build.0 = (svnlib) Release|Any CPU
		{3A8DF134-05F1-4357-9682-AB14CDDA48A9}.NSvn.Tests|Win32.ActiveCfg = Debug|Any CPU
		{3A8DF134-05F1-4357-9682-AB14CDDA48A9}.NSvn.Tests|Win32.Build.0 = Debug|Any CPU
		{3A8DF134-05F1-4357-9682-AB14CDDA48A9}.Release|Any CPU.ActiveCfg = Release|Any CPU
		{3A8DF134-05F1-4357-9682-AB14CDDA48A9}.Release|Any CPU.Build.0 = Release|Any CPU
		{3A8DF134-05F1-4357-9682-AB14CDDA48A9}.Release|Mixed Platforms.ActiveCfg = Release|Any CPU
		{3A8DF134-05F1-4357-9682-AB14CDDA48A9}.Release|Mixed Platforms.Build.0 = Release|Any CPU
		{3A8DF134-05F1-4357-9682-AB14CDDA48A9}.Release|Win32.ActiveCfg = Release|Any CPU
		{3A8DF134-05F1-4357-9682-AB14CDDA48A9}.Release|Win32.Build.0 = Release|Any CPU
		{3A8DF134-05F1-4357-9682-AB14CDDA48A9}.Run|Any CPU.ActiveCfg = Run|Any CPU
		{3A8DF134-05F1-4357-9682-AB14CDDA48A9}.Run|Mixed Platforms.ActiveCfg = Run|Any CPU
		{3A8DF134-05F1-4357-9682-AB14CDDA48A9}.Run|Mixed Platforms.Build.0 = Run|Any CPU
		{3A8DF134-05F1-4357-9682-AB14CDDA48A9}.Run|Win32.ActiveCfg = Run|Any CPU
		{05E011D8-54B5-4558-80BF-A8AD64DDAC97}.(svnlib) Debug run|Any CPU.ActiveCfg = (svnlib) Debug|Win32
		{05E011D8-54B5-4558-80BF-A8AD64DDAC97}.(svnlib) Debug run|Mixed Platforms.ActiveCfg = (svnlib) Debug|Win32
		{05E011D8-54B5-4558-80BF-A8AD64DDAC97}.(svnlib) Debug run|Mixed Platforms.Build.0 = (svnlib) Debug|Win32
		{05E011D8-54B5-4558-80BF-A8AD64DDAC97}.(svnlib) Debug run|Win32.ActiveCfg = (svnlib) Debug|Win32
		{05E011D8-54B5-4558-80BF-A8AD64DDAC97}.(svnlib) Debug|Any CPU.ActiveCfg = (svnlib) Debug|Win32
		{05E011D8-54B5-4558-80BF-A8AD64DDAC97}.(svnlib) Debug|Any CPU.Build.0 = (svnlib) Debug|Win32
		{05E011D8-54B5-4558-80BF-A8AD64DDAC97}.(svnlib) Debug|Mixed Platforms.ActiveCfg = (svnlib) Debug|Win32
		{05E011D8-54B5-4558-80BF-A8AD64DDAC97}.(svnlib) Debug|Mixed Platforms.Build.0 = (svnlib) Debug|Win32
		{05E011D8-54B5-4558-80BF-A8AD64DDAC97}.(svnlib) Debug|Win32.ActiveCfg = (svnlib) Debug|Win32
		{05E011D8-54B5-4558-80BF-A8AD64DDAC97}.(svnlib) Debug|Win32.Build.0 = (svnlib) Debug|Win32
		{05E011D8-54B5-4558-80BF-A8AD64DDAC97}.(svnlib) NSvn.Tests|Any CPU.ActiveCfg = (svnlib) Debug|Win32
		{05E011D8-54B5-4558-80BF-A8AD64DDAC97}.(svnlib) NSvn.Tests|Mixed Platforms.ActiveCfg = (svnlib) Release|Win32
		{05E011D8-54B5-4558-80BF-A8AD64DDAC97}.(svnlib) NSvn.Tests|Mixed Platforms.Build.0 = (svnlib) Release|Win32
		{05E011D8-54B5-4558-80BF-A8AD64DDAC97}.(svnlib) NSvn.Tests|Win32.ActiveCfg = (svnlib) Debug|Win32
		{05E011D8-54B5-4558-80BF-A8AD64DDAC97}.(svnlib) Release|Any CPU.ActiveCfg = (svnlib) Release|Win32
		{05E011D8-54B5-4558-80BF-A8AD64DDAC97}.(svnlib) Release|Any CPU.Build.0 = (svnlib) Release|Win32
		{05E011D8-54B5-4558-80BF-A8AD64DDAC97}.(svnlib) Release|Mixed Platforms.ActiveCfg = (svnlib) Release|Win32
		{05E011D8-54B5-4558-80BF-A8AD64DDAC97}.(svnlib) Release|Mixed Platforms.Build.0 = (svnlib) Release|Win32
		{05E011D8-54B5-4558-80BF-A8AD64DDAC97}.(svnlib) Release|Win32.ActiveCfg = (svnlib) Release|Win32
		{05E011D8-54B5-4558-80BF-A8AD64DDAC97}.(svnlib) Release|Win32.Build.0 = (svnlib) Release|Win32
		{05E011D8-54B5-4558-80BF-A8AD64DDAC97}.Debug run|Any CPU.ActiveCfg = Debug|Win32
		{05E011D8-54B5-4558-80BF-A8AD64DDAC97}.Debug run|Mixed Platforms.ActiveCfg = Debug|Win32
		{05E011D8-54B5-4558-80BF-A8AD64DDAC97}.Debug run|Win32.ActiveCfg = Debug|Win32
		{05E011D8-54B5-4558-80BF-A8AD64DDAC97}.Debug|Any CPU.ActiveCfg = Debug|Win32
		{05E011D8-54B5-4558-80BF-A8AD64DDAC97}.Debug|Any CPU.Build.0 = Debug|Win32
		{05E011D8-54B5-4558-80BF-A8AD64DDAC97}.Debug|Mixed Platforms.ActiveCfg = Debug|Win32
		{05E011D8-54B5-4558-80BF-A8AD64DDAC97}.Debug|Win32.ActiveCfg = Debug|Win32
		{05E011D8-54B5-4558-80BF-A8AD64DDAC97}.Debug|Win32.Build.0 = Debug|Win32
		{05E011D8-54B5-4558-80BF-A8AD64DDAC97}.NSvn.Tests|Any CPU.ActiveCfg = Debug|Win32
		{05E011D8-54B5-4558-80BF-A8AD64DDAC97}.NSvn.Tests|Mixed Platforms.ActiveCfg = (svnlib) Release|Win32
		{05E011D8-54B5-4558-80BF-A8AD64DDAC97}.NSvn.Tests|Mixed Platforms.Build.0 = (svnlib) Release|Win32
		{05E011D8-54B5-4558-80BF-A8AD64DDAC97}.NSvn.Tests|Win32.ActiveCfg = Debug|Win32
		{05E011D8-54B5-4558-80BF-A8AD64DDAC97}.Release|Any CPU.ActiveCfg = Release|Win32
		{05E011D8-54B5-4558-80BF-A8AD64DDAC97}.Release|Any CPU.Build.0 = Release|Win32
		{05E011D8-54B5-4558-80BF-A8AD64DDAC97}.Release|Mixed Platforms.ActiveCfg = Release|Win32
		{05E011D8-54B5-4558-80BF-A8AD64DDAC97}.Release|Mixed Platforms.Build.0 = Release|Win32
		{05E011D8-54B5-4558-80BF-A8AD64DDAC97}.Release|Win32.ActiveCfg = Release|Win32
		{05E011D8-54B5-4558-80BF-A8AD64DDAC97}.Release|Win32.Build.0 = Release|Win32
		{05E011D8-54B5-4558-80BF-A8AD64DDAC97}.Run|Any CPU.ActiveCfg = Run|Win32
		{05E011D8-54B5-4558-80BF-A8AD64DDAC97}.Run|Mixed Platforms.ActiveCfg = Run|Win32
		{05E011D8-54B5-4558-80BF-A8AD64DDAC97}.Run|Mixed Platforms.Build.0 = Run|Win32
		{05E011D8-54B5-4558-80BF-A8AD64DDAC97}.Run|Win32.ActiveCfg = Run|Win32
		{A3248E1E-8272-4227-AF02-BB86040FBED9}.(svnlib) Debug run|Any CPU.ActiveCfg = Debug|Any CPU
		{A3248E1E-8272-4227-AF02-BB86040FBED9}.(svnlib) Debug run|Any CPU.Build.0 = Debug|Any CPU
		{A3248E1E-8272-4227-AF02-BB86040FBED9}.(svnlib) Debug run|Mixed Platforms.ActiveCfg = Debug|Any CPU
		{A3248E1E-8272-4227-AF02-BB86040FBED9}.(svnlib) Debug run|Mixed Platforms.Build.0 = Debug|Any CPU
		{A3248E1E-8272-4227-AF02-BB86040FBED9}.(svnlib) Debug run|Win32.ActiveCfg = Debug|Any CPU
		{A3248E1E-8272-4227-AF02-BB86040FBED9}.(svnlib) Debug run|Win32.Build.0 = Debug|Any CPU
		{A3248E1E-8272-4227-AF02-BB86040FBED9}.(svnlib) Debug|Any CPU.ActiveCfg = Debug|Any CPU
		{A3248E1E-8272-4227-AF02-BB86040FBED9}.(svnlib) Debug|Any CPU.Build.0 = Debug|Any CPU
		{A3248E1E-8272-4227-AF02-BB86040FBED9}.(svnlib) Debug|Mixed Platforms.ActiveCfg = Debug|Any CPU
		{A3248E1E-8272-4227-AF02-BB86040FBED9}.(svnlib) Debug|Mixed Platforms.Build.0 = Debug|Any CPU
		{A3248E1E-8272-4227-AF02-BB86040FBED9}.(svnlib) Debug|Win32.ActiveCfg = Debug|Any CPU
		{A3248E1E-8272-4227-AF02-BB86040FBED9}.(svnlib) Debug|Win32.Build.0 = Debug|Any CPU
		{A3248E1E-8272-4227-AF02-BB86040FBED9}.(svnlib) NSvn.Tests|Any CPU.ActiveCfg = Debug|Any CPU
		{A3248E1E-8272-4227-AF02-BB86040FBED9}.(svnlib) NSvn.Tests|Mixed Platforms.ActiveCfg = Release|Any CPU
		{A3248E1E-8272-4227-AF02-BB86040FBED9}.(svnlib) NSvn.Tests|Mixed Platforms.Build.0 = Release|Any CPU
		{A3248E1E-8272-4227-AF02-BB86040FBED9}.(svnlib) NSvn.Tests|Win32.ActiveCfg = Debug|Any CPU
		{A3248E1E-8272-4227-AF02-BB86040FBED9}.(svnlib) Release|Any CPU.ActiveCfg = Release|Any CPU
		{A3248E1E-8272-4227-AF02-BB86040FBED9}.(svnlib) Release|Any CPU.Build.0 = Release|Any CPU
		{A3248E1E-8272-4227-AF02-BB86040FBED9}.(svnlib) Release|Mixed Platforms.ActiveCfg = Release|Any CPU
		{A3248E1E-8272-4227-AF02-BB86040FBED9}.(svnlib) Release|Mixed Platforms.Build.0 = Release|Any CPU
		{A3248E1E-8272-4227-AF02-BB86040FBED9}.(svnlib) Release|Win32.ActiveCfg = Release|Any CPU
		{A3248E1E-8272-4227-AF02-BB86040FBED9}.(svnlib) Release|Win32.Build.0 = Release|Any CPU
		{A3248E1E-8272-4227-AF02-BB86040FBED9}.Debug run|Any CPU.ActiveCfg = Debug|Any CPU
		{A3248E1E-8272-4227-AF02-BB86040FBED9}.Debug run|Any CPU.Build.0 = Debug|Any CPU
		{A3248E1E-8272-4227-AF02-BB86040FBED9}.Debug run|Mixed Platforms.ActiveCfg = Debug|Any CPU
		{A3248E1E-8272-4227-AF02-BB86040FBED9}.Debug run|Mixed Platforms.Build.0 = Debug|Any CPU
		{A3248E1E-8272-4227-AF02-BB86040FBED9}.Debug run|Win32.ActiveCfg = Debug|Any CPU
		{A3248E1E-8272-4227-AF02-BB86040FBED9}.Debug run|Win32.Build.0 = Debug|Any CPU
		{A3248E1E-8272-4227-AF02-BB86040FBED9}.Debug|Any CPU.ActiveCfg = Debug|Any CPU
		{A3248E1E-8272-4227-AF02-BB86040FBED9}.Debug|Any CPU.Build.0 = Debug|Any CPU
		{A3248E1E-8272-4227-AF02-BB86040FBED9}.Debug|Mixed Platforms.ActiveCfg = Debug|Any CPU
		{A3248E1E-8272-4227-AF02-BB86040FBED9}.Debug|Mixed Platforms.Build.0 = Debug|Any CPU
		{A3248E1E-8272-4227-AF02-BB86040FBED9}.Debug|Win32.ActiveCfg = Debug|Any CPU
		{A3248E1E-8272-4227-AF02-BB86040FBED9}.Debug|Win32.Build.0 = Debug|Any CPU
		{A3248E1E-8272-4227-AF02-BB86040FBED9}.NSvn.Tests|Any CPU.ActiveCfg = Debug|Any CPU
		{A3248E1E-8272-4227-AF02-BB86040FBED9}.NSvn.Tests|Mixed Platforms.ActiveCfg = Release|Any CPU
		{A3248E1E-8272-4227-AF02-BB86040FBED9}.NSvn.Tests|Mixed Platforms.Build.0 = Release|Any CPU
		{A3248E1E-8272-4227-AF02-BB86040FBED9}.NSvn.Tests|Win32.ActiveCfg = Debug|Any CPU
		{A3248E1E-8272-4227-AF02-BB86040FBED9}.Release|Any CPU.ActiveCfg = Release|Any CPU
		{A3248E1E-8272-4227-AF02-BB86040FBED9}.Release|Any CPU.Build.0 = Release|Any CPU
		{A3248E1E-8272-4227-AF02-BB86040FBED9}.Release|Mixed Platforms.ActiveCfg = Release|Any CPU
		{A3248E1E-8272-4227-AF02-BB86040FBED9}.Release|Mixed Platforms.Build.0 = Release|Any CPU
		{A3248E1E-8272-4227-AF02-BB86040FBED9}.Release|Win32.ActiveCfg = Release|Any CPU
		{A3248E1E-8272-4227-AF02-BB86040FBED9}.Release|Win32.Build.0 = Release|Any CPU
		{A3248E1E-8272-4227-AF02-BB86040FBED9}.Run|Any CPU.ActiveCfg = Run|Any CPU
		{A3248E1E-8272-4227-AF02-BB86040FBED9}.Run|Mixed Platforms.ActiveCfg = Run|Any CPU
		{A3248E1E-8272-4227-AF02-BB86040FBED9}.Run|Mixed Platforms.Build.0 = Run|Any CPU
		{A3248E1E-8272-4227-AF02-BB86040FBED9}.Run|Win32.ActiveCfg = Run|Any CPU
		{6D2A5456-0DB3-4795-8005-7E591AB2A221}.(svnlib) Debug run|Any CPU.ActiveCfg = Debug|Any CPU
		{6D2A5456-0DB3-4795-8005-7E591AB2A221}.(svnlib) Debug run|Mixed Platforms.ActiveCfg = Debug|Any CPU
		{6D2A5456-0DB3-4795-8005-7E591AB2A221}.(svnlib) Debug run|Mixed Platforms.Build.0 = Debug|Any CPU
		{6D2A5456-0DB3-4795-8005-7E591AB2A221}.(svnlib) Debug run|Win32.ActiveCfg = Debug|Any CPU
		{6D2A5456-0DB3-4795-8005-7E591AB2A221}.(svnlib) Debug|Any CPU.ActiveCfg = Debug|Any CPU
		{6D2A5456-0DB3-4795-8005-7E591AB2A221}.(svnlib) Debug|Any CPU.Build.0 = Debug|Any CPU
		{6D2A5456-0DB3-4795-8005-7E591AB2A221}.(svnlib) Debug|Mixed Platforms.ActiveCfg = Debug|Any CPU
		{6D2A5456-0DB3-4795-8005-7E591AB2A221}.(svnlib) Debug|Mixed Platforms.Build.0 = Debug|Any CPU
		{6D2A5456-0DB3-4795-8005-7E591AB2A221}.(svnlib) Debug|Win32.ActiveCfg = Debug|Any CPU
		{6D2A5456-0DB3-4795-8005-7E591AB2A221}.(svnlib) Debug|Win32.Build.0 = Debug|Any CPU
		{6D2A5456-0DB3-4795-8005-7E591AB2A221}.(svnlib) NSvn.Tests|Any CPU.ActiveCfg = Release|Any CPU
		{6D2A5456-0DB3-4795-8005-7E591AB2A221}.(svnlib) NSvn.Tests|Any CPU.Build.0 = Release|Any CPU
		{6D2A5456-0DB3-4795-8005-7E591AB2A221}.(svnlib) NSvn.Tests|Mixed Platforms.ActiveCfg = Release|Any CPU
		{6D2A5456-0DB3-4795-8005-7E591AB2A221}.(svnlib) NSvn.Tests|Mixed Platforms.Build.0 = Release|Any CPU
		{6D2A5456-0DB3-4795-8005-7E591AB2A221}.(svnlib) NSvn.Tests|Win32.ActiveCfg = Release|Any CPU
		{6D2A5456-0DB3-4795-8005-7E591AB2A221}.(svnlib) NSvn.Tests|Win32.Build.0 = Release|Any CPU
		{6D2A5456-0DB3-4795-8005-7E591AB2A221}.(svnlib) Release|Any CPU.ActiveCfg = Release|Any CPU
		{6D2A5456-0DB3-4795-8005-7E591AB2A221}.(svnlib) Release|Mixed Platforms.ActiveCfg = Release|Any CPU
		{6D2A5456-0DB3-4795-8005-7E591AB2A221}.(svnlib) Release|Mixed Platforms.Build.0 = Release|Any CPU
		{6D2A5456-0DB3-4795-8005-7E591AB2A221}.(svnlib) Release|Win32.ActiveCfg = Release|Any CPU
		{6D2A5456-0DB3-4795-8005-7E591AB2A221}.Debug run|Any CPU.ActiveCfg = Debug|Any CPU
		{6D2A5456-0DB3-4795-8005-7E591AB2A221}.Debug run|Mixed Platforms.ActiveCfg = Debug|Any CPU
		{6D2A5456-0DB3-4795-8005-7E591AB2A221}.Debug run|Mixed Platforms.Build.0 = Debug|Any CPU
		{6D2A5456-0DB3-4795-8005-7E591AB2A221}.Debug run|Win32.ActiveCfg = Debug|Any CPU
		{6D2A5456-0DB3-4795-8005-7E591AB2A221}.Debug|Any CPU.ActiveCfg = Debug|Any CPU
		{6D2A5456-0DB3-4795-8005-7E591AB2A221}.Debug|Any CPU.Build.0 = Debug|Any CPU
		{6D2A5456-0DB3-4795-8005-7E591AB2A221}.Debug|Mixed Platforms.ActiveCfg = Debug|Any CPU
		{6D2A5456-0DB3-4795-8005-7E591AB2A221}.Debug|Mixed Platforms.Build.0 = Debug|Any CPU
		{6D2A5456-0DB3-4795-8005-7E591AB2A221}.Debug|Win32.ActiveCfg = Debug|Any CPU
		{6D2A5456-0DB3-4795-8005-7E591AB2A221}.Debug|Win32.Build.0 = Debug|Any CPU
		{6D2A5456-0DB3-4795-8005-7E591AB2A221}.NSvn.Tests|Any CPU.ActiveCfg = Release|Any CPU
		{6D2A5456-0DB3-4795-8005-7E591AB2A221}.NSvn.Tests|Any CPU.Build.0 = Release|Any CPU
		{6D2A5456-0DB3-4795-8005-7E591AB2A221}.NSvn.Tests|Mixed Platforms.ActiveCfg = Release|Any CPU
		{6D2A5456-0DB3-4795-8005-7E591AB2A221}.NSvn.Tests|Mixed Platforms.Build.0 = Release|Any CPU
		{6D2A5456-0DB3-4795-8005-7E591AB2A221}.NSvn.Tests|Win32.ActiveCfg = Release|Any CPU
		{6D2A5456-0DB3-4795-8005-7E591AB2A221}.NSvn.Tests|Win32.Build.0 = Release|Any CPU
		{6D2A5456-0DB3-4795-8005-7E591AB2A221}.Release|Any CPU.ActiveCfg = Release|Any CPU
		{6D2A5456-0DB3-4795-8005-7E591AB2A221}.Release|Mixed Platforms.ActiveCfg = Release|Any CPU
		{6D2A5456-0DB3-4795-8005-7E591AB2A221}.Release|Mixed Platforms.Build.0 = Release|Any CPU
		{6D2A5456-0DB3-4795-8005-7E591AB2A221}.Release|Win32.ActiveCfg = Release|Any CPU
		{6D2A5456-0DB3-4795-8005-7E591AB2A221}.Run|Any CPU.ActiveCfg = Run|Any CPU
		{6D2A5456-0DB3-4795-8005-7E591AB2A221}.Run|Mixed Platforms.ActiveCfg = Run|Any CPU
		{6D2A5456-0DB3-4795-8005-7E591AB2A221}.Run|Mixed Platforms.Build.0 = Run|Any CPU
		{6D2A5456-0DB3-4795-8005-7E591AB2A221}.Run|Win32.ActiveCfg = Run|Any CPU
		{D07135AF-9397-4EAB-BD75-2410DC1F6F4E}.(svnlib) Debug run|Any CPU.ActiveCfg = Debug|Any CPU
		{D07135AF-9397-4EAB-BD75-2410DC1F6F4E}.(svnlib) Debug run|Mixed Platforms.ActiveCfg = Debug|Any CPU
		{D07135AF-9397-4EAB-BD75-2410DC1F6F4E}.(svnlib) Debug run|Win32.ActiveCfg = Debug|Any CPU
		{D07135AF-9397-4EAB-BD75-2410DC1F6F4E}.(svnlib) Debug|Any CPU.ActiveCfg = Debug|Any CPU
		{D07135AF-9397-4EAB-BD75-2410DC1F6F4E}.(svnlib) Debug|Mixed Platforms.ActiveCfg = Debug|Any CPU
		{D07135AF-9397-4EAB-BD75-2410DC1F6F4E}.(svnlib) Debug|Win32.ActiveCfg = Debug|Any CPU
		{D07135AF-9397-4EAB-BD75-2410DC1F6F4E}.(svnlib) NSvn.Tests|Any CPU.ActiveCfg = Release|Any CPU
		{D07135AF-9397-4EAB-BD75-2410DC1F6F4E}.(svnlib) NSvn.Tests|Mixed Platforms.ActiveCfg = Release|Any CPU
		{D07135AF-9397-4EAB-BD75-2410DC1F6F4E}.(svnlib) NSvn.Tests|Win32.ActiveCfg = Release|Any CPU
		{D07135AF-9397-4EAB-BD75-2410DC1F6F4E}.(svnlib) Release|Any CPU.ActiveCfg = Release|Any CPU
		{D07135AF-9397-4EAB-BD75-2410DC1F6F4E}.(svnlib) Release|Mixed Platforms.ActiveCfg = Release|Any CPU
		{D07135AF-9397-4EAB-BD75-2410DC1F6F4E}.(svnlib) Release|Win32.ActiveCfg = Release|Any CPU
		{D07135AF-9397-4EAB-BD75-2410DC1F6F4E}.Debug run|Any CPU.ActiveCfg = Debug|Any CPU
		{D07135AF-9397-4EAB-BD75-2410DC1F6F4E}.Debug run|Mixed Platforms.ActiveCfg = Debug|Any CPU
		{D07135AF-9397-4EAB-BD75-2410DC1F6F4E}.Debug run|Win32.ActiveCfg = Debug|Any CPU
		{D07135AF-9397-4EAB-BD75-2410DC1F6F4E}.Debug|Any CPU.ActiveCfg = Debug|Any CPU
		{D07135AF-9397-4EAB-BD75-2410DC1F6F4E}.Debug|Mixed Platforms.ActiveCfg = Debug|Any CPU
		{D07135AF-9397-4EAB-BD75-2410DC1F6F4E}.Debug|Win32.ActiveCfg = Debug|Any CPU
		{D07135AF-9397-4EAB-BD75-2410DC1F6F4E}.NSvn.Tests|Any CPU.ActiveCfg = Release|Any CPU
		{D07135AF-9397-4EAB-BD75-2410DC1F6F4E}.NSvn.Tests|Mixed Platforms.ActiveCfg = Release|Any CPU
		{D07135AF-9397-4EAB-BD75-2410DC1F6F4E}.NSvn.Tests|Win32.ActiveCfg = Release|Any CPU
		{D07135AF-9397-4EAB-BD75-2410DC1F6F4E}.Release|Any CPU.ActiveCfg = Release|Any CPU
		{D07135AF-9397-4EAB-BD75-2410DC1F6F4E}.Release|Mixed Platforms.ActiveCfg = Release|Any CPU
		{D07135AF-9397-4EAB-BD75-2410DC1F6F4E}.Release|Win32.ActiveCfg = Release|Any CPU
		{D07135AF-9397-4EAB-BD75-2410DC1F6F4E}.Run|Any CPU.ActiveCfg = Run|Any CPU
		{D07135AF-9397-4EAB-BD75-2410DC1F6F4E}.Run|Mixed Platforms.ActiveCfg = Run|Any CPU
		{D07135AF-9397-4EAB-BD75-2410DC1F6F4E}.Run|Mixed Platforms.Build.0 = Run|Any CPU
		{D07135AF-9397-4EAB-BD75-2410DC1F6F4E}.Run|Win32.ActiveCfg = Run|Any CPU
		{1686CB0A-A3C2-4E39-9543-01B7D9CCD747}.(svnlib) Debug run|Any CPU.ActiveCfg = Debug|Any CPU
		{1686CB0A-A3C2-4E39-9543-01B7D9CCD747}.(svnlib) Debug run|Any CPU.Build.0 = Debug|Any CPU
		{1686CB0A-A3C2-4E39-9543-01B7D9CCD747}.(svnlib) Debug run|Mixed Platforms.ActiveCfg = Debug|Any CPU
		{1686CB0A-A3C2-4E39-9543-01B7D9CCD747}.(svnlib) Debug run|Mixed Platforms.Build.0 = Debug|Any CPU
		{1686CB0A-A3C2-4E39-9543-01B7D9CCD747}.(svnlib) Debug run|Win32.ActiveCfg = Debug|Any CPU
		{1686CB0A-A3C2-4E39-9543-01B7D9CCD747}.(svnlib) Debug run|Win32.Build.0 = Debug|Any CPU
		{1686CB0A-A3C2-4E39-9543-01B7D9CCD747}.(svnlib) Debug|Any CPU.ActiveCfg = Debug|Any CPU
		{1686CB0A-A3C2-4E39-9543-01B7D9CCD747}.(svnlib) Debug|Any CPU.Build.0 = Debug|Any CPU
		{1686CB0A-A3C2-4E39-9543-01B7D9CCD747}.(svnlib) Debug|Mixed Platforms.ActiveCfg = Debug|Any CPU
		{1686CB0A-A3C2-4E39-9543-01B7D9CCD747}.(svnlib) Debug|Mixed Platforms.Build.0 = Debug|Any CPU
		{1686CB0A-A3C2-4E39-9543-01B7D9CCD747}.(svnlib) Debug|Win32.ActiveCfg = Debug|Any CPU
		{1686CB0A-A3C2-4E39-9543-01B7D9CCD747}.(svnlib) Debug|Win32.Build.0 = Debug|Any CPU
		{1686CB0A-A3C2-4E39-9543-01B7D9CCD747}.(svnlib) NSvn.Tests|Any CPU.ActiveCfg = Release|Any CPU
		{1686CB0A-A3C2-4E39-9543-01B7D9CCD747}.(svnlib) NSvn.Tests|Any CPU.Build.0 = Release|Any CPU
		{1686CB0A-A3C2-4E39-9543-01B7D9CCD747}.(svnlib) NSvn.Tests|Mixed Platforms.ActiveCfg = Release|Any CPU
		{1686CB0A-A3C2-4E39-9543-01B7D9CCD747}.(svnlib) NSvn.Tests|Mixed Platforms.Build.0 = Release|Any CPU
		{1686CB0A-A3C2-4E39-9543-01B7D9CCD747}.(svnlib) NSvn.Tests|Win32.ActiveCfg = Release|Any CPU
		{1686CB0A-A3C2-4E39-9543-01B7D9CCD747}.(svnlib) NSvn.Tests|Win32.Build.0 = Release|Any CPU
		{1686CB0A-A3C2-4E39-9543-01B7D9CCD747}.(svnlib) Release|Any CPU.ActiveCfg = Release|Any CPU
		{1686CB0A-A3C2-4E39-9543-01B7D9CCD747}.(svnlib) Release|Any CPU.Build.0 = Release|Any CPU
		{1686CB0A-A3C2-4E39-9543-01B7D9CCD747}.(svnlib) Release|Mixed Platforms.ActiveCfg = Release|Any CPU
		{1686CB0A-A3C2-4E39-9543-01B7D9CCD747}.(svnlib) Release|Mixed Platforms.Build.0 = Release|Any CPU
		{1686CB0A-A3C2-4E39-9543-01B7D9CCD747}.(svnlib) Release|Win32.ActiveCfg = Release|Any CPU
		{1686CB0A-A3C2-4E39-9543-01B7D9CCD747}.(svnlib) Release|Win32.Build.0 = Release|Any CPU
		{1686CB0A-A3C2-4E39-9543-01B7D9CCD747}.Debug run|Any CPU.ActiveCfg = Debug|Any CPU
		{1686CB0A-A3C2-4E39-9543-01B7D9CCD747}.Debug run|Any CPU.Build.0 = Debug|Any CPU
		{1686CB0A-A3C2-4E39-9543-01B7D9CCD747}.Debug run|Mixed Platforms.ActiveCfg = Debug|Any CPU
		{1686CB0A-A3C2-4E39-9543-01B7D9CCD747}.Debug run|Win32.ActiveCfg = Debug|Any CPU
		{1686CB0A-A3C2-4E39-9543-01B7D9CCD747}.Debug run|Win32.Build.0 = Debug|Any CPU
		{1686CB0A-A3C2-4E39-9543-01B7D9CCD747}.Debug|Any CPU.ActiveCfg = Debug|Any CPU
		{1686CB0A-A3C2-4E39-9543-01B7D9CCD747}.Debug|Any CPU.Build.0 = Debug|Any CPU
		{1686CB0A-A3C2-4E39-9543-01B7D9CCD747}.Debug|Mixed Platforms.ActiveCfg = Debug|Any CPU
		{1686CB0A-A3C2-4E39-9543-01B7D9CCD747}.Debug|Mixed Platforms.Build.0 = Debug|Any CPU
		{1686CB0A-A3C2-4E39-9543-01B7D9CCD747}.Debug|Win32.ActiveCfg = Debug|Any CPU
		{1686CB0A-A3C2-4E39-9543-01B7D9CCD747}.Debug|Win32.Build.0 = Debug|Any CPU
		{1686CB0A-A3C2-4E39-9543-01B7D9CCD747}.NSvn.Tests|Any CPU.ActiveCfg = Release|Any CPU
		{1686CB0A-A3C2-4E39-9543-01B7D9CCD747}.NSvn.Tests|Any CPU.Build.0 = Release|Any CPU
		{1686CB0A-A3C2-4E39-9543-01B7D9CCD747}.NSvn.Tests|Mixed Platforms.ActiveCfg = Release|Any CPU
		{1686CB0A-A3C2-4E39-9543-01B7D9CCD747}.NSvn.Tests|Mixed Platforms.Build.0 = Release|Any CPU
		{1686CB0A-A3C2-4E39-9543-01B7D9CCD747}.NSvn.Tests|Win32.ActiveCfg = Release|Any CPU
		{1686CB0A-A3C2-4E39-9543-01B7D9CCD747}.NSvn.Tests|Win32.Build.0 = Release|Any CPU
		{1686CB0A-A3C2-4E39-9543-01B7D9CCD747}.Release|Any CPU.ActiveCfg = Release|Any CPU
		{1686CB0A-A3C2-4E39-9543-01B7D9CCD747}.Release|Any CPU.Build.0 = Release|Any CPU
		{1686CB0A-A3C2-4E39-9543-01B7D9CCD747}.Release|Mixed Platforms.ActiveCfg = Release|Any CPU
		{1686CB0A-A3C2-4E39-9543-01B7D9CCD747}.Release|Mixed Platforms.Build.0 = Release|Any CPU
		{1686CB0A-A3C2-4E39-9543-01B7D9CCD747}.Release|Win32.ActiveCfg = Release|Any CPU
		{1686CB0A-A3C2-4E39-9543-01B7D9CCD747}.Release|Win32.Build.0 = Release|Any CPU
		{1686CB0A-A3C2-4E39-9543-01B7D9CCD747}.Run|Any CPU.ActiveCfg = Run|Any CPU
		{1686CB0A-A3C2-4E39-9543-01B7D9CCD747}.Run|Mixed Platforms.ActiveCfg = Run|Any CPU
		{1686CB0A-A3C2-4E39-9543-01B7D9CCD747}.Run|Mixed Platforms.Build.0 = Run|Any CPU
		{1686CB0A-A3C2-4E39-9543-01B7D9CCD747}.Run|Win32.ActiveCfg = Run|Any CPU
		{2A753B40-AB06-4D27-A093-D1D351BC9522}.(svnlib) Debug run|Any CPU.ActiveCfg = Debug|Win32
		{2A753B40-AB06-4D27-A093-D1D351BC9522}.(svnlib) Debug run|Any CPU.Build.0 = Debug|Win32
		{2A753B40-AB06-4D27-A093-D1D351BC9522}.(svnlib) Debug run|Mixed Platforms.ActiveCfg = Debug|Win32
		{2A753B40-AB06-4D27-A093-D1D351BC9522}.(svnlib) Debug run|Mixed Platforms.Build.0 = Debug|Win32
		{2A753B40-AB06-4D27-A093-D1D351BC9522}.(svnlib) Debug run|Win32.ActiveCfg = Debug|Win32
		{2A753B40-AB06-4D27-A093-D1D351BC9522}.(svnlib) Debug run|Win32.Build.0 = Debug|Win32
		{2A753B40-AB06-4D27-A093-D1D351BC9522}.(svnlib) Debug|Any CPU.ActiveCfg = Debug|Win32
		{2A753B40-AB06-4D27-A093-D1D351BC9522}.(svnlib) Debug|Any CPU.Build.0 = Debug|Win32
		{2A753B40-AB06-4D27-A093-D1D351BC9522}.(svnlib) Debug|Mixed Platforms.ActiveCfg = Debug|Win32
		{2A753B40-AB06-4D27-A093-D1D351BC9522}.(svnlib) Debug|Mixed Platforms.Build.0 = Debug|Win32
		{2A753B40-AB06-4D27-A093-D1D351BC9522}.(svnlib) Debug|Win32.ActiveCfg = Debug|Win32
		{2A753B40-AB06-4D27-A093-D1D351BC9522}.(svnlib) Debug|Win32.Build.0 = Debug|Win32
		{2A753B40-AB06-4D27-A093-D1D351BC9522}.(svnlib) NSvn.Tests|Any CPU.ActiveCfg = Release|Win32
		{2A753B40-AB06-4D27-A093-D1D351BC9522}.(svnlib) NSvn.Tests|Any CPU.Build.0 = Release|Win32
		{2A753B40-AB06-4D27-A093-D1D351BC9522}.(svnlib) NSvn.Tests|Mixed Platforms.ActiveCfg = Release|Win32
		{2A753B40-AB06-4D27-A093-D1D351BC9522}.(svnlib) NSvn.Tests|Mixed Platforms.Build.0 = Release|Win32
		{2A753B40-AB06-4D27-A093-D1D351BC9522}.(svnlib) NSvn.Tests|Win32.ActiveCfg = Release|Win32
		{2A753B40-AB06-4D27-A093-D1D351BC9522}.(svnlib) NSvn.Tests|Win32.Build.0 = Release|Win32
		{2A753B40-AB06-4D27-A093-D1D351BC9522}.(svnlib) Release|Any CPU.ActiveCfg = Release|Win32
		{2A753B40-AB06-4D27-A093-D1D351BC9522}.(svnlib) Release|Any CPU.Build.0 = Release|Win32
		{2A753B40-AB06-4D27-A093-D1D351BC9522}.(svnlib) Release|Mixed Platforms.ActiveCfg = Release|Win32
		{2A753B40-AB06-4D27-A093-D1D351BC9522}.(svnlib) Release|Mixed Platforms.Build.0 = Release|Win32
		{2A753B40-AB06-4D27-A093-D1D351BC9522}.(svnlib) Release|Win32.ActiveCfg = Release|Win32
		{2A753B40-AB06-4D27-A093-D1D351BC9522}.(svnlib) Release|Win32.Build.0 = Release|Win32
		{2A753B40-AB06-4D27-A093-D1D351BC9522}.Debug run|Any CPU.ActiveCfg = Debug|Win32
		{2A753B40-AB06-4D27-A093-D1D351BC9522}.Debug run|Any CPU.Build.0 = Debug|Win32
		{2A753B40-AB06-4D27-A093-D1D351BC9522}.Debug run|Mixed Platforms.ActiveCfg = Debug|Win32
		{2A753B40-AB06-4D27-A093-D1D351BC9522}.Debug run|Win32.ActiveCfg = Debug|Win32
		{2A753B40-AB06-4D27-A093-D1D351BC9522}.Debug run|Win32.Build.0 = Debug|Win32
		{2A753B40-AB06-4D27-A093-D1D351BC9522}.Debug|Any CPU.ActiveCfg = Debug|Win32
		{2A753B40-AB06-4D27-A093-D1D351BC9522}.Debug|Any CPU.Build.0 = Debug|Win32
		{2A753B40-AB06-4D27-A093-D1D351BC9522}.Debug|Mixed Platforms.ActiveCfg = Debug|Win32
		{2A753B40-AB06-4D27-A093-D1D351BC9522}.Debug|Mixed Platforms.Build.0 = Debug|Win32
		{2A753B40-AB06-4D27-A093-D1D351BC9522}.Debug|Win32.ActiveCfg = Debug|Win32
		{2A753B40-AB06-4D27-A093-D1D351BC9522}.Debug|Win32.Build.0 = Debug|Win32
		{2A753B40-AB06-4D27-A093-D1D351BC9522}.NSvn.Tests|Any CPU.ActiveCfg = Release|Win32
		{2A753B40-AB06-4D27-A093-D1D351BC9522}.NSvn.Tests|Any CPU.Build.0 = Release|Win32
		{2A753B40-AB06-4D27-A093-D1D351BC9522}.NSvn.Tests|Mixed Platforms.ActiveCfg = Release|Win32
		{2A753B40-AB06-4D27-A093-D1D351BC9522}.NSvn.Tests|Mixed Platforms.Build.0 = Release|Win32
		{2A753B40-AB06-4D27-A093-D1D351BC9522}.NSvn.Tests|Win32.ActiveCfg = Release|Win32
		{2A753B40-AB06-4D27-A093-D1D351BC9522}.NSvn.Tests|Win32.Build.0 = Release|Win32
		{2A753B40-AB06-4D27-A093-D1D351BC9522}.Release|Any CPU.ActiveCfg = Release|Win32
		{2A753B40-AB06-4D27-A093-D1D351BC9522}.Release|Any CPU.Build.0 = Release|Win32
		{2A753B40-AB06-4D27-A093-D1D351BC9522}.Release|Mixed Platforms.ActiveCfg = Release|Win32
		{2A753B40-AB06-4D27-A093-D1D351BC9522}.Release|Mixed Platforms.Build.0 = Release|Win32
		{2A753B40-AB06-4D27-A093-D1D351BC9522}.Release|Win32.ActiveCfg = Release|Win32
		{2A753B40-AB06-4D27-A093-D1D351BC9522}.Release|Win32.Build.0 = Release|Win32
		{2A753B40-AB06-4D27-A093-D1D351BC9522}.Run|Any CPU.ActiveCfg = Run|Win32
		{2A753B40-AB06-4D27-A093-D1D351BC9522}.Run|Mixed Platforms.ActiveCfg = Run|Win32
		{2A753B40-AB06-4D27-A093-D1D351BC9522}.Run|Mixed Platforms.Build.0 = Run|Win32
		{2A753B40-AB06-4D27-A093-D1D351BC9522}.Run|Win32.ActiveCfg = Run|Win32
		{2A753B40-AB06-4D27-A093-D1D351BC9522}.Run|Win32.Build.0 = Run|Win32
		{874C0358-E7DD-42DA-BF07-58198B41FD25}.(svnlib) Debug run|Any CPU.ActiveCfg = Debug|Any CPU
		{874C0358-E7DD-42DA-BF07-58198B41FD25}.(svnlib) Debug run|Any CPU.Build.0 = Debug|Any CPU
		{874C0358-E7DD-42DA-BF07-58198B41FD25}.(svnlib) Debug run|Mixed Platforms.ActiveCfg = Debug|Any CPU
		{874C0358-E7DD-42DA-BF07-58198B41FD25}.(svnlib) Debug run|Mixed Platforms.Build.0 = Debug|Any CPU
		{874C0358-E7DD-42DA-BF07-58198B41FD25}.(svnlib) Debug run|Win32.ActiveCfg = Debug|Any CPU
		{874C0358-E7DD-42DA-BF07-58198B41FD25}.(svnlib) Debug|Any CPU.ActiveCfg = Debug|Any CPU
		{874C0358-E7DD-42DA-BF07-58198B41FD25}.(svnlib) Debug|Any CPU.Build.0 = Debug|Any CPU
		{874C0358-E7DD-42DA-BF07-58198B41FD25}.(svnlib) Debug|Mixed Platforms.ActiveCfg = Debug|Any CPU
		{874C0358-E7DD-42DA-BF07-58198B41FD25}.(svnlib) Debug|Mixed Platforms.Build.0 = Debug|Any CPU
		{874C0358-E7DD-42DA-BF07-58198B41FD25}.(svnlib) Debug|Win32.ActiveCfg = Debug|Any CPU
		{874C0358-E7DD-42DA-BF07-58198B41FD25}.(svnlib) NSvn.Tests|Any CPU.ActiveCfg = Release|Any CPU
		{874C0358-E7DD-42DA-BF07-58198B41FD25}.(svnlib) NSvn.Tests|Any CPU.Build.0 = Release|Any CPU
		{874C0358-E7DD-42DA-BF07-58198B41FD25}.(svnlib) NSvn.Tests|Mixed Platforms.ActiveCfg = Release|Any CPU
		{874C0358-E7DD-42DA-BF07-58198B41FD25}.(svnlib) NSvn.Tests|Mixed Platforms.Build.0 = Release|Any CPU
		{874C0358-E7DD-42DA-BF07-58198B41FD25}.(svnlib) NSvn.Tests|Win32.ActiveCfg = Release|Any CPU
		{874C0358-E7DD-42DA-BF07-58198B41FD25}.(svnlib) Release|Any CPU.ActiveCfg = Release|Any CPU
		{874C0358-E7DD-42DA-BF07-58198B41FD25}.(svnlib) Release|Any CPU.Build.0 = Release|Any CPU
		{874C0358-E7DD-42DA-BF07-58198B41FD25}.(svnlib) Release|Mixed Platforms.ActiveCfg = Release|Any CPU
		{874C0358-E7DD-42DA-BF07-58198B41FD25}.(svnlib) Release|Mixed Platforms.Build.0 = Release|Any CPU
		{874C0358-E7DD-42DA-BF07-58198B41FD25}.(svnlib) Release|Win32.ActiveCfg = Release|Any CPU
		{874C0358-E7DD-42DA-BF07-58198B41FD25}.Debug run|Any CPU.ActiveCfg = Debug|Any CPU
		{874C0358-E7DD-42DA-BF07-58198B41FD25}.Debug run|Any CPU.Build.0 = Debug|Any CPU
		{874C0358-E7DD-42DA-BF07-58198B41FD25}.Debug run|Mixed Platforms.ActiveCfg = Debug|Any CPU
		{874C0358-E7DD-42DA-BF07-58198B41FD25}.Debug run|Mixed Platforms.Build.0 = Debug|Any CPU
		{874C0358-E7DD-42DA-BF07-58198B41FD25}.Debug run|Win32.ActiveCfg = Debug|Any CPU
		{874C0358-E7DD-42DA-BF07-58198B41FD25}.Debug|Any CPU.ActiveCfg = Debug|Any CPU
		{874C0358-E7DD-42DA-BF07-58198B41FD25}.Debug|Any CPU.Build.0 = Debug|Any CPU
		{874C0358-E7DD-42DA-BF07-58198B41FD25}.Debug|Mixed Platforms.ActiveCfg = Debug|Any CPU
		{874C0358-E7DD-42DA-BF07-58198B41FD25}.Debug|Mixed Platforms.Build.0 = Debug|Any CPU
		{874C0358-E7DD-42DA-BF07-58198B41FD25}.Debug|Win32.ActiveCfg = Debug|Any CPU
		{874C0358-E7DD-42DA-BF07-58198B41FD25}.NSvn.Tests|Any CPU.ActiveCfg = Release|Any CPU
		{874C0358-E7DD-42DA-BF07-58198B41FD25}.NSvn.Tests|Any CPU.Build.0 = Release|Any CPU
		{874C0358-E7DD-42DA-BF07-58198B41FD25}.NSvn.Tests|Mixed Platforms.ActiveCfg = Release|Any CPU
		{874C0358-E7DD-42DA-BF07-58198B41FD25}.NSvn.Tests|Mixed Platforms.Build.0 = Release|Any CPU
		{874C0358-E7DD-42DA-BF07-58198B41FD25}.NSvn.Tests|Win32.ActiveCfg = Release|Any CPU
		{874C0358-E7DD-42DA-BF07-58198B41FD25}.Release|Any CPU.ActiveCfg = Release|Any CPU
		{874C0358-E7DD-42DA-BF07-58198B41FD25}.Release|Any CPU.Build.0 = Release|Any CPU
		{874C0358-E7DD-42DA-BF07-58198B41FD25}.Release|Mixed Platforms.ActiveCfg = Release|Any CPU
		{874C0358-E7DD-42DA-BF07-58198B41FD25}.Release|Mixed Platforms.Build.0 = Release|Any CPU
		{874C0358-E7DD-42DA-BF07-58198B41FD25}.Release|Win32.ActiveCfg = Release|Any CPU
		{874C0358-E7DD-42DA-BF07-58198B41FD25}.Run|Any CPU.ActiveCfg = Release|Any CPU
		{874C0358-E7DD-42DA-BF07-58198B41FD25}.Run|Any CPU.Build.0 = Release|Any CPU
		{874C0358-E7DD-42DA-BF07-58198B41FD25}.Run|Mixed Platforms.ActiveCfg = Release|Any CPU
		{874C0358-E7DD-42DA-BF07-58198B41FD25}.Run|Mixed Platforms.Build.0 = Release|Any CPU
		{874C0358-E7DD-42DA-BF07-58198B41FD25}.Run|Win32.ActiveCfg = Release|Any CPU
	EndGlobalSection
	GlobalSection(SolutionProperties) = preSolution
		HideSolutionNode = FALSE
	EndGlobalSection
	GlobalSection(NestedProjects) = preSolution
		{CE58AAC8-2271-4223-882F-0CD1A7105A52} = {48E3C46A-B9D8-42BE-B077-683B60E34AE3}
		{AC32DD7A-4FC3-42C5-AFA7-ADE81F13A6DE} = {48E3C46A-B9D8-42BE-B077-683B60E34AE3}
		{1686CB0A-A3C2-4E39-9543-01B7D9CCD747} = {48E3C46A-B9D8-42BE-B077-683B60E34AE3}
		{3A8DF134-05F1-4357-9682-AB14CDDA48A9} = {4BDD8B32-3696-46D8-B900-BBA1D140144B}
		{05E011D8-54B5-4558-80BF-A8AD64DDAC97} = {4BDD8B32-3696-46D8-B900-BBA1D140144B}
		{E31A3F36-D1C5-4FC2-8530-D24B9E01B09E} = {4BDD8B32-3696-46D8-B900-BBA1D140144B}
		{1882FE23-6EE3-46AF-82B2-929E371E6218} = {4BDD8B32-3696-46D8-B900-BBA1D140144B}
	EndGlobalSection
	GlobalSection(ExtensibilityGlobals) = postSolution
		DPBuild = 5
		ThisSolutionNotes = 
	EndGlobalSection
EndGlobal
