Microsoft Visual Studio Solution File, Format Version 7.00
Project("{FAE04EC0-301F-11D3-BF4B-00C04F79EFBC}") = "docparser", "docparser.csproj", "{5C56C549-35EC-43E3-B6C4-EA2EF721CDC2}"
EndProject
Global
	GlobalSection(SolutionConfiguration) = preSolution
		ConfigName.0 = Debug
		ConfigName.1 = Release
	EndGlobalSection
	GlobalSection(ProjectDependencies) = postSolution
	EndGlobalSection
	GlobalSection(ProjectConfiguration) = postSolution
		{5C56C549-35EC-43E3-B6C4-EA2EF721CDC2}.Debug.ActiveCfg = Debug|.NET
		{5C56C549-35EC-43E3-B6C4-EA2EF721CDC2}.Debug.Build.0 = Debug|.NET
		{5C56C549-35EC-43E3-B6C4-EA2EF721CDC2}.Release.ActiveCfg = Release|.NET
		{5C56C549-35EC-43E3-B6C4-EA2EF721CDC2}.Release.Build.0 = Release|.NET
	EndGlobalSection
	GlobalSection(ExtensibilityGlobals) = postSolution
	EndGlobalSection
	GlobalSection(ExtensibilityAddIns) = postSolution
	EndGlobalSection
EndGlobal
