Microsoft Visual Studio Solution File, Format Version 7.00
Project("{FAE04EC0-301F-11D3-BF4B-00C04F79EFBC}") = "Rogue.SvnTasks", "Rogue.SvnTasks.csproj", "{CEE703F9-32DF-49B9-B7E9-6FE1082417F3}"
EndProject
Global
	GlobalSection(SolutionConfiguration) = preSolution
		ConfigName.0 = Debug
		ConfigName.1 = Release
	EndGlobalSection
	GlobalSection(ProjectDependencies) = postSolution
	EndGlobalSection
	GlobalSection(ProjectConfiguration) = postSolution
		{CEE703F9-32DF-49B9-B7E9-6FE1082417F3}.Debug.ActiveCfg = Debug|.NET
		{CEE703F9-32DF-49B9-B7E9-6FE1082417F3}.Debug.Build.0 = Debug|.NET
		{CEE703F9-32DF-49B9-B7E9-6FE1082417F3}.Release.ActiveCfg = Release|.NET
		{CEE703F9-32DF-49B9-B7E9-6FE1082417F3}.Release.Build.0 = Release|.NET
	EndGlobalSection
	GlobalSection(ExtensibilityGlobals) = postSolution
	EndGlobalSection
	GlobalSection(ExtensibilityAddIns) = postSolution
	EndGlobalSection
EndGlobal
