
Microsoft Visual Studio Solution File, Format Version 10.00
# Visual Studio 2008
Project("{FAE04EC0-301F-11D3-BF4B-00C04F79EFBC}") = "FindCommandBarsAddin", "FindCommandBarsAddin\FindCommandBarsAddin.csproj", "{B3F0FB56-7AC2-4B3F-B312-D483E72E03CD}"
EndProject
Global
	GlobalSection(SolutionConfigurationPlatforms) = preSolution
		Debug|Any CPU = Debug|Any CPU
		Release|Any CPU = Release|Any CPU
	EndGlobalSection
	GlobalSection(ProjectConfigurationPlatforms) = postSolution
		{B3F0FB56-7AC2-4B3F-B312-D483E72E03CD}.Debug|Any CPU.ActiveCfg = Debug|Any CPU
		{B3F0FB56-7AC2-4B3F-B312-D483E72E03CD}.Debug|Any CPU.Build.0 = Debug|Any CPU
		{B3F0FB56-7AC2-4B3F-B312-D483E72E03CD}.Release|Any CPU.ActiveCfg = Release|Any CPU
		{B3F0FB56-7AC2-4B3F-B312-D483E72E03CD}.Release|Any CPU.Build.0 = Release|Any CPU
	EndGlobalSection
	GlobalSection(SolutionProperties) = preSolution
		HideSolutionNode = FALSE
	EndGlobalSection
EndGlobal
