Microsoft Visual Studio Solution File, Format Version 7.00
Project("{D4EFD700-BBAA-11D2-8EE0-00C04F5E0C38}") = "Ankh help", "Ankh help.HWProj", "{AFE5239C-7CE1-4737-B54E-0F1DC8E5B377}"
EndProject
Global
	GlobalSection(SolutionConfiguration) = preSolution
		ConfigName.0 = Release
	EndGlobalSection
	GlobalSection(ProjectDependencies) = postSolution
	EndGlobalSection
	GlobalSection(ProjectConfiguration) = postSolution
		{AFE5239C-7CE1-4737-B54E-0F1DC8E5B377}.Release.ActiveCfg = Release
		{AFE5239C-7CE1-4737-B54E-0F1DC8E5B377}.Release.Build.0 = Release
	EndGlobalSection
	GlobalSection(ExtensibilityGlobals) = postSolution
	EndGlobalSection
	GlobalSection(ExtensibilityAddIns) = postSolution
	EndGlobalSection
EndGlobal
