
Microsoft Visual Studio Solution File, Format Version 9.00
# Visual Studio 2005
Project("{FAE04EC0-301F-11D3-BF4B-00C04F79EFBC}") = "ErrorReportExtractor", "ErrorReportExtractor\ErrorReportExtractor.csproj", "{72FB5A42-DC4C-4AE1-94D6-2041773F0CA8}"
EndProject
Project("{FAE04EC0-301F-11D3-BF4B-00C04F79EFBC}") = "ErrorReportExtractorTest", "ErrorReportExtractorTest\ErrorReportExtractorTest.csproj", "{F769552C-C40F-4D3E-9F89-A78A23277005}"
EndProject
Project("{2150E333-8FDC-42A3-9474-1A3956D46DE8}") = "Solution Items", "Solution Items", "{73B33901-3864-41CB-84B6-553707BC9914}"
	ProjectSection(SolutionItems) = preProject
		create.sql = create.sql
	EndProjectSection
EndProject
Project("{FAE04EC0-301F-11D3-BF4B-00C04F79EFBC}") = "ErrorReport.GUI", "ErrorReport.GUI\ErrorReport.GUI.csproj", "{0CD5ABFC-57EA-4B75-A60C-4C36F95277AA}"
EndProject
Project("{FAE04EC0-301F-11D3-BF4B-00C04F79EFBC}") = "TreeList", "..\TreeList\TreeList\TreeList.csproj", "{CCE2A76F-CE85-4F90-BB8B-8D9CC525B200}"
EndProject
Project("{FAE04EC0-301F-11D3-BF4B-00C04F79EFBC}") = "TreeListTest", "..\TreeList\TreeListTest\TreeListTest.csproj", "{F736929D-185C-44E5-B63A-F56E2CD1ADC0}"
EndProject
Global
	GlobalSection(SolutionConfigurationPlatforms) = preSolution
		Debug|Any CPU = Debug|Any CPU
		Release|Any CPU = Release|Any CPU
	EndGlobalSection
	GlobalSection(ProjectConfigurationPlatforms) = postSolution
		{72FB5A42-DC4C-4AE1-94D6-2041773F0CA8}.Debug|Any CPU.ActiveCfg = Debug|Any CPU
		{72FB5A42-DC4C-4AE1-94D6-2041773F0CA8}.Debug|Any CPU.Build.0 = Debug|Any CPU
		{72FB5A42-DC4C-4AE1-94D6-2041773F0CA8}.Release|Any CPU.ActiveCfg = Release|Any CPU
		{72FB5A42-DC4C-4AE1-94D6-2041773F0CA8}.Release|Any CPU.Build.0 = Release|Any CPU
		{F769552C-C40F-4D3E-9F89-A78A23277005}.Debug|Any CPU.ActiveCfg = Debug|Any CPU
		{F769552C-C40F-4D3E-9F89-A78A23277005}.Debug|Any CPU.Build.0 = Debug|Any CPU
		{F769552C-C40F-4D3E-9F89-A78A23277005}.Release|Any CPU.ActiveCfg = Release|Any CPU
		{F769552C-C40F-4D3E-9F89-A78A23277005}.Release|Any CPU.Build.0 = Release|Any CPU
		{0CD5ABFC-57EA-4B75-A60C-4C36F95277AA}.Debug|Any CPU.ActiveCfg = Debug|Any CPU
		{0CD5ABFC-57EA-4B75-A60C-4C36F95277AA}.Debug|Any CPU.Build.0 = Debug|Any CPU
		{0CD5ABFC-57EA-4B75-A60C-4C36F95277AA}.Release|Any CPU.ActiveCfg = Release|Any CPU
		{0CD5ABFC-57EA-4B75-A60C-4C36F95277AA}.Release|Any CPU.Build.0 = Release|Any CPU
		{CCE2A76F-CE85-4F90-BB8B-8D9CC525B200}.Debug|Any CPU.ActiveCfg = Debug|Any CPU
		{CCE2A76F-CE85-4F90-BB8B-8D9CC525B200}.Debug|Any CPU.Build.0 = Debug|Any CPU
		{CCE2A76F-CE85-4F90-BB8B-8D9CC525B200}.Release|Any CPU.ActiveCfg = Release|Any CPU
		{CCE2A76F-CE85-4F90-BB8B-8D9CC525B200}.Release|Any CPU.Build.0 = Release|Any CPU
		{F736929D-185C-44E5-B63A-F56E2CD1ADC0}.Debug|Any CPU.ActiveCfg = Debug|Any CPU
		{F736929D-185C-44E5-B63A-F56E2CD1ADC0}.Debug|Any CPU.Build.0 = Debug|Any CPU
		{F736929D-185C-44E5-B63A-F56E2CD1ADC0}.Release|Any CPU.ActiveCfg = Release|Any CPU
		{F736929D-185C-44E5-B63A-F56E2CD1ADC0}.Release|Any CPU.Build.0 = Release|Any CPU
	EndGlobalSection
	GlobalSection(SolutionProperties) = preSolution
		HideSolutionNode = FALSE
	EndGlobalSection
EndGlobal
