Microsoft Visual Studio Solution File, Format Version 7.00
Project("{8BC9CEB8-8B4A-11D0-8D11-00A0C91BC942}") = "Autorun", "Autorun.vcproj", "{1EE49231-F383-4409-A08A-C0B60F9B2030}"
EndProject
Global
	GlobalSection(SolutionConfiguration) = preSolution
		ConfigName.0 = Debug
		ConfigName.1 = Release
	EndGlobalSection
	GlobalSection(ProjectDependencies) = postSolution
	EndGlobalSection
	GlobalSection(ProjectConfiguration) = postSolution
		{1EE49231-F383-4409-A08A-C0B60F9B2030}.Debug.ActiveCfg = Debug|Win32
		{1EE49231-F383-4409-A08A-C0B60F9B2030}.Debug.Build.0 = Debug|Win32
		{1EE49231-F383-4409-A08A-C0B60F9B2030}.Release.ActiveCfg = Release|Win32
		{1EE49231-F383-4409-A08A-C0B60F9B2030}.Release.Build.0 = Release|Win32
	EndGlobalSection
	GlobalSection(ExtensibilityGlobals) = postSolution
	EndGlobalSection
	GlobalSection(ExtensibilityAddIns) = postSolution
	EndGlobalSection
EndGlobal
