
Microsoft Visual Studio Solution File, Format Version 12.00
# Visual Studio 2012
Project("{2150E333-8FDC-42A3-9474-1A3956D46DE8}") = "Solution Items", "Solution Items", "{CBF3BDEF-157A-4E32-9C36-411678C50E8B}"
	ProjectSection(SolutionItems) = preProject
		AllTypesSolution-2012.vsmdi = AllTypesSolution-2012.vsmdi
		LocalTestRun-2012.testrunconfig = LocalTestRun-2012.testrunconfig
	EndProjectSection
EndProject
Project("{FAE04EC0-301F-11D3-BF4B-00C04F79EFBC}") = "CsClassLibrary", "CsClassLibrary\CsClassLibrary.csproj", "{AE644D45-BD60-44EE-B275-FEB5E7A14B31}"
EndProject
Project("{FAE04EC0-301F-11D3-BF4B-00C04F79EFBC}") = "CsWebApplication", "CsWebApplication\CsWebApplication.csproj", "{6B0A0667-84D7-4530-AC11-E9E7BEAB314B}"
EndProject
Project("{00D1A9C2-B5F0-4AF3-8072-F6C62B433612}") = "SqlServerProject", "SqlServerProject\SqlServerProject.csproj", "{06B11DA7-05E7-4872-A0C0-B4A13F6415B8}"
EndProject
Project("{FAE04EC0-301F-11D3-BF4B-00C04F79EFBC}") = "ReportsApplication", "ReportsApplication\ReportsApplication.csproj", "{77244394-8183-40A7-A995-E8D2E474730C}"
EndProject
Project("{930C7802-8A8C-48F9-8165-68863BCCD9DD}") = "WixProject", "WixProject\WixProject.wixproj", "{A734F243-30B7-4D17-A06F-A75D2E5EBCE2}"
EndProject
Project("{F184B08F-C81C-45F6-A57F-5ABD9991F28F}") = "VbWindowsApplication", "VbWindowsApplication\VbWindowsApplication.vbproj", "{FA6618FB-1ACC-4B18-9323-99810B20E062}"
EndProject
Project("{8BC9CEB8-8B4A-11D0-8D11-00A0C91BC942}") = "CppAtlProject", "CppAtlProject\CppAtlProject.vcxproj", "{BBC16FB6-4137-4833-8FED-D5EBD77A0F8D}"
EndProject
Project("{8BC9CEB8-8B4A-11D0-8D11-00A0C91BC942}") = "CppAtlProjectPS", "CppAtlProject\CppAtlProjectPS.vcxproj", "{1002A689-EB9A-4A2B-858A-463A1672E451}"
EndProject
Project("{54435603-DBB4-11D2-8724-00A0C9A8B90C}") = "SetupProject", "SetupProject\SetupProject.vdproj", "{82EAC1F5-B0A1-426D-9FF4-CBEB1A31F9D1}"
EndProject
Project("{00D1A9C2-B5F0-4AF3-8072-F6C62B433612}") = "DbProject", "DbProject\DbProject.sqlproj", "{64F316BC-9D85-4C3A-8252-327004CBE2F9}"
EndProject
Project("{FAE04EC0-301F-11D3-BF4B-00C04F79EFBC}") = "TestProject", "TestProject\TestProject.csproj", "{B2FBF468-8567-4536-BBB2-3E97A463DDB7}"
EndProject
Project("{E24C65DC-7377-472B-9ABA-BC803B73C61A}") = "ExternalSite", "..\ExternalSite\", "{14E503D6-F341-4FA0-B6E5-8996A5C9FBDA}"
	ProjectSection(WebsiteProperties) = preProject
		Debug.AspNetCompiler.Debug = "True"
		Debug.AspNetCompiler.FixedNames = "false"
		Debug.AspNetCompiler.ForceOverwrite = "true"
		Debug.AspNetCompiler.PhysicalPath = "..\ExternalSite\"
		Debug.AspNetCompiler.TargetPath = "PrecompiledWeb\ExternalSite\"
		Debug.AspNetCompiler.Updateable = "true"
		Debug.AspNetCompiler.VirtualPath = "/ExternalSite"
		DefaultWebSiteLanguage = "Visual C#"
		ProjectReferences = "{AE644D45-BD60-44EE-B275-FEB5E7A14B31}|CsClassLibrary.dll;"
		Release.AspNetCompiler.Debug = "False"
		Release.AspNetCompiler.FixedNames = "false"
		Release.AspNetCompiler.ForceOverwrite = "true"
		Release.AspNetCompiler.PhysicalPath = "..\ExternalSite\"
		Release.AspNetCompiler.TargetPath = "PrecompiledWeb\ExternalSite\"
		Release.AspNetCompiler.Updateable = "true"
		Release.AspNetCompiler.VirtualPath = "/ExternalSite"
		SccAuxPath = "Svn"
		SccLocalPath = "Svn"
		SccProjectName = "Svn"
		SccProvider = "SubversionScc"
		TargetFrameworkMoniker = ".NETFramework,Version%3Dv3.5"
		VWDPort = "59407"
	EndProjectSection
EndProject
Project("{E24C65DC-7377-472B-9ABA-BC803B73C61A}") = "InternalSite", "InternalSite\", "{DB65491A-E346-425B-A2B3-87FBF40D7826}"
	ProjectSection(WebsiteProperties) = preProject
		Debug.AspNetCompiler.Debug = "True"
		Debug.AspNetCompiler.FixedNames = "false"
		Debug.AspNetCompiler.ForceOverwrite = "true"
		Debug.AspNetCompiler.PhysicalPath = "InternalSite\"
		Debug.AspNetCompiler.TargetPath = "PrecompiledWeb\InternalSite\"
		Debug.AspNetCompiler.Updateable = "true"
		Debug.AspNetCompiler.VirtualPath = "/InternalSite"
		DefaultWebSiteLanguage = "Visual C#"
		Release.AspNetCompiler.Debug = "False"
		Release.AspNetCompiler.FixedNames = "false"
		Release.AspNetCompiler.ForceOverwrite = "true"
		Release.AspNetCompiler.PhysicalPath = "InternalSite\"
		Release.AspNetCompiler.TargetPath = "PrecompiledWeb\InternalSite\"
		Release.AspNetCompiler.Updateable = "true"
		Release.AspNetCompiler.VirtualPath = "/InternalSite"
		SccAuxPath = "Svn"
		SccLocalPath = "Svn"
		SccProjectName = "Svn"
		SccProvider = "SubversionScc"
		TargetFrameworkMoniker = ".NETFramework,Version%3Dv3.5"
		VWDPort = "59409"
	EndProjectSection
EndProject
Global
	GlobalSection(TestCaseManagementSettings) = postSolution
		CategoryFile = AllTypesSolution-2012.vsmdi
	EndGlobalSection
	GlobalSection(SolutionConfigurationPlatforms) = preSolution
		Debug|Any CPU = Debug|Any CPU
		Debug|Mixed Platforms = Debug|Mixed Platforms
		Debug|Win32 = Debug|Win32
		Debug|x86 = Debug|x86
		Release|Any CPU = Release|Any CPU
		Release|Mixed Platforms = Release|Mixed Platforms
		Release|Win32 = Release|Win32
		Release|x86 = Release|x86
	EndGlobalSection
	GlobalSection(ProjectConfigurationPlatforms) = postSolution
		{1002A689-EB9A-4A2B-858A-463A1672E451}.Debug|Any CPU.ActiveCfg = Debug|Win32
		{1002A689-EB9A-4A2B-858A-463A1672E451}.Debug|Mixed Platforms.ActiveCfg = Debug|Win32
		{1002A689-EB9A-4A2B-858A-463A1672E451}.Debug|Mixed Platforms.Build.0 = Debug|Win32
		{1002A689-EB9A-4A2B-858A-463A1672E451}.Debug|Win32.ActiveCfg = Debug|Win32
		{1002A689-EB9A-4A2B-858A-463A1672E451}.Debug|Win32.Build.0 = Debug|Win32
		{1002A689-EB9A-4A2B-858A-463A1672E451}.Debug|x86.ActiveCfg = Debug|Win32
		{1002A689-EB9A-4A2B-858A-463A1672E451}.Debug|x86.Build.0 = Debug|Win32
		{1002A689-EB9A-4A2B-858A-463A1672E451}.Release|Any CPU.ActiveCfg = Release|Win32
		{1002A689-EB9A-4A2B-858A-463A1672E451}.Release|Mixed Platforms.ActiveCfg = Release|Win32
		{1002A689-EB9A-4A2B-858A-463A1672E451}.Release|Mixed Platforms.Build.0 = Release|Win32
		{1002A689-EB9A-4A2B-858A-463A1672E451}.Release|Win32.ActiveCfg = Release|Win32
		{1002A689-EB9A-4A2B-858A-463A1672E451}.Release|Win32.Build.0 = Release|Win32
		{1002A689-EB9A-4A2B-858A-463A1672E451}.Release|x86.ActiveCfg = Release|Win32
		{1002A689-EB9A-4A2B-858A-463A1672E451}.Release|x86.Build.0 = Release|Win32
		{14E503D6-F341-4FA0-B6E5-8996A5C9FBDA}.Debug|Any CPU.ActiveCfg = Debug|Any CPU
		{14E503D6-F341-4FA0-B6E5-8996A5C9FBDA}.Debug|Any CPU.Build.0 = Debug|Any CPU
		{14E503D6-F341-4FA0-B6E5-8996A5C9FBDA}.Debug|Mixed Platforms.ActiveCfg = Debug|Any CPU
		{14E503D6-F341-4FA0-B6E5-8996A5C9FBDA}.Debug|Mixed Platforms.Build.0 = Debug|Any CPU
		{14E503D6-F341-4FA0-B6E5-8996A5C9FBDA}.Debug|Win32.ActiveCfg = Debug|Any CPU
		{14E503D6-F341-4FA0-B6E5-8996A5C9FBDA}.Debug|x86.ActiveCfg = Debug|Any CPU
		{14E503D6-F341-4FA0-B6E5-8996A5C9FBDA}.Release|Any CPU.ActiveCfg = Debug|Any CPU
		{14E503D6-F341-4FA0-B6E5-8996A5C9FBDA}.Release|Any CPU.Build.0 = Debug|Any CPU
		{14E503D6-F341-4FA0-B6E5-8996A5C9FBDA}.Release|Mixed Platforms.ActiveCfg = Debug|Any CPU
		{14E503D6-F341-4FA0-B6E5-8996A5C9FBDA}.Release|Mixed Platforms.Build.0 = Debug|Any CPU
		{14E503D6-F341-4FA0-B6E5-8996A5C9FBDA}.Release|Win32.ActiveCfg = Debug|Any CPU
		{14E503D6-F341-4FA0-B6E5-8996A5C9FBDA}.Release|x86.ActiveCfg = Debug|Any CPU
		{64F316BC-9D85-4C3A-8252-327004CBE2F9}.Debug|Any CPU.ActiveCfg = Debug|Any CPU
		{64F316BC-9D85-4C3A-8252-327004CBE2F9}.Debug|Any CPU.Build.0 = Debug|Any CPU
		{64F316BC-9D85-4C3A-8252-327004CBE2F9}.Debug|Any CPU.Deploy.0 = Debug|Any CPU
		{64F316BC-9D85-4C3A-8252-327004CBE2F9}.Debug|Mixed Platforms.ActiveCfg = Debug|Any CPU
		{64F316BC-9D85-4C3A-8252-327004CBE2F9}.Debug|Mixed Platforms.Build.0 = Debug|Any CPU
		{64F316BC-9D85-4C3A-8252-327004CBE2F9}.Debug|Mixed Platforms.Deploy.0 = Debug|Any CPU
		{64F316BC-9D85-4C3A-8252-327004CBE2F9}.Debug|Win32.ActiveCfg = Debug|Any CPU
		{64F316BC-9D85-4C3A-8252-327004CBE2F9}.Debug|x86.ActiveCfg = Debug|Any CPU
		{64F316BC-9D85-4C3A-8252-327004CBE2F9}.Release|Any CPU.ActiveCfg = Release|Any CPU
		{64F316BC-9D85-4C3A-8252-327004CBE2F9}.Release|Any CPU.Build.0 = Release|Any CPU
		{64F316BC-9D85-4C3A-8252-327004CBE2F9}.Release|Any CPU.Deploy.0 = Release|Any CPU
		{64F316BC-9D85-4C3A-8252-327004CBE2F9}.Release|Mixed Platforms.ActiveCfg = Release|Any CPU
		{64F316BC-9D85-4C3A-8252-327004CBE2F9}.Release|Mixed Platforms.Build.0 = Release|Any CPU
		{64F316BC-9D85-4C3A-8252-327004CBE2F9}.Release|Mixed Platforms.Deploy.0 = Release|Any CPU
		{64F316BC-9D85-4C3A-8252-327004CBE2F9}.Release|Win32.ActiveCfg = Release|Any CPU
		{64F316BC-9D85-4C3A-8252-327004CBE2F9}.Release|x86.ActiveCfg = Release|Any CPU
		{6B0A0667-84D7-4530-AC11-E9E7BEAB314B}.Debug|Any CPU.ActiveCfg = Debug|Any CPU
		{6B0A0667-84D7-4530-AC11-E9E7BEAB314B}.Debug|Any CPU.Build.0 = Debug|Any CPU
		{6B0A0667-84D7-4530-AC11-E9E7BEAB314B}.Debug|Mixed Platforms.ActiveCfg = Debug|Any CPU
		{6B0A0667-84D7-4530-AC11-E9E7BEAB314B}.Debug|Mixed Platforms.Build.0 = Debug|Any CPU
		{6B0A0667-84D7-4530-AC11-E9E7BEAB314B}.Debug|Win32.ActiveCfg = Debug|Any CPU
		{6B0A0667-84D7-4530-AC11-E9E7BEAB314B}.Debug|x86.ActiveCfg = Debug|Any CPU
		{6B0A0667-84D7-4530-AC11-E9E7BEAB314B}.Release|Any CPU.ActiveCfg = Release|Any CPU
		{6B0A0667-84D7-4530-AC11-E9E7BEAB314B}.Release|Any CPU.Build.0 = Release|Any CPU
		{6B0A0667-84D7-4530-AC11-E9E7BEAB314B}.Release|Mixed Platforms.ActiveCfg = Release|Any CPU
		{6B0A0667-84D7-4530-AC11-E9E7BEAB314B}.Release|Mixed Platforms.Build.0 = Release|Any CPU
		{6B0A0667-84D7-4530-AC11-E9E7BEAB314B}.Release|Win32.ActiveCfg = Release|Any CPU
		{6B0A0667-84D7-4530-AC11-E9E7BEAB314B}.Release|x86.ActiveCfg = Release|Any CPU
		{77244394-8183-40A7-A995-E8D2E474730C}.Debug|Any CPU.ActiveCfg = Debug|Any CPU
		{77244394-8183-40A7-A995-E8D2E474730C}.Debug|Any CPU.Build.0 = Debug|Any CPU
		{77244394-8183-40A7-A995-E8D2E474730C}.Debug|Mixed Platforms.ActiveCfg = Debug|Any CPU
		{77244394-8183-40A7-A995-E8D2E474730C}.Debug|Mixed Platforms.Build.0 = Debug|Any CPU
		{77244394-8183-40A7-A995-E8D2E474730C}.Debug|Win32.ActiveCfg = Debug|Any CPU
		{77244394-8183-40A7-A995-E8D2E474730C}.Debug|x86.ActiveCfg = Debug|Any CPU
		{77244394-8183-40A7-A995-E8D2E474730C}.Release|Any CPU.ActiveCfg = Release|Any CPU
		{77244394-8183-40A7-A995-E8D2E474730C}.Release|Any CPU.Build.0 = Release|Any CPU
		{77244394-8183-40A7-A995-E8D2E474730C}.Release|Mixed Platforms.ActiveCfg = Release|Any CPU
		{77244394-8183-40A7-A995-E8D2E474730C}.Release|Mixed Platforms.Build.0 = Release|Any CPU
		{77244394-8183-40A7-A995-E8D2E474730C}.Release|Win32.ActiveCfg = Release|Any CPU
		{77244394-8183-40A7-A995-E8D2E474730C}.Release|x86.ActiveCfg = Release|Any CPU
		{A734F243-30B7-4D17-A06F-A75D2E5EBCE2}.Debug|Any CPU.ActiveCfg = Debug|x86
		{A734F243-30B7-4D17-A06F-A75D2E5EBCE2}.Debug|Mixed Platforms.ActiveCfg = Debug|x86
		{A734F243-30B7-4D17-A06F-A75D2E5EBCE2}.Debug|Mixed Platforms.Build.0 = Debug|x86
		{A734F243-30B7-4D17-A06F-A75D2E5EBCE2}.Debug|Win32.ActiveCfg = Debug|x86
		{A734F243-30B7-4D17-A06F-A75D2E5EBCE2}.Debug|Win32.Build.0 = Debug|x86
		{A734F243-30B7-4D17-A06F-A75D2E5EBCE2}.Debug|x86.ActiveCfg = Debug|x86
		{A734F243-30B7-4D17-A06F-A75D2E5EBCE2}.Debug|x86.Build.0 = Debug|x86
		{A734F243-30B7-4D17-A06F-A75D2E5EBCE2}.Release|Any CPU.ActiveCfg = Release|x86
		{A734F243-30B7-4D17-A06F-A75D2E5EBCE2}.Release|Mixed Platforms.ActiveCfg = Release|x86
		{A734F243-30B7-4D17-A06F-A75D2E5EBCE2}.Release|Mixed Platforms.Build.0 = Release|x86
		{A734F243-30B7-4D17-A06F-A75D2E5EBCE2}.Release|Win32.ActiveCfg = Release|x86
		{A734F243-30B7-4D17-A06F-A75D2E5EBCE2}.Release|Win32.Build.0 = Release|x86
		{A734F243-30B7-4D17-A06F-A75D2E5EBCE2}.Release|x86.ActiveCfg = Release|x86
		{A734F243-30B7-4D17-A06F-A75D2E5EBCE2}.Release|x86.Build.0 = Release|x86
		{AE644D45-BD60-44EE-B275-FEB5E7A14B31}.Debug|Any CPU.ActiveCfg = Debug|Any CPU
		{AE644D45-BD60-44EE-B275-FEB5E7A14B31}.Debug|Any CPU.Build.0 = Debug|Any CPU
		{AE644D45-BD60-44EE-B275-FEB5E7A14B31}.Debug|Mixed Platforms.ActiveCfg = Debug|Any CPU
		{AE644D45-BD60-44EE-B275-FEB5E7A14B31}.Debug|Mixed Platforms.Build.0 = Debug|Any CPU
		{AE644D45-BD60-44EE-B275-FEB5E7A14B31}.Debug|Win32.ActiveCfg = Debug|Any CPU
		{AE644D45-BD60-44EE-B275-FEB5E7A14B31}.Debug|x86.ActiveCfg = Debug|Any CPU
		{AE644D45-BD60-44EE-B275-FEB5E7A14B31}.Release|Any CPU.ActiveCfg = Release|Any CPU
		{AE644D45-BD60-44EE-B275-FEB5E7A14B31}.Release|Any CPU.Build.0 = Release|Any CPU
		{AE644D45-BD60-44EE-B275-FEB5E7A14B31}.Release|Mixed Platforms.ActiveCfg = Release|Any CPU
		{AE644D45-BD60-44EE-B275-FEB5E7A14B31}.Release|Mixed Platforms.Build.0 = Release|Any CPU
		{AE644D45-BD60-44EE-B275-FEB5E7A14B31}.Release|Win32.ActiveCfg = Release|Any CPU
		{AE644D45-BD60-44EE-B275-FEB5E7A14B31}.Release|x86.ActiveCfg = Release|Any CPU
		{B2FBF468-8567-4536-BBB2-3E97A463DDB7}.Debug|Any CPU.ActiveCfg = Debug|Any CPU
		{B2FBF468-8567-4536-BBB2-3E97A463DDB7}.Debug|Any CPU.Build.0 = Debug|Any CPU
		{B2FBF468-8567-4536-BBB2-3E97A463DDB7}.Debug|Mixed Platforms.ActiveCfg = Debug|Any CPU
		{B2FBF468-8567-4536-BBB2-3E97A463DDB7}.Debug|Mixed Platforms.Build.0 = Debug|Any CPU
		{B2FBF468-8567-4536-BBB2-3E97A463DDB7}.Debug|Win32.ActiveCfg = Debug|Any CPU
		{B2FBF468-8567-4536-BBB2-3E97A463DDB7}.Debug|x86.ActiveCfg = Debug|Any CPU
		{B2FBF468-8567-4536-BBB2-3E97A463DDB7}.Release|Any CPU.ActiveCfg = Release|Any CPU
		{B2FBF468-8567-4536-BBB2-3E97A463DDB7}.Release|Any CPU.Build.0 = Release|Any CPU
		{B2FBF468-8567-4536-BBB2-3E97A463DDB7}.Release|Mixed Platforms.ActiveCfg = Release|Any CPU
		{B2FBF468-8567-4536-BBB2-3E97A463DDB7}.Release|Mixed Platforms.Build.0 = Release|Any CPU
		{B2FBF468-8567-4536-BBB2-3E97A463DDB7}.Release|Win32.ActiveCfg = Release|Any CPU
		{B2FBF468-8567-4536-BBB2-3E97A463DDB7}.Release|x86.ActiveCfg = Release|Any CPU
		{BBC16FB6-4137-4833-8FED-D5EBD77A0F8D}.Debug|Any CPU.ActiveCfg = Debug|Win32
		{BBC16FB6-4137-4833-8FED-D5EBD77A0F8D}.Debug|Mixed Platforms.ActiveCfg = Debug|Win32
		{BBC16FB6-4137-4833-8FED-D5EBD77A0F8D}.Debug|Mixed Platforms.Build.0 = Debug|Win32
		{BBC16FB6-4137-4833-8FED-D5EBD77A0F8D}.Debug|Win32.ActiveCfg = Debug|Win32
		{BBC16FB6-4137-4833-8FED-D5EBD77A0F8D}.Debug|Win32.Build.0 = Debug|Win32
		{BBC16FB6-4137-4833-8FED-D5EBD77A0F8D}.Debug|x86.ActiveCfg = Debug|Win32
		{BBC16FB6-4137-4833-8FED-D5EBD77A0F8D}.Debug|x86.Build.0 = Debug|Win32
		{BBC16FB6-4137-4833-8FED-D5EBD77A0F8D}.Release|Any CPU.ActiveCfg = Release|Win32
		{BBC16FB6-4137-4833-8FED-D5EBD77A0F8D}.Release|Mixed Platforms.ActiveCfg = Release|Win32
		{BBC16FB6-4137-4833-8FED-D5EBD77A0F8D}.Release|Mixed Platforms.Build.0 = Release|Win32
		{BBC16FB6-4137-4833-8FED-D5EBD77A0F8D}.Release|Win32.ActiveCfg = Release|Win32
		{BBC16FB6-4137-4833-8FED-D5EBD77A0F8D}.Release|Win32.Build.0 = Release|Win32
		{BBC16FB6-4137-4833-8FED-D5EBD77A0F8D}.Release|x86.ActiveCfg = Release|Win32
		{BBC16FB6-4137-4833-8FED-D5EBD77A0F8D}.Release|x86.Build.0 = Release|Win32
		{DB65491A-E346-425B-A2B3-87FBF40D7826}.Debug|Any CPU.ActiveCfg = Debug|Any CPU
		{DB65491A-E346-425B-A2B3-87FBF40D7826}.Debug|Any CPU.Build.0 = Debug|Any CPU
		{DB65491A-E346-425B-A2B3-87FBF40D7826}.Debug|Mixed Platforms.ActiveCfg = Debug|Any CPU
		{DB65491A-E346-425B-A2B3-87FBF40D7826}.Debug|Mixed Platforms.Build.0 = Debug|Any CPU
		{DB65491A-E346-425B-A2B3-87FBF40D7826}.Debug|Win32.ActiveCfg = Debug|Any CPU
		{DB65491A-E346-425B-A2B3-87FBF40D7826}.Debug|x86.ActiveCfg = Debug|Any CPU
		{DB65491A-E346-425B-A2B3-87FBF40D7826}.Release|Any CPU.ActiveCfg = Debug|Any CPU
		{DB65491A-E346-425B-A2B3-87FBF40D7826}.Release|Any CPU.Build.0 = Debug|Any CPU
		{DB65491A-E346-425B-A2B3-87FBF40D7826}.Release|Mixed Platforms.ActiveCfg = Debug|Any CPU
		{DB65491A-E346-425B-A2B3-87FBF40D7826}.Release|Mixed Platforms.Build.0 = Debug|Any CPU
		{DB65491A-E346-425B-A2B3-87FBF40D7826}.Release|Win32.ActiveCfg = Debug|Any CPU
		{DB65491A-E346-425B-A2B3-87FBF40D7826}.Release|x86.ActiveCfg = Debug|Any CPU
		{FA6618FB-1ACC-4B18-9323-99810B20E062}.Debug|Any CPU.ActiveCfg = Debug|Any CPU
		{FA6618FB-1ACC-4B18-9323-99810B20E062}.Debug|Any CPU.Build.0 = Debug|Any CPU
		{FA6618FB-1ACC-4B18-9323-99810B20E062}.Debug|Mixed Platforms.ActiveCfg = Debug|Any CPU
		{FA6618FB-1ACC-4B18-9323-99810B20E062}.Debug|Mixed Platforms.Build.0 = Debug|Any CPU
		{FA6618FB-1ACC-4B18-9323-99810B20E062}.Debug|Win32.ActiveCfg = Debug|Any CPU
		{FA6618FB-1ACC-4B18-9323-99810B20E062}.Debug|x86.ActiveCfg = Debug|Any CPU
		{FA6618FB-1ACC-4B18-9323-99810B20E062}.Release|Any CPU.ActiveCfg = Release|Any CPU
		{FA6618FB-1ACC-4B18-9323-99810B20E062}.Release|Any CPU.Build.0 = Release|Any CPU
		{FA6618FB-1ACC-4B18-9323-99810B20E062}.Release|Mixed Platforms.ActiveCfg = Release|Any CPU
		{FA6618FB-1ACC-4B18-9323-99810B20E062}.Release|Mixed Platforms.Build.0 = Release|Any CPU
		{FA6618FB-1ACC-4B18-9323-99810B20E062}.Release|Win32.ActiveCfg = Release|Any CPU
		{FA6618FB-1ACC-4B18-9323-99810B20E062}.Release|x86.ActiveCfg = Release|Any CPU
	EndGlobalSection
	GlobalSection(SolutionProperties) = preSolution
		HideSolutionNode = FALSE
	EndGlobalSection
EndGlobal
