
Microsoft Visual Studio Solution File, Format Version 10.00
# Visual Studio 2008
Project("{FAE04EC0-301F-11D3-BF4B-00C04F79EFBC}") = "CsClassLibrary", "CsClassLibrary\CsClassLibrary.csproj", "{AE644D45-BD60-44EE-B275-FEB5E7A14B31}"
EndProject
Project("{FAE04EC0-301F-11D3-BF4B-00C04F79EFBC}") = "CsWebApplication", "CsWebApplication\CsWebApplication.csproj", "{6B0A0667-84D7-4530-AC11-E9E7BEAB314B}"
EndProject
Project("{FAE04EC0-301F-11D3-BF4B-00C04F79EFBC}") = "SqlServerProject", "SqlServerProject\SqlServerProject.csproj", "{06B11DA7-05E7-4872-A0C0-B4A13F6415B8}"
EndProject
Project("{FAE04EC0-301F-11D3-BF4B-00C04F79EFBC}") = "ReportsApplication", "ReportsApplication\ReportsApplication.csproj", "{77244394-8183-40A7-A995-E8D2E474730C}"
EndProject
Project("{930C7802-8A8C-48F9-8165-68863BCCD9DD}") = "WixProject", "WixProject\WixProject.wixproj", "{A734F243-30B7-4D17-A06F-A75D2E5EBCE2}"
EndProject
Project("{F184B08F-C81C-45F6-A57F-5ABD9991F28F}") = "VbWindowsApplication", "VbWindowsApplication\VbWindowsApplication.vbproj", "{FA6618FB-1ACC-4B18-9323-99810B20E062}"
EndProject
Project("{8BC9CEB8-8B4A-11D0-8D11-00A0C91BC942}") = "CppAtlProject", "CppAtlProject\CppAtlProject.vcproj", "{BBC16FB6-4137-4833-8FED-D5EBD77A0F8D}"
EndProject
Project("{8BC9CEB8-8B4A-11D0-8D11-00A0C91BC942}") = "CppAtlProjectPS", "CppAtlProject\CppAtlProjectPS.vcproj", "{1002A689-EB9A-4A2B-858A-463A1672E451}"
	ProjectSection(ProjectDependencies) = postProject
		{BBC16FB6-4137-4833-8FED-D5EBD77A0F8D} = {BBC16FB6-4137-4833-8FED-D5EBD77A0F8D}
	EndProjectSection
EndProject
Project("{54435603-DBB4-11D2-8724-00A0C9A8B90C}") = "SetupProject", "SetupProject\SetupProject.vdproj", "{82EAC1F5-B0A1-426D-9FF4-CBEB1A31F9D1}"
EndProject
Project("{4F174C21-8C12-11D0-8340-0000F80270F8}") = "DbProject", "DbProject\DbProject.dbp", "{67B69A0B-774C-4655-93BA-DE550FDCCD9E}"
EndProject
Project("{FAE04EC0-301F-11D3-BF4B-00C04F79EFBC}") = "TestProject", "TestProject\TestProject.csproj", "{B2FBF468-8567-4536-BBB2-3E97A463DDB7}"
EndProject
Project("{2150E333-8FDC-42A3-9474-1A3956D46DE8}") = "Solution Items", "Solution Items", "{CBF3BDEF-157A-4E32-9C36-411678C50E8B}"
	ProjectSection(SolutionItems) = preProject
		AllTypesSolution-2008.vsmdi = AllTypesSolution-2008.vsmdi
		LocalTestRun.testrunconfig = LocalTestRun.testrunconfig
	EndProjectSection
EndProject
Project("{E24C65DC-7377-472B-9ABA-BC803B73C61A}") = "ExternalSite", "..\ExternalSite\", "{14E503D6-F341-4FA0-B6E5-8996A5C9FBDA}"
	ProjectSection(WebsiteProperties) = preProject
		SccProjectName = "Svn"
		SccAuxPath = "Svn"
		SccLocalPath = "Svn"
		SccProvider = "SubversionScc"
		TargetFramework = "3.5"
		ProjectReferences = "{AE644D45-BD60-44EE-B275-FEB5E7A14B31}|CsClassLibrary.dll;"
		Debug.AspNetCompiler.VirtualPath = "/ExternalSite"
		Debug.AspNetCompiler.PhysicalPath = "..\ExternalSite\"
		Debug.AspNetCompiler.TargetPath = "PrecompiledWeb\ExternalSite\"
		Debug.AspNetCompiler.Updateable = "true"
		Debug.AspNetCompiler.ForceOverwrite = "true"
		Debug.AspNetCompiler.FixedNames = "false"
		Debug.AspNetCompiler.Debug = "True"
		Release.AspNetCompiler.VirtualPath = "/ExternalSite"
		Release.AspNetCompiler.PhysicalPath = "..\ExternalSite\"
		Release.AspNetCompiler.TargetPath = "PrecompiledWeb\ExternalSite\"
		Release.AspNetCompiler.Updateable = "true"
		Release.AspNetCompiler.ForceOverwrite = "true"
		Release.AspNetCompiler.FixedNames = "false"
		Release.AspNetCompiler.Debug = "False"
		VWDPort = "59407"
		DefaultWebSiteLanguage = "Visual C#"
	EndProjectSection
EndProject
Project("{E24C65DC-7377-472B-9ABA-BC803B73C61A}") = "InternalSite", "InternalSite\", "{DB65491A-E346-425B-A2B3-87FBF40D7826}"
	ProjectSection(WebsiteProperties) = preProject
		SccProjectName = "Svn"
		SccAuxPath = "Svn"
		SccLocalPath = "Svn"
		SccProvider = "SubversionScc"
		TargetFramework = "3.5"
		Debug.AspNetCompiler.VirtualPath = "/InternalSite"
		Debug.AspNetCompiler.PhysicalPath = "InternalSite\"
		Debug.AspNetCompiler.TargetPath = "PrecompiledWeb\InternalSite\"
		Debug.AspNetCompiler.Updateable = "true"
		Debug.AspNetCompiler.ForceOverwrite = "true"
		Debug.AspNetCompiler.FixedNames = "false"
		Debug.AspNetCompiler.Debug = "True"
		Release.AspNetCompiler.VirtualPath = "/InternalSite"
		Release.AspNetCompiler.PhysicalPath = "InternalSite\"
		Release.AspNetCompiler.TargetPath = "PrecompiledWeb\InternalSite\"
		Release.AspNetCompiler.Updateable = "true"
		Release.AspNetCompiler.ForceOverwrite = "true"
		Release.AspNetCompiler.FixedNames = "false"
		Release.AspNetCompiler.Debug = "False"
		VWDPort = "59409"
		DefaultWebSiteLanguage = "Visual C#"
	EndProjectSection
EndProject
Project("{FAE04EC0-301F-11D3-BF4B-00C04F79EFBC}") = "ExternalWebServiceApp", "..\ExternalWebServiceApp\ExternalWebServiceApp.csproj", "{4606AC40-F516-489D-B775-D99E1358F5AB}"
EndProject
Project("{8BC9CEB8-8B4A-11D0-8D11-00A0C91BC942}") = "CppIgnoreProject", "CppIgnoreProject\CppIgnoreProject.vcproj", "{5BEFA670-8404-4D75-A5F2-E99997916668}"
EndProject
Project("{FAE04EC0-301F-11D3-BF4B-00C04F79EFBC}") = "プログラミング#Silverlight", "プログラミング#Silverlight\プログラミング#Silverlight.csproj", "{1352538B-A347-4368-A087-DEEACA1A0813}"
EndProject
Project("{FAE04EC0-301F-11D3-BF4B-00C04F79EFBC}") = "External CsLibrary", "..\External CsLibrary\External CsLibrary.csproj", "{BF236045-30D1-49E1-A857-113895B40B81}"
EndProject
Project("{8BC9CEB8-8B4A-11D0-8D11-00A0C91BC942}") = "AtlTest", "AtlTest\AtlTest.vcproj", "{B3578AB5-5DA5-434C-AAC7-7120E3C781C8}"
EndProject
Project("{8BC9CEB8-8B4A-11D0-8D11-00A0C91BC942}") = "AtlTestPS", "AtlTest\AtlTestPS.vcproj", "{26E1BA07-AE5D-4FC8-9150-FCA5BDF193D5}"
	ProjectSection(ProjectDependencies) = postProject
		{B3578AB5-5DA5-434C-AAC7-7120E3C781C8} = {B3578AB5-5DA5-434C-AAC7-7120E3C781C8}
	EndProjectSection
EndProject
Project("{F184B08F-C81C-45F6-A57F-5ABD9991F28F}") = "VBClassLibrary", "VBClassLibrary\VBClassLibrary.vbproj", "{6EA1F5CF-AFEA-45E3-BC9A-EF7120EE3569}"
EndProject
Project("{D2ABAB84-BF74-430A-B69E-9DC6D40DDA17}") = "Analysis Services Project1", "SubDir\Analysis Services Project1\Analysis Services Project1.dwproj", "{B16867C9-6B4B-42DB-B4E4-087D95DF704F}"
EndProject
Global
	GlobalSection(SubversionScc) = preSolution
		Svn-Managed = True
		Manager = AnkhSVN - Subversion Support for Visual Studio
	EndGlobalSection
	GlobalSection(SolutionConfigurationPlatforms) = preSolution
		Debug|.NET = Debug|.NET
		Debug|Any CPU = Debug|Any CPU
		Debug|Mixed Platforms = Debug|Mixed Platforms
		Debug|Win32 = Debug|Win32
		Debug|x86 = Debug|x86
		Development|.NET = Development|.NET
		Development|Any CPU = Development|Any CPU
		Development|Mixed Platforms = Development|Mixed Platforms
		Development|Win32 = Development|Win32
		Development|x86 = Development|x86
		Release|.NET = Release|.NET
		Release|Any CPU = Release|Any CPU
		Release|Mixed Platforms = Release|Mixed Platforms
		Release|Win32 = Release|Win32
		Release|x86 = Release|x86
	EndGlobalSection
	GlobalSection(ProjectConfigurationPlatforms) = postSolution
		{AE644D45-BD60-44EE-B275-FEB5E7A14B31}.Debug|.NET.ActiveCfg = Debug|Any CPU
		{AE644D45-BD60-44EE-B275-FEB5E7A14B31}.Debug|Any CPU.ActiveCfg = Debug|Any CPU
		{AE644D45-BD60-44EE-B275-FEB5E7A14B31}.Debug|Any CPU.Build.0 = Debug|Any CPU
		{AE644D45-BD60-44EE-B275-FEB5E7A14B31}.Debug|Mixed Platforms.ActiveCfg = Debug|Any CPU
		{AE644D45-BD60-44EE-B275-FEB5E7A14B31}.Debug|Mixed Platforms.Build.0 = Debug|Any CPU
		{AE644D45-BD60-44EE-B275-FEB5E7A14B31}.Debug|Win32.ActiveCfg = Debug|Any CPU
		{AE644D45-BD60-44EE-B275-FEB5E7A14B31}.Debug|x86.ActiveCfg = Debug|Any CPU
		{AE644D45-BD60-44EE-B275-FEB5E7A14B31}.Development|.NET.ActiveCfg = Debug|Any CPU
		{AE644D45-BD60-44EE-B275-FEB5E7A14B31}.Development|Any CPU.ActiveCfg = Debug|Any CPU
		{AE644D45-BD60-44EE-B275-FEB5E7A14B31}.Development|Any CPU.Build.0 = Debug|Any CPU
		{AE644D45-BD60-44EE-B275-FEB5E7A14B31}.Development|Mixed Platforms.ActiveCfg = Debug|Any CPU
		{AE644D45-BD60-44EE-B275-FEB5E7A14B31}.Development|Mixed Platforms.Build.0 = Debug|Any CPU
		{AE644D45-BD60-44EE-B275-FEB5E7A14B31}.Development|Win32.ActiveCfg = Debug|Any CPU
		{AE644D45-BD60-44EE-B275-FEB5E7A14B31}.Development|x86.ActiveCfg = Debug|Any CPU
		{AE644D45-BD60-44EE-B275-FEB5E7A14B31}.Release|.NET.ActiveCfg = Release|Any CPU
		{AE644D45-BD60-44EE-B275-FEB5E7A14B31}.Release|Any CPU.ActiveCfg = Release|Any CPU
		{AE644D45-BD60-44EE-B275-FEB5E7A14B31}.Release|Any CPU.Build.0 = Release|Any CPU
		{AE644D45-BD60-44EE-B275-FEB5E7A14B31}.Release|Mixed Platforms.ActiveCfg = Release|Any CPU
		{AE644D45-BD60-44EE-B275-FEB5E7A14B31}.Release|Mixed Platforms.Build.0 = Release|Any CPU
		{AE644D45-BD60-44EE-B275-FEB5E7A14B31}.Release|Win32.ActiveCfg = Release|Any CPU
		{AE644D45-BD60-44EE-B275-FEB5E7A14B31}.Release|x86.ActiveCfg = Release|Any CPU
		{6B0A0667-84D7-4530-AC11-E9E7BEAB314B}.Debug|.NET.ActiveCfg = Debug|Any CPU
		{6B0A0667-84D7-4530-AC11-E9E7BEAB314B}.Debug|Any CPU.ActiveCfg = Debug|Any CPU
		{6B0A0667-84D7-4530-AC11-E9E7BEAB314B}.Debug|Any CPU.Build.0 = Debug|Any CPU
		{6B0A0667-84D7-4530-AC11-E9E7BEAB314B}.Debug|Mixed Platforms.ActiveCfg = Debug|Any CPU
		{6B0A0667-84D7-4530-AC11-E9E7BEAB314B}.Debug|Mixed Platforms.Build.0 = Debug|Any CPU
		{6B0A0667-84D7-4530-AC11-E9E7BEAB314B}.Debug|Win32.ActiveCfg = Debug|Any CPU
		{6B0A0667-84D7-4530-AC11-E9E7BEAB314B}.Debug|x86.ActiveCfg = Debug|Any CPU
		{6B0A0667-84D7-4530-AC11-E9E7BEAB314B}.Development|.NET.ActiveCfg = Debug|Any CPU
		{6B0A0667-84D7-4530-AC11-E9E7BEAB314B}.Development|Any CPU.ActiveCfg = Debug|Any CPU
		{6B0A0667-84D7-4530-AC11-E9E7BEAB314B}.Development|Any CPU.Build.0 = Debug|Any CPU
		{6B0A0667-84D7-4530-AC11-E9E7BEAB314B}.Development|Mixed Platforms.ActiveCfg = Debug|Any CPU
		{6B0A0667-84D7-4530-AC11-E9E7BEAB314B}.Development|Mixed Platforms.Build.0 = Debug|Any CPU
		{6B0A0667-84D7-4530-AC11-E9E7BEAB314B}.Development|Win32.ActiveCfg = Debug|Any CPU
		{6B0A0667-84D7-4530-AC11-E9E7BEAB314B}.Development|x86.ActiveCfg = Debug|Any CPU
		{6B0A0667-84D7-4530-AC11-E9E7BEAB314B}.Release|.NET.ActiveCfg = Release|Any CPU
		{6B0A0667-84D7-4530-AC11-E9E7BEAB314B}.Release|Any CPU.ActiveCfg = Release|Any CPU
		{6B0A0667-84D7-4530-AC11-E9E7BEAB314B}.Release|Any CPU.Build.0 = Release|Any CPU
		{6B0A0667-84D7-4530-AC11-E9E7BEAB314B}.Release|Mixed Platforms.ActiveCfg = Release|Any CPU
		{6B0A0667-84D7-4530-AC11-E9E7BEAB314B}.Release|Mixed Platforms.Build.0 = Release|Any CPU
		{6B0A0667-84D7-4530-AC11-E9E7BEAB314B}.Release|Win32.ActiveCfg = Release|Any CPU
		{6B0A0667-84D7-4530-AC11-E9E7BEAB314B}.Release|x86.ActiveCfg = Release|Any CPU
		{06B11DA7-05E7-4872-A0C0-B4A13F6415B8}.Debug|.NET.ActiveCfg = Debug|Any CPU
		{06B11DA7-05E7-4872-A0C0-B4A13F6415B8}.Debug|Any CPU.ActiveCfg = Debug|Any CPU
		{06B11DA7-05E7-4872-A0C0-B4A13F6415B8}.Debug|Any CPU.Build.0 = Debug|Any CPU
		{06B11DA7-05E7-4872-A0C0-B4A13F6415B8}.Debug|Any CPU.Deploy.0 = Debug|Any CPU
		{06B11DA7-05E7-4872-A0C0-B4A13F6415B8}.Debug|Mixed Platforms.ActiveCfg = Debug|Any CPU
		{06B11DA7-05E7-4872-A0C0-B4A13F6415B8}.Debug|Mixed Platforms.Build.0 = Debug|Any CPU
		{06B11DA7-05E7-4872-A0C0-B4A13F6415B8}.Debug|Mixed Platforms.Deploy.0 = Debug|Any CPU
		{06B11DA7-05E7-4872-A0C0-B4A13F6415B8}.Debug|Win32.ActiveCfg = Debug|Any CPU
		{06B11DA7-05E7-4872-A0C0-B4A13F6415B8}.Debug|x86.ActiveCfg = Debug|Any CPU
		{06B11DA7-05E7-4872-A0C0-B4A13F6415B8}.Development|.NET.ActiveCfg = Debug|Any CPU
		{06B11DA7-05E7-4872-A0C0-B4A13F6415B8}.Development|Any CPU.ActiveCfg = Debug|Any CPU
		{06B11DA7-05E7-4872-A0C0-B4A13F6415B8}.Development|Any CPU.Build.0 = Debug|Any CPU
		{06B11DA7-05E7-4872-A0C0-B4A13F6415B8}.Development|Any CPU.Deploy.0 = Debug|Any CPU
		{06B11DA7-05E7-4872-A0C0-B4A13F6415B8}.Development|Mixed Platforms.ActiveCfg = Debug|Any CPU
		{06B11DA7-05E7-4872-A0C0-B4A13F6415B8}.Development|Mixed Platforms.Build.0 = Debug|Any CPU
		{06B11DA7-05E7-4872-A0C0-B4A13F6415B8}.Development|Mixed Platforms.Deploy.0 = Debug|Any CPU
		{06B11DA7-05E7-4872-A0C0-B4A13F6415B8}.Development|Win32.ActiveCfg = Debug|Any CPU
		{06B11DA7-05E7-4872-A0C0-B4A13F6415B8}.Development|x86.ActiveCfg = Debug|Any CPU
		{06B11DA7-05E7-4872-A0C0-B4A13F6415B8}.Release|.NET.ActiveCfg = Release|Any CPU
		{06B11DA7-05E7-4872-A0C0-B4A13F6415B8}.Release|Any CPU.ActiveCfg = Release|Any CPU
		{06B11DA7-05E7-4872-A0C0-B4A13F6415B8}.Release|Any CPU.Build.0 = Release|Any CPU
		{06B11DA7-05E7-4872-A0C0-B4A13F6415B8}.Release|Any CPU.Deploy.0 = Release|Any CPU
		{06B11DA7-05E7-4872-A0C0-B4A13F6415B8}.Release|Mixed Platforms.ActiveCfg = Release|Any CPU
		{06B11DA7-05E7-4872-A0C0-B4A13F6415B8}.Release|Mixed Platforms.Build.0 = Release|Any CPU
		{06B11DA7-05E7-4872-A0C0-B4A13F6415B8}.Release|Mixed Platforms.Deploy.0 = Release|Any CPU
		{06B11DA7-05E7-4872-A0C0-B4A13F6415B8}.Release|Win32.ActiveCfg = Release|Any CPU
		{06B11DA7-05E7-4872-A0C0-B4A13F6415B8}.Release|x86.ActiveCfg = Release|Any CPU
		{77244394-8183-40A7-A995-E8D2E474730C}.Debug|.NET.ActiveCfg = Debug|Any CPU
		{77244394-8183-40A7-A995-E8D2E474730C}.Debug|Any CPU.ActiveCfg = Debug|Any CPU
		{77244394-8183-40A7-A995-E8D2E474730C}.Debug|Any CPU.Build.0 = Debug|Any CPU
		{77244394-8183-40A7-A995-E8D2E474730C}.Debug|Mixed Platforms.ActiveCfg = Debug|Any CPU
		{77244394-8183-40A7-A995-E8D2E474730C}.Debug|Mixed Platforms.Build.0 = Debug|Any CPU
		{77244394-8183-40A7-A995-E8D2E474730C}.Debug|Win32.ActiveCfg = Debug|Any CPU
		{77244394-8183-40A7-A995-E8D2E474730C}.Debug|x86.ActiveCfg = Debug|Any CPU
		{77244394-8183-40A7-A995-E8D2E474730C}.Development|.NET.ActiveCfg = Debug|Any CPU
		{77244394-8183-40A7-A995-E8D2E474730C}.Development|Any CPU.ActiveCfg = Debug|Any CPU
		{77244394-8183-40A7-A995-E8D2E474730C}.Development|Any CPU.Build.0 = Debug|Any CPU
		{77244394-8183-40A7-A995-E8D2E474730C}.Development|Mixed Platforms.ActiveCfg = Debug|Any CPU
		{77244394-8183-40A7-A995-E8D2E474730C}.Development|Mixed Platforms.Build.0 = Debug|Any CPU
		{77244394-8183-40A7-A995-E8D2E474730C}.Development|Win32.ActiveCfg = Debug|Any CPU
		{77244394-8183-40A7-A995-E8D2E474730C}.Development|x86.ActiveCfg = Debug|Any CPU
		{77244394-8183-40A7-A995-E8D2E474730C}.Release|.NET.ActiveCfg = Release|Any CPU
		{77244394-8183-40A7-A995-E8D2E474730C}.Release|Any CPU.ActiveCfg = Release|Any CPU
		{77244394-8183-40A7-A995-E8D2E474730C}.Release|Any CPU.Build.0 = Release|Any CPU
		{77244394-8183-40A7-A995-E8D2E474730C}.Release|Mixed Platforms.ActiveCfg = Release|Any CPU
		{77244394-8183-40A7-A995-E8D2E474730C}.Release|Mixed Platforms.Build.0 = Release|Any CPU
		{77244394-8183-40A7-A995-E8D2E474730C}.Release|Win32.ActiveCfg = Release|Any CPU
		{77244394-8183-40A7-A995-E8D2E474730C}.Release|x86.ActiveCfg = Release|Any CPU
		{A734F243-30B7-4D17-A06F-A75D2E5EBCE2}.Debug|.NET.ActiveCfg = Debug|x86
		{A734F243-30B7-4D17-A06F-A75D2E5EBCE2}.Debug|Any CPU.ActiveCfg = Debug|x86
		{A734F243-30B7-4D17-A06F-A75D2E5EBCE2}.Debug|Mixed Platforms.ActiveCfg = Debug|x86
		{A734F243-30B7-4D17-A06F-A75D2E5EBCE2}.Debug|Mixed Platforms.Build.0 = Debug|x86
		{A734F243-30B7-4D17-A06F-A75D2E5EBCE2}.Debug|Win32.ActiveCfg = Debug|x86
		{A734F243-30B7-4D17-A06F-A75D2E5EBCE2}.Debug|x86.ActiveCfg = Debug|x86
		{A734F243-30B7-4D17-A06F-A75D2E5EBCE2}.Debug|x86.Build.0 = Debug|x86
		{A734F243-30B7-4D17-A06F-A75D2E5EBCE2}.Development|.NET.ActiveCfg = Debug|x86
		{A734F243-30B7-4D17-A06F-A75D2E5EBCE2}.Development|Any CPU.ActiveCfg = Debug|x86
		{A734F243-30B7-4D17-A06F-A75D2E5EBCE2}.Development|Mixed Platforms.ActiveCfg = Debug|x86
		{A734F243-30B7-4D17-A06F-A75D2E5EBCE2}.Development|Mixed Platforms.Build.0 = Debug|x86
		{A734F243-30B7-4D17-A06F-A75D2E5EBCE2}.Development|Win32.ActiveCfg = Debug|x86
		{A734F243-30B7-4D17-A06F-A75D2E5EBCE2}.Development|x86.ActiveCfg = Debug|x86
		{A734F243-30B7-4D17-A06F-A75D2E5EBCE2}.Development|x86.Build.0 = Debug|x86
		{A734F243-30B7-4D17-A06F-A75D2E5EBCE2}.Release|.NET.ActiveCfg = Release|x86
		{A734F243-30B7-4D17-A06F-A75D2E5EBCE2}.Release|Any CPU.ActiveCfg = Release|x86
		{A734F243-30B7-4D17-A06F-A75D2E5EBCE2}.Release|Mixed Platforms.ActiveCfg = Release|x86
		{A734F243-30B7-4D17-A06F-A75D2E5EBCE2}.Release|Mixed Platforms.Build.0 = Release|x86
		{A734F243-30B7-4D17-A06F-A75D2E5EBCE2}.Release|Win32.ActiveCfg = Release|x86
		{A734F243-30B7-4D17-A06F-A75D2E5EBCE2}.Release|x86.ActiveCfg = Release|x86
		{A734F243-30B7-4D17-A06F-A75D2E5EBCE2}.Release|x86.Build.0 = Release|x86
		{FA6618FB-1ACC-4B18-9323-99810B20E062}.Debug|.NET.ActiveCfg = Debug|Any CPU
		{FA6618FB-1ACC-4B18-9323-99810B20E062}.Debug|Any CPU.ActiveCfg = Debug|Any CPU
		{FA6618FB-1ACC-4B18-9323-99810B20E062}.Debug|Any CPU.Build.0 = Debug|Any CPU
		{FA6618FB-1ACC-4B18-9323-99810B20E062}.Debug|Mixed Platforms.ActiveCfg = Debug|Any CPU
		{FA6618FB-1ACC-4B18-9323-99810B20E062}.Debug|Mixed Platforms.Build.0 = Debug|Any CPU
		{FA6618FB-1ACC-4B18-9323-99810B20E062}.Debug|Win32.ActiveCfg = Debug|Any CPU
		{FA6618FB-1ACC-4B18-9323-99810B20E062}.Debug|x86.ActiveCfg = Debug|Any CPU
		{FA6618FB-1ACC-4B18-9323-99810B20E062}.Development|.NET.ActiveCfg = Debug|Any CPU
		{FA6618FB-1ACC-4B18-9323-99810B20E062}.Development|Any CPU.ActiveCfg = Debug|Any CPU
		{FA6618FB-1ACC-4B18-9323-99810B20E062}.Development|Any CPU.Build.0 = Debug|Any CPU
		{FA6618FB-1ACC-4B18-9323-99810B20E062}.Development|Mixed Platforms.ActiveCfg = Debug|Any CPU
		{FA6618FB-1ACC-4B18-9323-99810B20E062}.Development|Mixed Platforms.Build.0 = Debug|Any CPU
		{FA6618FB-1ACC-4B18-9323-99810B20E062}.Development|Win32.ActiveCfg = Debug|Any CPU
		{FA6618FB-1ACC-4B18-9323-99810B20E062}.Development|x86.ActiveCfg = Debug|Any CPU
		{FA6618FB-1ACC-4B18-9323-99810B20E062}.Release|.NET.ActiveCfg = Release|Any CPU
		{FA6618FB-1ACC-4B18-9323-99810B20E062}.Release|Any CPU.ActiveCfg = Release|Any CPU
		{FA6618FB-1ACC-4B18-9323-99810B20E062}.Release|Any CPU.Build.0 = Release|Any CPU
		{FA6618FB-1ACC-4B18-9323-99810B20E062}.Release|Mixed Platforms.ActiveCfg = Release|Any CPU
		{FA6618FB-1ACC-4B18-9323-99810B20E062}.Release|Mixed Platforms.Build.0 = Release|Any CPU
		{FA6618FB-1ACC-4B18-9323-99810B20E062}.Release|Win32.ActiveCfg = Release|Any CPU
		{FA6618FB-1ACC-4B18-9323-99810B20E062}.Release|x86.ActiveCfg = Release|Any CPU
		{BBC16FB6-4137-4833-8FED-D5EBD77A0F8D}.Debug|.NET.ActiveCfg = Debug|Win32
		{BBC16FB6-4137-4833-8FED-D5EBD77A0F8D}.Debug|Any CPU.ActiveCfg = Debug|Win32
		{BBC16FB6-4137-4833-8FED-D5EBD77A0F8D}.Debug|Mixed Platforms.ActiveCfg = Debug|Win32
		{BBC16FB6-4137-4833-8FED-D5EBD77A0F8D}.Debug|Mixed Platforms.Build.0 = Debug|Win32
		{BBC16FB6-4137-4833-8FED-D5EBD77A0F8D}.Debug|Win32.ActiveCfg = Debug|Win32
		{BBC16FB6-4137-4833-8FED-D5EBD77A0F8D}.Debug|Win32.Build.0 = Debug|Win32
		{BBC16FB6-4137-4833-8FED-D5EBD77A0F8D}.Debug|x86.ActiveCfg = Debug|Win32
		{BBC16FB6-4137-4833-8FED-D5EBD77A0F8D}.Development|.NET.ActiveCfg = Debug|Win32
		{BBC16FB6-4137-4833-8FED-D5EBD77A0F8D}.Development|Any CPU.ActiveCfg = Debug|Win32
		{BBC16FB6-4137-4833-8FED-D5EBD77A0F8D}.Development|Mixed Platforms.ActiveCfg = Debug|Win32
		{BBC16FB6-4137-4833-8FED-D5EBD77A0F8D}.Development|Mixed Platforms.Build.0 = Debug|Win32
		{BBC16FB6-4137-4833-8FED-D5EBD77A0F8D}.Development|Win32.ActiveCfg = Debug|Win32
		{BBC16FB6-4137-4833-8FED-D5EBD77A0F8D}.Development|Win32.Build.0 = Debug|Win32
		{BBC16FB6-4137-4833-8FED-D5EBD77A0F8D}.Development|x86.ActiveCfg = Debug|Win32
		{BBC16FB6-4137-4833-8FED-D5EBD77A0F8D}.Release|.NET.ActiveCfg = Release|Win32
		{BBC16FB6-4137-4833-8FED-D5EBD77A0F8D}.Release|Any CPU.ActiveCfg = Release|Win32
		{BBC16FB6-4137-4833-8FED-D5EBD77A0F8D}.Release|Mixed Platforms.ActiveCfg = Release|Win32
		{BBC16FB6-4137-4833-8FED-D5EBD77A0F8D}.Release|Mixed Platforms.Build.0 = Release|Win32
		{BBC16FB6-4137-4833-8FED-D5EBD77A0F8D}.Release|Win32.ActiveCfg = Release|Win32
		{BBC16FB6-4137-4833-8FED-D5EBD77A0F8D}.Release|Win32.Build.0 = Release|Win32
		{BBC16FB6-4137-4833-8FED-D5EBD77A0F8D}.Release|x86.ActiveCfg = Release|Win32
		{1002A689-EB9A-4A2B-858A-463A1672E451}.Debug|.NET.ActiveCfg = Debug|Win32
		{1002A689-EB9A-4A2B-858A-463A1672E451}.Debug|Any CPU.ActiveCfg = Debug|Win32
		{1002A689-EB9A-4A2B-858A-463A1672E451}.Debug|Mixed Platforms.ActiveCfg = Debug|Win32
		{1002A689-EB9A-4A2B-858A-463A1672E451}.Debug|Win32.ActiveCfg = Debug|Win32
		{1002A689-EB9A-4A2B-858A-463A1672E451}.Debug|x86.ActiveCfg = Debug|Win32
		{1002A689-EB9A-4A2B-858A-463A1672E451}.Development|.NET.ActiveCfg = Debug|Win32
		{1002A689-EB9A-4A2B-858A-463A1672E451}.Development|Any CPU.ActiveCfg = Debug|Win32
		{1002A689-EB9A-4A2B-858A-463A1672E451}.Development|Mixed Platforms.ActiveCfg = Debug|Win32
		{1002A689-EB9A-4A2B-858A-463A1672E451}.Development|Mixed Platforms.Build.0 = Debug|Win32
		{1002A689-EB9A-4A2B-858A-463A1672E451}.Development|Win32.ActiveCfg = Debug|Win32
		{1002A689-EB9A-4A2B-858A-463A1672E451}.Development|Win32.Build.0 = Debug|Win32
		{1002A689-EB9A-4A2B-858A-463A1672E451}.Development|x86.ActiveCfg = Debug|Win32
		{1002A689-EB9A-4A2B-858A-463A1672E451}.Release|.NET.ActiveCfg = Release|Win32
		{1002A689-EB9A-4A2B-858A-463A1672E451}.Release|Any CPU.ActiveCfg = Release|Win32
		{1002A689-EB9A-4A2B-858A-463A1672E451}.Release|Mixed Platforms.ActiveCfg = Release|Win32
		{1002A689-EB9A-4A2B-858A-463A1672E451}.Release|Win32.ActiveCfg = Release|Win32
		{1002A689-EB9A-4A2B-858A-463A1672E451}.Release|x86.ActiveCfg = Release|Win32
		{82EAC1F5-B0A1-426D-9FF4-CBEB1A31F9D1}.Debug|.NET.ActiveCfg = Debug
		{82EAC1F5-B0A1-426D-9FF4-CBEB1A31F9D1}.Debug|.NET.Build.0 = Debug
		{82EAC1F5-B0A1-426D-9FF4-CBEB1A31F9D1}.Debug|Any CPU.ActiveCfg = Debug
		{82EAC1F5-B0A1-426D-9FF4-CBEB1A31F9D1}.Debug|Mixed Platforms.ActiveCfg = Debug
		{82EAC1F5-B0A1-426D-9FF4-CBEB1A31F9D1}.Debug|Win32.ActiveCfg = Debug
		{82EAC1F5-B0A1-426D-9FF4-CBEB1A31F9D1}.Debug|x86.ActiveCfg = Debug
		{82EAC1F5-B0A1-426D-9FF4-CBEB1A31F9D1}.Development|.NET.ActiveCfg = Debug
		{82EAC1F5-B0A1-426D-9FF4-CBEB1A31F9D1}.Development|.NET.Build.0 = Debug
		{82EAC1F5-B0A1-426D-9FF4-CBEB1A31F9D1}.Development|Any CPU.ActiveCfg = Debug
		{82EAC1F5-B0A1-426D-9FF4-CBEB1A31F9D1}.Development|Any CPU.Build.0 = Debug
		{82EAC1F5-B0A1-426D-9FF4-CBEB1A31F9D1}.Development|Mixed Platforms.ActiveCfg = Debug
		{82EAC1F5-B0A1-426D-9FF4-CBEB1A31F9D1}.Development|Mixed Platforms.Build.0 = Debug
		{82EAC1F5-B0A1-426D-9FF4-CBEB1A31F9D1}.Development|Win32.ActiveCfg = Debug
		{82EAC1F5-B0A1-426D-9FF4-CBEB1A31F9D1}.Development|Win32.Build.0 = Debug
		{82EAC1F5-B0A1-426D-9FF4-CBEB1A31F9D1}.Development|x86.ActiveCfg = Debug
		{82EAC1F5-B0A1-426D-9FF4-CBEB1A31F9D1}.Development|x86.Build.0 = Debug
		{82EAC1F5-B0A1-426D-9FF4-CBEB1A31F9D1}.Release|.NET.ActiveCfg = Release
		{82EAC1F5-B0A1-426D-9FF4-CBEB1A31F9D1}.Release|.NET.Build.0 = Release
		{82EAC1F5-B0A1-426D-9FF4-CBEB1A31F9D1}.Release|Any CPU.ActiveCfg = Release
		{82EAC1F5-B0A1-426D-9FF4-CBEB1A31F9D1}.Release|Mixed Platforms.ActiveCfg = Release
		{82EAC1F5-B0A1-426D-9FF4-CBEB1A31F9D1}.Release|Win32.ActiveCfg = Release
		{82EAC1F5-B0A1-426D-9FF4-CBEB1A31F9D1}.Release|x86.ActiveCfg = Release
		{B2FBF468-8567-4536-BBB2-3E97A463DDB7}.Debug|.NET.ActiveCfg = Debug|Any CPU
		{B2FBF468-8567-4536-BBB2-3E97A463DDB7}.Debug|Any CPU.ActiveCfg = Debug|Any CPU
		{B2FBF468-8567-4536-BBB2-3E97A463DDB7}.Debug|Any CPU.Build.0 = Debug|Any CPU
		{B2FBF468-8567-4536-BBB2-3E97A463DDB7}.Debug|Mixed Platforms.ActiveCfg = Debug|Any CPU
		{B2FBF468-8567-4536-BBB2-3E97A463DDB7}.Debug|Mixed Platforms.Build.0 = Debug|Any CPU
		{B2FBF468-8567-4536-BBB2-3E97A463DDB7}.Debug|Win32.ActiveCfg = Debug|Any CPU
		{B2FBF468-8567-4536-BBB2-3E97A463DDB7}.Debug|x86.ActiveCfg = Debug|Any CPU
		{B2FBF468-8567-4536-BBB2-3E97A463DDB7}.Development|.NET.ActiveCfg = Debug|Any CPU
		{B2FBF468-8567-4536-BBB2-3E97A463DDB7}.Development|Any CPU.ActiveCfg = Debug|Any CPU
		{B2FBF468-8567-4536-BBB2-3E97A463DDB7}.Development|Any CPU.Build.0 = Debug|Any CPU
		{B2FBF468-8567-4536-BBB2-3E97A463DDB7}.Development|Mixed Platforms.ActiveCfg = Debug|Any CPU
		{B2FBF468-8567-4536-BBB2-3E97A463DDB7}.Development|Mixed Platforms.Build.0 = Debug|Any CPU
		{B2FBF468-8567-4536-BBB2-3E97A463DDB7}.Development|Win32.ActiveCfg = Debug|Any CPU
		{B2FBF468-8567-4536-BBB2-3E97A463DDB7}.Development|x86.ActiveCfg = Debug|Any CPU
		{B2FBF468-8567-4536-BBB2-3E97A463DDB7}.Release|.NET.ActiveCfg = Release|Any CPU
		{B2FBF468-8567-4536-BBB2-3E97A463DDB7}.Release|Any CPU.ActiveCfg = Release|Any CPU
		{B2FBF468-8567-4536-BBB2-3E97A463DDB7}.Release|Any CPU.Build.0 = Release|Any CPU
		{B2FBF468-8567-4536-BBB2-3E97A463DDB7}.Release|Mixed Platforms.ActiveCfg = Release|Any CPU
		{B2FBF468-8567-4536-BBB2-3E97A463DDB7}.Release|Mixed Platforms.Build.0 = Release|Any CPU
		{B2FBF468-8567-4536-BBB2-3E97A463DDB7}.Release|Win32.ActiveCfg = Release|Any CPU
		{B2FBF468-8567-4536-BBB2-3E97A463DDB7}.Release|x86.ActiveCfg = Release|Any CPU
		{14E503D6-F341-4FA0-B6E5-8996A5C9FBDA}.Debug|.NET.ActiveCfg = Debug|.NET
		{14E503D6-F341-4FA0-B6E5-8996A5C9FBDA}.Debug|.NET.Build.0 = Debug|.NET
		{14E503D6-F341-4FA0-B6E5-8996A5C9FBDA}.Debug|Any CPU.ActiveCfg = Debug|.NET
		{14E503D6-F341-4FA0-B6E5-8996A5C9FBDA}.Debug|Mixed Platforms.ActiveCfg = Debug|.NET
		{14E503D6-F341-4FA0-B6E5-8996A5C9FBDA}.Debug|Mixed Platforms.Build.0 = Debug|.NET
		{14E503D6-F341-4FA0-B6E5-8996A5C9FBDA}.Debug|Win32.ActiveCfg = Debug|.NET
		{14E503D6-F341-4FA0-B6E5-8996A5C9FBDA}.Debug|x86.ActiveCfg = Debug|.NET
		{14E503D6-F341-4FA0-B6E5-8996A5C9FBDA}.Development|.NET.ActiveCfg = Debug|.NET
		{14E503D6-F341-4FA0-B6E5-8996A5C9FBDA}.Development|.NET.Build.0 = Debug|.NET
		{14E503D6-F341-4FA0-B6E5-8996A5C9FBDA}.Development|Any CPU.ActiveCfg = Debug|.NET
		{14E503D6-F341-4FA0-B6E5-8996A5C9FBDA}.Development|Mixed Platforms.ActiveCfg = Debug|.NET
		{14E503D6-F341-4FA0-B6E5-8996A5C9FBDA}.Development|Mixed Platforms.Build.0 = Debug|.NET
		{14E503D6-F341-4FA0-B6E5-8996A5C9FBDA}.Development|Win32.ActiveCfg = Debug|.NET
		{14E503D6-F341-4FA0-B6E5-8996A5C9FBDA}.Development|x86.ActiveCfg = Debug|.NET
		{14E503D6-F341-4FA0-B6E5-8996A5C9FBDA}.Release|.NET.ActiveCfg = Debug|.NET
		{14E503D6-F341-4FA0-B6E5-8996A5C9FBDA}.Release|.NET.Build.0 = Debug|.NET
		{14E503D6-F341-4FA0-B6E5-8996A5C9FBDA}.Release|Any CPU.ActiveCfg = Debug|.NET
		{14E503D6-F341-4FA0-B6E5-8996A5C9FBDA}.Release|Mixed Platforms.ActiveCfg = Debug|.NET
		{14E503D6-F341-4FA0-B6E5-8996A5C9FBDA}.Release|Mixed Platforms.Build.0 = Debug|.NET
		{14E503D6-F341-4FA0-B6E5-8996A5C9FBDA}.Release|Win32.ActiveCfg = Debug|.NET
		{14E503D6-F341-4FA0-B6E5-8996A5C9FBDA}.Release|x86.ActiveCfg = Debug|.NET
		{DB65491A-E346-425B-A2B3-87FBF40D7826}.Debug|.NET.ActiveCfg = Debug|.NET
		{DB65491A-E346-425B-A2B3-87FBF40D7826}.Debug|.NET.Build.0 = Debug|.NET
		{DB65491A-E346-425B-A2B3-87FBF40D7826}.Debug|Any CPU.ActiveCfg = Debug|.NET
		{DB65491A-E346-425B-A2B3-87FBF40D7826}.Debug|Mixed Platforms.ActiveCfg = Debug|.NET
		{DB65491A-E346-425B-A2B3-87FBF40D7826}.Debug|Mixed Platforms.Build.0 = Debug|.NET
		{DB65491A-E346-425B-A2B3-87FBF40D7826}.Debug|Win32.ActiveCfg = Debug|.NET
		{DB65491A-E346-425B-A2B3-87FBF40D7826}.Debug|x86.ActiveCfg = Debug|.NET
		{DB65491A-E346-425B-A2B3-87FBF40D7826}.Development|.NET.ActiveCfg = Debug|.NET
		{DB65491A-E346-425B-A2B3-87FBF40D7826}.Development|.NET.Build.0 = Debug|.NET
		{DB65491A-E346-425B-A2B3-87FBF40D7826}.Development|Any CPU.ActiveCfg = Debug|.NET
		{DB65491A-E346-425B-A2B3-87FBF40D7826}.Development|Mixed Platforms.ActiveCfg = Debug|.NET
		{DB65491A-E346-425B-A2B3-87FBF40D7826}.Development|Mixed Platforms.Build.0 = Debug|.NET
		{DB65491A-E346-425B-A2B3-87FBF40D7826}.Development|Win32.ActiveCfg = Debug|.NET
		{DB65491A-E346-425B-A2B3-87FBF40D7826}.Development|x86.ActiveCfg = Debug|.NET
		{DB65491A-E346-425B-A2B3-87FBF40D7826}.Release|.NET.ActiveCfg = Debug|.NET
		{DB65491A-E346-425B-A2B3-87FBF40D7826}.Release|.NET.Build.0 = Debug|.NET
		{DB65491A-E346-425B-A2B3-87FBF40D7826}.Release|Any CPU.ActiveCfg = Debug|.NET
		{DB65491A-E346-425B-A2B3-87FBF40D7826}.Release|Mixed Platforms.ActiveCfg = Debug|.NET
		{DB65491A-E346-425B-A2B3-87FBF40D7826}.Release|Mixed Platforms.Build.0 = Debug|.NET
		{DB65491A-E346-425B-A2B3-87FBF40D7826}.Release|Win32.ActiveCfg = Debug|.NET
		{DB65491A-E346-425B-A2B3-87FBF40D7826}.Release|x86.ActiveCfg = Debug|.NET
		{4606AC40-F516-489D-B775-D99E1358F5AB}.Debug|.NET.ActiveCfg = Debug|Any CPU
		{4606AC40-F516-489D-B775-D99E1358F5AB}.Debug|Any CPU.ActiveCfg = Debug|Any CPU
		{4606AC40-F516-489D-B775-D99E1358F5AB}.Debug|Any CPU.Build.0 = Debug|Any CPU
		{4606AC40-F516-489D-B775-D99E1358F5AB}.Debug|Mixed Platforms.ActiveCfg = Debug|Any CPU
		{4606AC40-F516-489D-B775-D99E1358F5AB}.Debug|Mixed Platforms.Build.0 = Debug|Any CPU
		{4606AC40-F516-489D-B775-D99E1358F5AB}.Debug|Win32.ActiveCfg = Debug|Any CPU
		{4606AC40-F516-489D-B775-D99E1358F5AB}.Debug|x86.ActiveCfg = Debug|Any CPU
		{4606AC40-F516-489D-B775-D99E1358F5AB}.Development|.NET.ActiveCfg = Debug|Any CPU
		{4606AC40-F516-489D-B775-D99E1358F5AB}.Development|Any CPU.ActiveCfg = Debug|Any CPU
		{4606AC40-F516-489D-B775-D99E1358F5AB}.Development|Any CPU.Build.0 = Debug|Any CPU
		{4606AC40-F516-489D-B775-D99E1358F5AB}.Development|Mixed Platforms.ActiveCfg = Debug|Any CPU
		{4606AC40-F516-489D-B775-D99E1358F5AB}.Development|Mixed Platforms.Build.0 = Debug|Any CPU
		{4606AC40-F516-489D-B775-D99E1358F5AB}.Development|Win32.ActiveCfg = Debug|Any CPU
		{4606AC40-F516-489D-B775-D99E1358F5AB}.Development|x86.ActiveCfg = Debug|Any CPU
		{4606AC40-F516-489D-B775-D99E1358F5AB}.Release|.NET.ActiveCfg = Release|Any CPU
		{4606AC40-F516-489D-B775-D99E1358F5AB}.Release|Any CPU.ActiveCfg = Release|Any CPU
		{4606AC40-F516-489D-B775-D99E1358F5AB}.Release|Any CPU.Build.0 = Release|Any CPU
		{4606AC40-F516-489D-B775-D99E1358F5AB}.Release|Mixed Platforms.ActiveCfg = Release|Any CPU
		{4606AC40-F516-489D-B775-D99E1358F5AB}.Release|Mixed Platforms.Build.0 = Release|Any CPU
		{4606AC40-F516-489D-B775-D99E1358F5AB}.Release|Win32.ActiveCfg = Release|Any CPU
		{4606AC40-F516-489D-B775-D99E1358F5AB}.Release|x86.ActiveCfg = Release|Any CPU
		{5BEFA670-8404-4D75-A5F2-E99997916668}.Debug|.NET.ActiveCfg = Debug|Win32
		{5BEFA670-8404-4D75-A5F2-E99997916668}.Debug|Any CPU.ActiveCfg = Debug|Win32
		{5BEFA670-8404-4D75-A5F2-E99997916668}.Debug|Mixed Platforms.ActiveCfg = Debug|Win32
		{5BEFA670-8404-4D75-A5F2-E99997916668}.Debug|Mixed Platforms.Build.0 = Debug|Win32
		{5BEFA670-8404-4D75-A5F2-E99997916668}.Debug|Win32.ActiveCfg = Debug|Win32
		{5BEFA670-8404-4D75-A5F2-E99997916668}.Debug|Win32.Build.0 = Debug|Win32
		{5BEFA670-8404-4D75-A5F2-E99997916668}.Debug|x86.ActiveCfg = Debug|Win32
		{5BEFA670-8404-4D75-A5F2-E99997916668}.Development|.NET.ActiveCfg = Debug|Win32
		{5BEFA670-8404-4D75-A5F2-E99997916668}.Development|Any CPU.ActiveCfg = Debug|Win32
		{5BEFA670-8404-4D75-A5F2-E99997916668}.Development|Mixed Platforms.ActiveCfg = Debug|Win32
		{5BEFA670-8404-4D75-A5F2-E99997916668}.Development|Mixed Platforms.Build.0 = Debug|Win32
		{5BEFA670-8404-4D75-A5F2-E99997916668}.Development|Win32.ActiveCfg = Debug|Win32
		{5BEFA670-8404-4D75-A5F2-E99997916668}.Development|Win32.Build.0 = Debug|Win32
		{5BEFA670-8404-4D75-A5F2-E99997916668}.Development|x86.ActiveCfg = Debug|Win32
		{5BEFA670-8404-4D75-A5F2-E99997916668}.Release|.NET.ActiveCfg = Release|Win32
		{5BEFA670-8404-4D75-A5F2-E99997916668}.Release|Any CPU.ActiveCfg = Release|Win32
		{5BEFA670-8404-4D75-A5F2-E99997916668}.Release|Mixed Platforms.ActiveCfg = Release|Win32
		{5BEFA670-8404-4D75-A5F2-E99997916668}.Release|Mixed Platforms.Build.0 = Release|Win32
		{5BEFA670-8404-4D75-A5F2-E99997916668}.Release|Win32.ActiveCfg = Release|Win32
		{5BEFA670-8404-4D75-A5F2-E99997916668}.Release|Win32.Build.0 = Release|Win32
		{5BEFA670-8404-4D75-A5F2-E99997916668}.Release|x86.ActiveCfg = Release|Win32
		{BF236045-30D1-49E1-A857-113895B40B81}.Debug|.NET.ActiveCfg = Debug|Any CPU
		{BF236045-30D1-49E1-A857-113895B40B81}.Debug|Any CPU.ActiveCfg = Debug|Any CPU
		{BF236045-30D1-49E1-A857-113895B40B81}.Debug|Any CPU.Build.0 = Debug|Any CPU
		{BF236045-30D1-49E1-A857-113895B40B81}.Debug|Mixed Platforms.ActiveCfg = Debug|Any CPU
		{BF236045-30D1-49E1-A857-113895B40B81}.Debug|Mixed Platforms.Build.0 = Debug|Any CPU
		{BF236045-30D1-49E1-A857-113895B40B81}.Debug|Win32.ActiveCfg = Debug|Any CPU
		{BF236045-30D1-49E1-A857-113895B40B81}.Debug|x86.ActiveCfg = Debug|Any CPU
		{BF236045-30D1-49E1-A857-113895B40B81}.Development|.NET.ActiveCfg = Debug|Any CPU
		{BF236045-30D1-49E1-A857-113895B40B81}.Development|Any CPU.ActiveCfg = Debug|Any CPU
		{BF236045-30D1-49E1-A857-113895B40B81}.Development|Any CPU.Build.0 = Debug|Any CPU
		{BF236045-30D1-49E1-A857-113895B40B81}.Development|Mixed Platforms.ActiveCfg = Debug|Any CPU
		{BF236045-30D1-49E1-A857-113895B40B81}.Development|Mixed Platforms.Build.0 = Debug|Any CPU
		{BF236045-30D1-49E1-A857-113895B40B81}.Development|Win32.ActiveCfg = Debug|Any CPU
		{BF236045-30D1-49E1-A857-113895B40B81}.Development|x86.ActiveCfg = Debug|Any CPU
		{BF236045-30D1-49E1-A857-113895B40B81}.Release|.NET.ActiveCfg = Release|Any CPU
		{BF236045-30D1-49E1-A857-113895B40B81}.Release|Any CPU.ActiveCfg = Release|Any CPU
		{BF236045-30D1-49E1-A857-113895B40B81}.Release|Any CPU.Build.0 = Release|Any CPU
		{BF236045-30D1-49E1-A857-113895B40B81}.Release|Mixed Platforms.ActiveCfg = Release|Any CPU
		{BF236045-30D1-49E1-A857-113895B40B81}.Release|Mixed Platforms.Build.0 = Release|Any CPU
		{BF236045-30D1-49E1-A857-113895B40B81}.Release|Win32.ActiveCfg = Release|Any CPU
		{BF236045-30D1-49E1-A857-113895B40B81}.Release|x86.ActiveCfg = Release|Any CPU
		{B3578AB5-5DA5-434C-AAC7-7120E3C781C8}.Debug|.NET.ActiveCfg = Debug|Win32
		{B3578AB5-5DA5-434C-AAC7-7120E3C781C8}.Debug|Any CPU.ActiveCfg = Debug|Win32
		{B3578AB5-5DA5-434C-AAC7-7120E3C781C8}.Debug|Mixed Platforms.ActiveCfg = Debug|Win32
		{B3578AB5-5DA5-434C-AAC7-7120E3C781C8}.Debug|Mixed Platforms.Build.0 = Debug|Win32
		{B3578AB5-5DA5-434C-AAC7-7120E3C781C8}.Debug|Win32.ActiveCfg = Debug|Win32
		{B3578AB5-5DA5-434C-AAC7-7120E3C781C8}.Debug|Win32.Build.0 = Debug|Win32
		{B3578AB5-5DA5-434C-AAC7-7120E3C781C8}.Debug|x86.ActiveCfg = Debug|Win32
		{B3578AB5-5DA5-434C-AAC7-7120E3C781C8}.Development|.NET.ActiveCfg = Debug|Win32
		{B3578AB5-5DA5-434C-AAC7-7120E3C781C8}.Development|Any CPU.ActiveCfg = Debug|Win32
		{B3578AB5-5DA5-434C-AAC7-7120E3C781C8}.Development|Mixed Platforms.ActiveCfg = Debug|Win32
		{B3578AB5-5DA5-434C-AAC7-7120E3C781C8}.Development|Mixed Platforms.Build.0 = Debug|Win32
		{B3578AB5-5DA5-434C-AAC7-7120E3C781C8}.Development|Win32.ActiveCfg = Debug|Win32
		{B3578AB5-5DA5-434C-AAC7-7120E3C781C8}.Development|Win32.Build.0 = Debug|Win32
		{B3578AB5-5DA5-434C-AAC7-7120E3C781C8}.Development|x86.ActiveCfg = Debug|Win32
		{B3578AB5-5DA5-434C-AAC7-7120E3C781C8}.Release|.NET.ActiveCfg = Release|Win32
		{B3578AB5-5DA5-434C-AAC7-7120E3C781C8}.Release|Any CPU.ActiveCfg = Release|Win32
		{B3578AB5-5DA5-434C-AAC7-7120E3C781C8}.Release|Mixed Platforms.ActiveCfg = Release|Win32
		{B3578AB5-5DA5-434C-AAC7-7120E3C781C8}.Release|Mixed Platforms.Build.0 = Release|Win32
		{B3578AB5-5DA5-434C-AAC7-7120E3C781C8}.Release|Win32.ActiveCfg = Release|Win32
		{B3578AB5-5DA5-434C-AAC7-7120E3C781C8}.Release|Win32.Build.0 = Release|Win32
		{B3578AB5-5DA5-434C-AAC7-7120E3C781C8}.Release|x86.ActiveCfg = Release|Win32
		{26E1BA07-AE5D-4FC8-9150-FCA5BDF193D5}.Debug|.NET.ActiveCfg = Debug|Win32
		{26E1BA07-AE5D-4FC8-9150-FCA5BDF193D5}.Debug|Any CPU.ActiveCfg = Debug|Win32
		{26E1BA07-AE5D-4FC8-9150-FCA5BDF193D5}.Debug|Mixed Platforms.ActiveCfg = Debug|Win32
		{26E1BA07-AE5D-4FC8-9150-FCA5BDF193D5}.Debug|Win32.ActiveCfg = Debug|Win32
		{26E1BA07-AE5D-4FC8-9150-FCA5BDF193D5}.Debug|x86.ActiveCfg = Debug|Win32
		{26E1BA07-AE5D-4FC8-9150-FCA5BDF193D5}.Development|.NET.ActiveCfg = Debug|Win32
		{26E1BA07-AE5D-4FC8-9150-FCA5BDF193D5}.Development|Any CPU.ActiveCfg = Debug|Win32
		{26E1BA07-AE5D-4FC8-9150-FCA5BDF193D5}.Development|Mixed Platforms.ActiveCfg = Debug|Win32
		{26E1BA07-AE5D-4FC8-9150-FCA5BDF193D5}.Development|Mixed Platforms.Build.0 = Debug|Win32
		{26E1BA07-AE5D-4FC8-9150-FCA5BDF193D5}.Development|Win32.ActiveCfg = Debug|Win32
		{26E1BA07-AE5D-4FC8-9150-FCA5BDF193D5}.Development|Win32.Build.0 = Debug|Win32
		{26E1BA07-AE5D-4FC8-9150-FCA5BDF193D5}.Development|x86.ActiveCfg = Debug|Win32
		{26E1BA07-AE5D-4FC8-9150-FCA5BDF193D5}.Release|.NET.ActiveCfg = Release|Win32
		{26E1BA07-AE5D-4FC8-9150-FCA5BDF193D5}.Release|Any CPU.ActiveCfg = Release|Win32
		{26E1BA07-AE5D-4FC8-9150-FCA5BDF193D5}.Release|Mixed Platforms.ActiveCfg = Release|Win32
		{26E1BA07-AE5D-4FC8-9150-FCA5BDF193D5}.Release|Win32.ActiveCfg = Release|Win32
		{26E1BA07-AE5D-4FC8-9150-FCA5BDF193D5}.Release|x86.ActiveCfg = Release|Win32
		{6EA1F5CF-AFEA-45E3-BC9A-EF7120EE3569}.Debug|.NET.ActiveCfg = Debug|Any CPU
		{6EA1F5CF-AFEA-45E3-BC9A-EF7120EE3569}.Debug|Any CPU.ActiveCfg = Debug|Any CPU
		{6EA1F5CF-AFEA-45E3-BC9A-EF7120EE3569}.Debug|Any CPU.Build.0 = Debug|Any CPU
		{6EA1F5CF-AFEA-45E3-BC9A-EF7120EE3569}.Debug|Mixed Platforms.ActiveCfg = Debug|Any CPU
		{6EA1F5CF-AFEA-45E3-BC9A-EF7120EE3569}.Debug|Mixed Platforms.Build.0 = Debug|Any CPU
		{6EA1F5CF-AFEA-45E3-BC9A-EF7120EE3569}.Debug|Win32.ActiveCfg = Debug|Any CPU
		{6EA1F5CF-AFEA-45E3-BC9A-EF7120EE3569}.Debug|x86.ActiveCfg = Debug|Any CPU
		{6EA1F5CF-AFEA-45E3-BC9A-EF7120EE3569}.Development|.NET.ActiveCfg = Debug|Any CPU
		{6EA1F5CF-AFEA-45E3-BC9A-EF7120EE3569}.Development|Any CPU.ActiveCfg = Debug|Any CPU
		{6EA1F5CF-AFEA-45E3-BC9A-EF7120EE3569}.Development|Any CPU.Build.0 = Debug|Any CPU
		{6EA1F5CF-AFEA-45E3-BC9A-EF7120EE3569}.Development|Mixed Platforms.ActiveCfg = Debug|Any CPU
		{6EA1F5CF-AFEA-45E3-BC9A-EF7120EE3569}.Development|Mixed Platforms.Build.0 = Debug|Any CPU
		{6EA1F5CF-AFEA-45E3-BC9A-EF7120EE3569}.Development|Win32.ActiveCfg = Debug|Any CPU
		{6EA1F5CF-AFEA-45E3-BC9A-EF7120EE3569}.Development|x86.ActiveCfg = Debug|Any CPU
		{6EA1F5CF-AFEA-45E3-BC9A-EF7120EE3569}.Release|.NET.ActiveCfg = Release|Any CPU
		{6EA1F5CF-AFEA-45E3-BC9A-EF7120EE3569}.Release|Any CPU.ActiveCfg = Release|Any CPU
		{6EA1F5CF-AFEA-45E3-BC9A-EF7120EE3569}.Release|Any CPU.Build.0 = Release|Any CPU
		{6EA1F5CF-AFEA-45E3-BC9A-EF7120EE3569}.Release|Mixed Platforms.ActiveCfg = Release|Any CPU
		{6EA1F5CF-AFEA-45E3-BC9A-EF7120EE3569}.Release|Mixed Platforms.Build.0 = Release|Any CPU
		{6EA1F5CF-AFEA-45E3-BC9A-EF7120EE3569}.Release|Win32.ActiveCfg = Release|Any CPU
		{6EA1F5CF-AFEA-45E3-BC9A-EF7120EE3569}.Release|x86.ActiveCfg = Release|Any CPU
		{B16867C9-6B4B-42DB-B4E4-087D95DF704F}.Debug|.NET.ActiveCfg = Development
		{B16867C9-6B4B-42DB-B4E4-087D95DF704F}.Debug|.NET.Build.0 = Development
		{B16867C9-6B4B-42DB-B4E4-087D95DF704F}.Debug|.NET.Deploy.0 = Development
		{B16867C9-6B4B-42DB-B4E4-087D95DF704F}.Debug|Any CPU.ActiveCfg = Development
		{B16867C9-6B4B-42DB-B4E4-087D95DF704F}.Debug|Any CPU.Build.0 = Development
		{B16867C9-6B4B-42DB-B4E4-087D95DF704F}.Debug|Any CPU.Deploy.0 = Development
		{B16867C9-6B4B-42DB-B4E4-087D95DF704F}.Debug|Mixed Platforms.ActiveCfg = Development
		{B16867C9-6B4B-42DB-B4E4-087D95DF704F}.Debug|Mixed Platforms.Build.0 = Development
		{B16867C9-6B4B-42DB-B4E4-087D95DF704F}.Debug|Mixed Platforms.Deploy.0 = Development
		{B16867C9-6B4B-42DB-B4E4-087D95DF704F}.Debug|Win32.ActiveCfg = Development
		{B16867C9-6B4B-42DB-B4E4-087D95DF704F}.Debug|Win32.Build.0 = Development
		{B16867C9-6B4B-42DB-B4E4-087D95DF704F}.Debug|Win32.Deploy.0 = Development
		{B16867C9-6B4B-42DB-B4E4-087D95DF704F}.Debug|x86.ActiveCfg = Development
		{B16867C9-6B4B-42DB-B4E4-087D95DF704F}.Debug|x86.Build.0 = Development
		{B16867C9-6B4B-42DB-B4E4-087D95DF704F}.Debug|x86.Deploy.0 = Development
		{B16867C9-6B4B-42DB-B4E4-087D95DF704F}.Development|.NET.ActiveCfg = Development
		{B16867C9-6B4B-42DB-B4E4-087D95DF704F}.Development|.NET.Build.0 = Development
		{B16867C9-6B4B-42DB-B4E4-087D95DF704F}.Development|.NET.Deploy.0 = Development
		{B16867C9-6B4B-42DB-B4E4-087D95DF704F}.Development|Any CPU.ActiveCfg = Development
		{B16867C9-6B4B-42DB-B4E4-087D95DF704F}.Development|Any CPU.Build.0 = Development
		{B16867C9-6B4B-42DB-B4E4-087D95DF704F}.Development|Any CPU.Deploy.0 = Development
		{B16867C9-6B4B-42DB-B4E4-087D95DF704F}.Development|Mixed Platforms.ActiveCfg = Development
		{B16867C9-6B4B-42DB-B4E4-087D95DF704F}.Development|Mixed Platforms.Build.0 = Development
		{B16867C9-6B4B-42DB-B4E4-087D95DF704F}.Development|Mixed Platforms.Deploy.0 = Development
		{B16867C9-6B4B-42DB-B4E4-087D95DF704F}.Development|Win32.ActiveCfg = Development
		{B16867C9-6B4B-42DB-B4E4-087D95DF704F}.Development|Win32.Build.0 = Development
		{B16867C9-6B4B-42DB-B4E4-087D95DF704F}.Development|Win32.Deploy.0 = Development
		{B16867C9-6B4B-42DB-B4E4-087D95DF704F}.Development|x86.ActiveCfg = Development
		{B16867C9-6B4B-42DB-B4E4-087D95DF704F}.Development|x86.Build.0 = Development
		{B16867C9-6B4B-42DB-B4E4-087D95DF704F}.Development|x86.Deploy.0 = Development
		{B16867C9-6B4B-42DB-B4E4-087D95DF704F}.Release|.NET.ActiveCfg = Development
		{B16867C9-6B4B-42DB-B4E4-087D95DF704F}.Release|.NET.Build.0 = Development
		{B16867C9-6B4B-42DB-B4E4-087D95DF704F}.Release|.NET.Deploy.0 = Development
		{B16867C9-6B4B-42DB-B4E4-087D95DF704F}.Release|Any CPU.ActiveCfg = Development
		{B16867C9-6B4B-42DB-B4E4-087D95DF704F}.Release|Any CPU.Build.0 = Development
		{B16867C9-6B4B-42DB-B4E4-087D95DF704F}.Release|Any CPU.Deploy.0 = Development
		{B16867C9-6B4B-42DB-B4E4-087D95DF704F}.Release|Mixed Platforms.ActiveCfg = Development
		{B16867C9-6B4B-42DB-B4E4-087D95DF704F}.Release|Mixed Platforms.Build.0 = Development
		{B16867C9-6B4B-42DB-B4E4-087D95DF704F}.Release|Mixed Platforms.Deploy.0 = Development
		{B16867C9-6B4B-42DB-B4E4-087D95DF704F}.Release|Win32.ActiveCfg = Development
		{B16867C9-6B4B-42DB-B4E4-087D95DF704F}.Release|Win32.Build.0 = Development
		{B16867C9-6B4B-42DB-B4E4-087D95DF704F}.Release|Win32.Deploy.0 = Development
		{B16867C9-6B4B-42DB-B4E4-087D95DF704F}.Release|x86.ActiveCfg = Development
		{B16867C9-6B4B-42DB-B4E4-087D95DF704F}.Release|x86.Build.0 = Development
		{B16867C9-6B4B-42DB-B4E4-087D95DF704F}.Release|x86.Deploy.0 = Development
	EndGlobalSection
	GlobalSection(SolutionProperties) = preSolution
		HideSolutionNode = FALSE
	EndGlobalSection
EndGlobal
