Microsoft Visual Studio Solution File, Format Version 7.00
Project("{FAE04EC0-301F-11D3-BF4B-00C04F79EFBC}") = "UseCase", "UseCase.csproj", "{2A429631-4835-4123-82B4-B4D4AF56C645}"
EndProject
Global
	GlobalSection(SolutionConfiguration) = preSolution
		ConfigName.0 = Debug
		ConfigName.1 = Release
	EndGlobalSection
	GlobalSection(ProjectDependencies) = postSolution
	EndGlobalSection
	GlobalSection(ProjectConfiguration) = postSolution
		{2A429631-4835-4123-82B4-B4D4AF56C645}.Debug.ActiveCfg = Debug|.NET
		{2A429631-4835-4123-82B4-B4D4AF56C645}.Debug.Build.0 = Debug|.NET
		{2A429631-4835-4123-82B4-B4D4AF56C645}.Release.ActiveCfg = Release|.NET
		{2A429631-4835-4123-82B4-B4D4AF56C645}.Release.Build.0 = Release|.NET
	EndGlobalSection
	GlobalSection(ExtensibilityGlobals) = postSolution
	EndGlobalSection
	GlobalSection(ExtensibilityAddIns) = postSolution
	EndGlobalSection
EndGlobal
