
Microsoft Visual Studio Solution File, Format Version 9.00
# Visual Studio 2005
Project("{FAE04EC0-301F-11D3-BF4B-00C04F79EFBC}") = "IssueZilla", "IssueZilla\IssueZilla.csproj", "{B48911D4-2245-41E6-8B64-B7A91E1BA466}"
EndProject
Project("{FAE04EC0-301F-11D3-BF4B-00C04F79EFBC}") = "IssueZillaLib", "IssueZillaLib\IssueZillaLib.csproj", "{8B130EC0-CF4D-48EC-9636-9D5B1BCD16C3}"
EndProject
Global
	GlobalSection(SolutionConfigurationPlatforms) = preSolution
		Debug|Any CPU = Debug|Any CPU
		Release|Any CPU = Release|Any CPU
	EndGlobalSection
	GlobalSection(ProjectConfigurationPlatforms) = postSolution
		{B48911D4-2245-41E6-8B64-B7A91E1BA466}.Debug|Any CPU.ActiveCfg = Debug|Any CPU
		{B48911D4-2245-41E6-8B64-B7A91E1BA466}.Debug|Any CPU.Build.0 = Debug|Any CPU
		{B48911D4-2245-41E6-8B64-B7A91E1BA466}.Release|Any CPU.ActiveCfg = Release|Any CPU
		{B48911D4-2245-41E6-8B64-B7A91E1BA466}.Release|Any CPU.Build.0 = Release|Any CPU
		{8B130EC0-CF4D-48EC-9636-9D5B1BCD16C3}.Debug|Any CPU.ActiveCfg = Debug|Any CPU
		{8B130EC0-CF4D-48EC-9636-9D5B1BCD16C3}.Debug|Any CPU.Build.0 = Debug|Any CPU
		{8B130EC0-CF4D-48EC-9636-9D5B1BCD16C3}.Release|Any CPU.ActiveCfg = Release|Any CPU
		{8B130EC0-CF4D-48EC-9636-9D5B1BCD16C3}.Release|Any CPU.Build.0 = Release|Any CPU
	EndGlobalSection
	GlobalSection(SolutionProperties) = preSolution
		HideSolutionNode = FALSE
	EndGlobalSection
EndGlobal
