Microsoft Visual Studio Solution File, Format Version 7.00
Project("{FAE04EC0-301F-11D3-BF4B-00C04F79EFBC}") = "Ankh.UI", "Ankh.UI\Ankh.UI.csproj", "{AC32DD7A-4FC3-42C5-AFA7-ADE81F13A6DE}"
EndProject
Project("{FAE04EC0-301F-11D3-BF4B-00C04F79EFBC}") = "Ankh", "Ankh\Ankh.csproj", "{CE58AAC8-2271-4223-882F-0CD1A7105A52}"
EndProject
Project("{8BC9CEB8-8B4A-11D0-8D11-00A0C91BC942}") = "NSvn.Core", "NSvn.Core\NSvn.Core.vcproj", "{E31A3F36-D1C5-4FC2-8530-D24B9E01B09E}"
EndProject
Project("{FAE04EC0-301F-11D3-BF4B-00C04F79EFBC}") = "NSvn.Core.Tests", "NSvn.Core.Tests\NSvn.Core.Tests.csproj", "{1882FE23-6EE3-46AF-82B2-929E371E6218}"
EndProject
Project("{FAE04EC0-301F-11D3-BF4B-00C04F79EFBC}") = "NSvn.Common", "NSvn.Common\NSvn.Common.csproj", "{3A8DF134-05F1-4357-9682-AB14CDDA48A9}"
EndProject
Project("{8BC9CEB8-8B4A-11D0-8D11-00A0C91BC942}") = "NSvn.Core.Tests.MCpp", "NSvn.Core.Tests.MCpp\NSvn.Core.Tests.MCpp.vcproj", "{05E011D8-54B5-4558-80BF-A8AD64DDAC97}"
EndProject
Project("{FAE04EC0-301F-11D3-BF4B-00C04F79EFBC}") = "Utils", "Utils\Utils.csproj", "{A3248E1E-8272-4227-AF02-BB86040FBED9}"
EndProject
Project("{FAE04EC0-301F-11D3-BF4B-00C04F79EFBC}") = "ReposInstaller", "ReposInstaller\ReposInstaller.csproj", "{6D2A5456-0DB3-4795-8005-7E591AB2A221}"
EndProject
Project("{FAE04EC0-301F-11D3-BF4B-00C04F79EFBC}") = "Utils.Tests", "Utils.Tests\Utils.Tests.csproj", "{D07135AF-9397-4EAB-BD75-2410DC1F6F4E}"
EndProject
Project("{FAE04EC0-301F-11D3-BF4B-00C04F79EFBC}") = "Ankh.Tests", "Ankh.Tests\Ankh.Tests.csproj", "{1686CB0A-A3C2-4E39-9543-01B7D9CCD747}"
EndProject
Project("{54435603-DBB4-11D2-8724-00A0C9A8B90C}") = "AnkhSetup", "Ankh\AnkhSetup\AnkhSetup.vdproj", "{58D0A5F8-5173-4422-B5E1-EE89CE567759}"
EndProject
Project("{8BC9CEB8-8B4A-11D0-8D11-00A0C91BC942}") = "InstallLib", "InstallLib\InstallLib.vcproj", "{2A753B40-AB06-4D27-A093-D1D351BC9522}"
EndProject
Global
	GlobalSection(SolutionConfiguration) = preSolution
		ConfigName.0 = (svnlib) Debug
		ConfigName.1 = (svnlib) Release
		ConfigName.2 = Debug
		ConfigName.3 = Release
	EndGlobalSection
	GlobalSection(ProjectDependencies) = postSolution
	EndGlobalSection
	GlobalSection(ProjectConfiguration) = postSolution
		{AC32DD7A-4FC3-42C5-AFA7-ADE81F13A6DE}.(svnlib) Debug.ActiveCfg = Debug|.NET
		{AC32DD7A-4FC3-42C5-AFA7-ADE81F13A6DE}.(svnlib) Debug.Build.0 = Debug|.NET
		{AC32DD7A-4FC3-42C5-AFA7-ADE81F13A6DE}.(svnlib) Release.ActiveCfg = Release|.NET
		{AC32DD7A-4FC3-42C5-AFA7-ADE81F13A6DE}.(svnlib) Release.Build.0 = Release|.NET
		{AC32DD7A-4FC3-42C5-AFA7-ADE81F13A6DE}.Debug.ActiveCfg = Debug|.NET
		{AC32DD7A-4FC3-42C5-AFA7-ADE81F13A6DE}.Debug.Build.0 = Debug|.NET
		{AC32DD7A-4FC3-42C5-AFA7-ADE81F13A6DE}.Release.ActiveCfg = Release|.NET
		{AC32DD7A-4FC3-42C5-AFA7-ADE81F13A6DE}.Release.Build.0 = Release|.NET
		{CE58AAC8-2271-4223-882F-0CD1A7105A52}.(svnlib) Debug.ActiveCfg = (svnlib) Debug|.NET
		{CE58AAC8-2271-4223-882F-0CD1A7105A52}.(svnlib) Debug.Build.0 = (svnlib) Debug|.NET
		{CE58AAC8-2271-4223-882F-0CD1A7105A52}.(svnlib) Release.ActiveCfg = (svnlib) Release|.NET
		{CE58AAC8-2271-4223-882F-0CD1A7105A52}.(svnlib) Release.Build.0 = (svnlib) Release|.NET
		{CE58AAC8-2271-4223-882F-0CD1A7105A52}.Debug.ActiveCfg = Debug|.NET
		{CE58AAC8-2271-4223-882F-0CD1A7105A52}.Debug.Build.0 = Debug|.NET
		{CE58AAC8-2271-4223-882F-0CD1A7105A52}.Release.ActiveCfg = Release|.NET
		{CE58AAC8-2271-4223-882F-0CD1A7105A52}.Release.Build.0 = Release|.NET
		{E31A3F36-D1C5-4FC2-8530-D24B9E01B09E}.(svnlib) Debug.ActiveCfg = (svnlib) Debug|Win32
		{E31A3F36-D1C5-4FC2-8530-D24B9E01B09E}.(svnlib) Debug.Build.0 = (svnlib) Debug|Win32
		{E31A3F36-D1C5-4FC2-8530-D24B9E01B09E}.(svnlib) Release.ActiveCfg = (svnlib) Release|Win32
		{E31A3F36-D1C5-4FC2-8530-D24B9E01B09E}.(svnlib) Release.Build.0 = (svnlib) Release|Win32
		{E31A3F36-D1C5-4FC2-8530-D24B9E01B09E}.Debug.ActiveCfg = Debug|Win32
		{E31A3F36-D1C5-4FC2-8530-D24B9E01B09E}.Debug.Build.0 = Debug|Win32
		{E31A3F36-D1C5-4FC2-8530-D24B9E01B09E}.Release.ActiveCfg = Release|Win32
		{E31A3F36-D1C5-4FC2-8530-D24B9E01B09E}.Release.Build.0 = Release|Win32
		{1882FE23-6EE3-46AF-82B2-929E371E6218}.(svnlib) Debug.ActiveCfg = (svnlib) Debug|.NET
		{1882FE23-6EE3-46AF-82B2-929E371E6218}.(svnlib) Debug.Build.0 = (svnlib) Debug|.NET
		{1882FE23-6EE3-46AF-82B2-929E371E6218}.(svnlib) Release.ActiveCfg = (svnlib) Release|.NET
		{1882FE23-6EE3-46AF-82B2-929E371E6218}.(svnlib) Release.Build.0 = (svnlib) Release|.NET
		{1882FE23-6EE3-46AF-82B2-929E371E6218}.Debug.ActiveCfg = Debug|.NET
		{1882FE23-6EE3-46AF-82B2-929E371E6218}.Debug.Build.0 = Debug|.NET
		{1882FE23-6EE3-46AF-82B2-929E371E6218}.Release.ActiveCfg = Release|.NET
		{3A8DF134-05F1-4357-9682-AB14CDDA48A9}.(svnlib) Debug.ActiveCfg = (svnlib) Debug|.NET
		{3A8DF134-05F1-4357-9682-AB14CDDA48A9}.(svnlib) Debug.Build.0 = (svnlib) Debug|.NET
		{3A8DF134-05F1-4357-9682-AB14CDDA48A9}.(svnlib) Release.ActiveCfg = (svnlib) Release|.NET
		{3A8DF134-05F1-4357-9682-AB14CDDA48A9}.(svnlib) Release.Build.0 = (svnlib) Release|.NET
		{3A8DF134-05F1-4357-9682-AB14CDDA48A9}.Debug.ActiveCfg = Debug|.NET
		{3A8DF134-05F1-4357-9682-AB14CDDA48A9}.Debug.Build.0 = Debug|.NET
		{3A8DF134-05F1-4357-9682-AB14CDDA48A9}.Release.ActiveCfg = Release|.NET
		{3A8DF134-05F1-4357-9682-AB14CDDA48A9}.Release.Build.0 = Release|.NET
		{05E011D8-54B5-4558-80BF-A8AD64DDAC97}.(svnlib) Debug.ActiveCfg = (svnlib) Debug|Win32
		{05E011D8-54B5-4558-80BF-A8AD64DDAC97}.(svnlib) Debug.Build.0 = (svnlib) Debug|Win32
		{05E011D8-54B5-4558-80BF-A8AD64DDAC97}.(svnlib) Release.ActiveCfg = (svnlib) Release|Win32
		{05E011D8-54B5-4558-80BF-A8AD64DDAC97}.(svnlib) Release.Build.0 = (svnlib) Release|Win32
		{05E011D8-54B5-4558-80BF-A8AD64DDAC97}.Debug.ActiveCfg = Debug|Win32
		{05E011D8-54B5-4558-80BF-A8AD64DDAC97}.Debug.Build.0 = Debug|Win32
		{05E011D8-54B5-4558-80BF-A8AD64DDAC97}.Release.ActiveCfg = Release|Win32
		{A3248E1E-8272-4227-AF02-BB86040FBED9}.(svnlib) Debug.ActiveCfg = Debug|.NET
		{A3248E1E-8272-4227-AF02-BB86040FBED9}.(svnlib) Debug.Build.0 = Debug|.NET
		{A3248E1E-8272-4227-AF02-BB86040FBED9}.(svnlib) Release.ActiveCfg = Release|.NET
		{A3248E1E-8272-4227-AF02-BB86040FBED9}.(svnlib) Release.Build.0 = Release|.NET
		{A3248E1E-8272-4227-AF02-BB86040FBED9}.Debug.ActiveCfg = Debug|.NET
		{A3248E1E-8272-4227-AF02-BB86040FBED9}.Debug.Build.0 = Debug|.NET
		{A3248E1E-8272-4227-AF02-BB86040FBED9}.Release.ActiveCfg = Release|.NET
		{A3248E1E-8272-4227-AF02-BB86040FBED9}.Release.Build.0 = Release|.NET
		{6D2A5456-0DB3-4795-8005-7E591AB2A221}.(svnlib) Debug.ActiveCfg = Debug|.NET
		{6D2A5456-0DB3-4795-8005-7E591AB2A221}.(svnlib) Debug.Build.0 = Debug|.NET
		{6D2A5456-0DB3-4795-8005-7E591AB2A221}.(svnlib) Release.ActiveCfg = Release|.NET
		{6D2A5456-0DB3-4795-8005-7E591AB2A221}.(svnlib) Release.Build.0 = Release|.NET
		{6D2A5456-0DB3-4795-8005-7E591AB2A221}.Debug.ActiveCfg = Debug|.NET
		{6D2A5456-0DB3-4795-8005-7E591AB2A221}.Debug.Build.0 = Debug|.NET
		{6D2A5456-0DB3-4795-8005-7E591AB2A221}.Release.ActiveCfg = Release|.NET
		{6D2A5456-0DB3-4795-8005-7E591AB2A221}.Release.Build.0 = Release|.NET
		{D07135AF-9397-4EAB-BD75-2410DC1F6F4E}.(svnlib) Debug.ActiveCfg = Debug|.NET
		{D07135AF-9397-4EAB-BD75-2410DC1F6F4E}.(svnlib) Debug.Build.0 = Debug|.NET
		{D07135AF-9397-4EAB-BD75-2410DC1F6F4E}.(svnlib) Release.ActiveCfg = Release|.NET
		{D07135AF-9397-4EAB-BD75-2410DC1F6F4E}.(svnlib) Release.Build.0 = Release|.NET
		{D07135AF-9397-4EAB-BD75-2410DC1F6F4E}.Debug.ActiveCfg = Debug|.NET
		{D07135AF-9397-4EAB-BD75-2410DC1F6F4E}.Debug.Build.0 = Debug|.NET
		{D07135AF-9397-4EAB-BD75-2410DC1F6F4E}.Release.ActiveCfg = Release|.NET
		{1686CB0A-A3C2-4E39-9543-01B7D9CCD747}.(svnlib) Debug.ActiveCfg = Debug|.NET
		{1686CB0A-A3C2-4E39-9543-01B7D9CCD747}.(svnlib) Debug.Build.0 = Debug|.NET
		{1686CB0A-A3C2-4E39-9543-01B7D9CCD747}.(svnlib) Release.ActiveCfg = Release|.NET
		{1686CB0A-A3C2-4E39-9543-01B7D9CCD747}.(svnlib) Release.Build.0 = Release|.NET
		{1686CB0A-A3C2-4E39-9543-01B7D9CCD747}.Debug.ActiveCfg = Debug|.NET
		{1686CB0A-A3C2-4E39-9543-01B7D9CCD747}.Debug.Build.0 = Debug|.NET
		{1686CB0A-A3C2-4E39-9543-01B7D9CCD747}.Release.ActiveCfg = Release|.NET
		{58D0A5F8-5173-4422-B5E1-EE89CE567759}.(svnlib) Debug.ActiveCfg = Debug
		{58D0A5F8-5173-4422-B5E1-EE89CE567759}.(svnlib) Debug.Build.0 = Debug
		{58D0A5F8-5173-4422-B5E1-EE89CE567759}.(svnlib) Release.ActiveCfg = Release
		{58D0A5F8-5173-4422-B5E1-EE89CE567759}.(svnlib) Release.Build.0 = Release
		{58D0A5F8-5173-4422-B5E1-EE89CE567759}.Debug.ActiveCfg = Debug
		{58D0A5F8-5173-4422-B5E1-EE89CE567759}.Debug.Build.0 = Debug
		{58D0A5F8-5173-4422-B5E1-EE89CE567759}.Release.ActiveCfg = Release
		{2A753B40-AB06-4D27-A093-D1D351BC9522}.(svnlib) Debug.ActiveCfg = Debug|Win32
		{2A753B40-AB06-4D27-A093-D1D351BC9522}.(svnlib) Debug.Build.0 = Debug|Win32
		{2A753B40-AB06-4D27-A093-D1D351BC9522}.(svnlib) Release.ActiveCfg = Release|Win32
		{2A753B40-AB06-4D27-A093-D1D351BC9522}.(svnlib) Release.Build.0 = Release|Win32
		{2A753B40-AB06-4D27-A093-D1D351BC9522}.Debug.ActiveCfg = Debug|Win32
		{2A753B40-AB06-4D27-A093-D1D351BC9522}.Debug.Build.0 = Debug|Win32
		{2A753B40-AB06-4D27-A093-D1D351BC9522}.Release.ActiveCfg = Release|Win32
		{2A753B40-AB06-4D27-A093-D1D351BC9522}.Release.Build.0 = Release|Win32
	EndGlobalSection
	GlobalSection(SolutionItems) = postSolution
	EndGlobalSection
	GlobalSection(ExtensibilityGlobals) = postSolution
		DPBuild = 5
		ThisSolutionNotes = 
	EndGlobalSection
	GlobalSection(ExtensibilityAddIns) = postSolution
	EndGlobalSection
EndGlobal
