
Microsoft Visual Studio Solution File, Format Version 9.00
# Visual Studio 2005
Project("{FAE04EC0-301F-11D3-BF4B-00C04F79EFBC}") = "PostCommit.Hook", "PostCommit.Hook\PostCommit.Hook.csproj", "{5E3341B6-249F-41D2-B413-E4491EB6C5BE}"
EndProject
Project("{FAE04EC0-301F-11D3-BF4B-00C04F79EFBC}") = "PostCommit.Service", "PostCommit.Service\PostCommit.Service.csproj", "{F0FA4573-8CA9-4C29-B326-DA2F585FE619}"
EndProject
Project("{FAE04EC0-301F-11D3-BF4B-00C04F79EFBC}") = "PostCommit.Remoting", "PostCommit.Remoting\PostCommit.Remoting.csproj", "{B94AAB5E-C84E-407F-8A33-7A34EE96146A}"
EndProject
Project("{FAE04EC0-301F-11D3-BF4B-00C04F79EFBC}") = "PostCommit.Test", "PostCommit.Test\PostCommit.Test.csproj", "{0E4CEA7B-B00E-48A1-AD68-02A944BCAC79}"
EndProject
Global
	GlobalSection(SolutionConfigurationPlatforms) = preSolution
		Debug|Any CPU = Debug|Any CPU
		Release|Any CPU = Release|Any CPU
	EndGlobalSection
	GlobalSection(ProjectConfigurationPlatforms) = postSolution
		{5E3341B6-249F-41D2-B413-E4491EB6C5BE}.Debug|Any CPU.ActiveCfg = Debug|Any CPU
		{5E3341B6-249F-41D2-B413-E4491EB6C5BE}.Debug|Any CPU.Build.0 = Debug|Any CPU
		{5E3341B6-249F-41D2-B413-E4491EB6C5BE}.Release|Any CPU.ActiveCfg = Release|Any CPU
		{5E3341B6-249F-41D2-B413-E4491EB6C5BE}.Release|Any CPU.Build.0 = Release|Any CPU
		{F0FA4573-8CA9-4C29-B326-DA2F585FE619}.Debug|Any CPU.ActiveCfg = Debug|Any CPU
		{F0FA4573-8CA9-4C29-B326-DA2F585FE619}.Debug|Any CPU.Build.0 = Debug|Any CPU
		{F0FA4573-8CA9-4C29-B326-DA2F585FE619}.Release|Any CPU.ActiveCfg = Release|Any CPU
		{F0FA4573-8CA9-4C29-B326-DA2F585FE619}.Release|Any CPU.Build.0 = Release|Any CPU
		{B94AAB5E-C84E-407F-8A33-7A34EE96146A}.Debug|Any CPU.ActiveCfg = Debug|Any CPU
		{B94AAB5E-C84E-407F-8A33-7A34EE96146A}.Debug|Any CPU.Build.0 = Debug|Any CPU
		{B94AAB5E-C84E-407F-8A33-7A34EE96146A}.Release|Any CPU.ActiveCfg = Release|Any CPU
		{B94AAB5E-C84E-407F-8A33-7A34EE96146A}.Release|Any CPU.Build.0 = Release|Any CPU
		{0E4CEA7B-B00E-48A1-AD68-02A944BCAC79}.Debug|Any CPU.ActiveCfg = Debug|Any CPU
		{0E4CEA7B-B00E-48A1-AD68-02A944BCAC79}.Debug|Any CPU.Build.0 = Debug|Any CPU
		{0E4CEA7B-B00E-48A1-AD68-02A944BCAC79}.Release|Any CPU.ActiveCfg = Release|Any CPU
		{0E4CEA7B-B00E-48A1-AD68-02A944BCAC79}.Release|Any CPU.Build.0 = Release|Any CPU
	EndGlobalSection
	GlobalSection(SolutionProperties) = preSolution
		HideSolutionNode = FALSE
	EndGlobalSection
EndGlobal
