Microsoft Visual Studio Solution File, Format Version 7.00
Project("{FAE04EC0-301F-11D3-BF4B-00C04F79EFBC}") = "Ankh.UI", "Ankh.UI\Ankh.UI.csproj", "{AC32DD7A-4FC3-42C5-AFA7-ADE81F13A6DE}"
EndProject
Project("{FAE04EC0-301F-11D3-BF4B-00C04F79EFBC}") = "Ankh.Commands", "Ankh.Commands\Ankh.Commands.csproj", "{5F991CB9-8371-4A34-8038-C921C8EC4F25}"
EndProject
Project("{FAE04EC0-301F-11D3-BF4B-00C04F79EFBC}") = "Ankh", "Ankh\Ankh.csproj", "{CE58AAC8-2271-4223-882F-0CD1A7105A52}"
EndProject
Project("{54435603-DBB4-11D2-8724-00A0C9A8B90C}") = "AnkhSetup", "Ankh\AnkhSetup\AnkhSetup.vdproj", "{D25DCD7E-FD6D-4D0E-9649-929F9A6187F7}"
EndProject
Project("{FAE04EC0-301F-11D3-BF4B-00C04F79EFBC}") = "NSvn", "NSvn\NSvn.csproj", "{1C779D04-4D97-414E-93DF-F63E52660B2C}"
EndProject
Project("{8BC9CEB8-8B4A-11D0-8D11-00A0C91BC942}") = "NSvn.Core", "NSvn.Core\NSvn.Core.vcproj", "{E31A3F36-D1C5-4FC2-8530-D24B9E01B09E}"
EndProject
Project("{FAE04EC0-301F-11D3-BF4B-00C04F79EFBC}") = "NSvn.Core.Tests", "NSvn.Core.Tests\NSvn.Core.Tests.csproj", "{1882FE23-6EE3-46AF-82B2-929E371E6218}"
EndProject
Project("{FAE04EC0-301F-11D3-BF4B-00C04F79EFBC}") = "NSvn.Common", "NSvn.Common\NSvn.Common.csproj", "{3A8DF134-05F1-4357-9682-AB14CDDA48A9}"
EndProject
Project("{8BC9CEB8-8B4A-11D0-8D11-00A0C91BC942}") = "NSvn.Core.Tests.MCpp", "NSvn.Core.Tests.MCpp\NSvn.Core.Tests.MCpp.vcproj", "{05E011D8-54B5-4558-80BF-A8AD64DDAC97}"
EndProject
Global
	GlobalSection(SolutionConfiguration) = preSolution
		ConfigName.0 = Debug
		ConfigName.1 = Release
	EndGlobalSection
	GlobalSection(ProjectDependencies) = postSolution
		{D25DCD7E-FD6D-4D0E-9649-929F9A6187F7}.0 = {CE58AAC8-2271-4223-882F-0CD1A7105A52}
		{D25DCD7E-FD6D-4D0E-9649-929F9A6187F7}.1 = {CE58AAC8-2271-4223-882F-0CD1A7105A52}
		{E31A3F36-D1C5-4FC2-8530-D24B9E01B09E}.0 = {3A8DF134-05F1-4357-9682-AB14CDDA48A9}
		{1882FE23-6EE3-46AF-82B2-929E371E6218}.0 = {E31A3F36-D1C5-4FC2-8530-D24B9E01B09E}
		{1882FE23-6EE3-46AF-82B2-929E371E6218}.1 = {E31A3F36-D1C5-4FC2-8530-D24B9E01B09E}
		{05E011D8-54B5-4558-80BF-A8AD64DDAC97}.0 = {E31A3F36-D1C5-4FC2-8530-D24B9E01B09E}
	EndGlobalSection
	GlobalSection(ProjectConfiguration) = postSolution
		{AC32DD7A-4FC3-42C5-AFA7-ADE81F13A6DE}.Debug.ActiveCfg = Debug|.NET
		{AC32DD7A-4FC3-42C5-AFA7-ADE81F13A6DE}.Debug.Build.0 = Debug|.NET
		{AC32DD7A-4FC3-42C5-AFA7-ADE81F13A6DE}.Release.ActiveCfg = Release|.NET
		{AC32DD7A-4FC3-42C5-AFA7-ADE81F13A6DE}.Release.Build.0 = Release|.NET
		{5F991CB9-8371-4A34-8038-C921C8EC4F25}.Debug.ActiveCfg = Debug|.NET
		{5F991CB9-8371-4A34-8038-C921C8EC4F25}.Debug.Build.0 = Debug|.NET
		{5F991CB9-8371-4A34-8038-C921C8EC4F25}.Release.ActiveCfg = Release|.NET
		{5F991CB9-8371-4A34-8038-C921C8EC4F25}.Release.Build.0 = Release|.NET
		{CE58AAC8-2271-4223-882F-0CD1A7105A52}.Debug.ActiveCfg = Debug|.NET
		{CE58AAC8-2271-4223-882F-0CD1A7105A52}.Debug.Build.0 = Debug|.NET
		{CE58AAC8-2271-4223-882F-0CD1A7105A52}.Release.ActiveCfg = Release|.NET
		{CE58AAC8-2271-4223-882F-0CD1A7105A52}.Release.Build.0 = Release|.NET
		{D25DCD7E-FD6D-4D0E-9649-929F9A6187F7}.Debug.ActiveCfg = Debug
		{D25DCD7E-FD6D-4D0E-9649-929F9A6187F7}.Release.ActiveCfg = Release
		{1C779D04-4D97-414E-93DF-F63E52660B2C}.Debug.ActiveCfg = Debug|.NET
		{1C779D04-4D97-414E-93DF-F63E52660B2C}.Debug.Build.0 = Debug|.NET
		{1C779D04-4D97-414E-93DF-F63E52660B2C}.Release.ActiveCfg = Release|.NET
		{1C779D04-4D97-414E-93DF-F63E52660B2C}.Release.Build.0 = Release|.NET
		{E31A3F36-D1C5-4FC2-8530-D24B9E01B09E}.Debug.ActiveCfg = Debug|Win32
		{E31A3F36-D1C5-4FC2-8530-D24B9E01B09E}.Debug.Build.0 = Debug|Win32
		{E31A3F36-D1C5-4FC2-8530-D24B9E01B09E}.Release.ActiveCfg = Release|Win32
		{E31A3F36-D1C5-4FC2-8530-D24B9E01B09E}.Release.Build.0 = Release|Win32
		{1882FE23-6EE3-46AF-82B2-929E371E6218}.Debug.ActiveCfg = Debug|.NET
		{1882FE23-6EE3-46AF-82B2-929E371E6218}.Debug.Build.0 = Debug|.NET
		{1882FE23-6EE3-46AF-82B2-929E371E6218}.Release.ActiveCfg = Release|.NET
		{1882FE23-6EE3-46AF-82B2-929E371E6218}.Release.Build.0 = Release|.NET
		{3A8DF134-05F1-4357-9682-AB14CDDA48A9}.Debug.ActiveCfg = Debug|.NET
		{3A8DF134-05F1-4357-9682-AB14CDDA48A9}.Debug.Build.0 = Debug|.NET
		{3A8DF134-05F1-4357-9682-AB14CDDA48A9}.Release.ActiveCfg = Release|.NET
		{3A8DF134-05F1-4357-9682-AB14CDDA48A9}.Release.Build.0 = Release|.NET
		{05E011D8-54B5-4558-80BF-A8AD64DDAC97}.Debug.ActiveCfg = Debug|Win32
		{05E011D8-54B5-4558-80BF-A8AD64DDAC97}.Debug.Build.0 = Debug|Win32
		{05E011D8-54B5-4558-80BF-A8AD64DDAC97}.Release.ActiveCfg = Release|Win32
		{05E011D8-54B5-4558-80BF-A8AD64DDAC97}.Release.Build.0 = Release|Win32
	EndGlobalSection
	GlobalSection(ExtensibilityGlobals) = postSolution
		ThisSolutionNotes = 
	EndGlobalSection
	GlobalSection(ExtensibilityAddIns) = postSolution
	EndGlobalSection
EndGlobal
